{
  "version": 4,
  "terraform_version": "1.3.9",
  "serial": 31,
  "lineage": "5a3d1c0f-b014-fbd2-8055-c98703b1362e",
  "outputs": {
    "Host_VPC_Details": {
      "value": {
        "0": {
          "network_details": {
            "auto_create_subnetworks": false,
            "delete_default_routes_on_create": false,
            "description": "",
            "enable_ula_internal_ipv6": false,
            "gateway_ipv4": "",
            "id": "projects/prj-o-15032023-prd-shr-nw/global/networks/vpc-o-shr-prod",
            "internal_ipv6_range": "",
            "mtu": 0,
            "name": "vpc-o-shr-prod",
            "project": "prj-o-15032023-prd-shr-nw",
            "routing_mode": "GLOBAL",
            "self_link": "https://www.googleapis.com/compute/v1/projects/prj-o-15032023-prd-shr-nw/global/networks/vpc-o-shr-prod",
            "timeouts": null
          },
          "shared_vpc_details": [
            {
              "id": "prj-o-15032023-prd-shr-nw",
              "project": "prj-o-15032023-prd-shr-nw",
              "timeouts": null
            }
          ]
        },
        "1": {
          "network_details": {
            "auto_create_subnetworks": false,
            "delete_default_routes_on_create": false,
            "description": "",
            "enable_ula_internal_ipv6": false,
            "gateway_ipv4": "",
            "id": "projects/prj-o-15032023-nprd-shr-nw/global/networks/vpc-o-shr-nonprod",
            "internal_ipv6_range": "",
            "mtu": 0,
            "name": "vpc-o-shr-nonprod",
            "project": "prj-o-15032023-nprd-shr-nw",
            "routing_mode": "GLOBAL",
            "self_link": "https://www.googleapis.com/compute/v1/projects/prj-o-15032023-nprd-shr-nw/global/networks/vpc-o-shr-nonprod",
            "timeouts": null
          },
          "shared_vpc_details": [
            {
              "id": "prj-o-15032023-nprd-shr-nw",
              "project": "prj-o-15032023-nprd-shr-nw",
              "timeouts": null
            }
          ]
        }
      },
      "type": [
        "object",
        {
          "0": [
            "object",
            {
              "network_details": [
                "object",
                {
                  "auto_create_subnetworks": "bool",
                  "delete_default_routes_on_create": "bool",
                  "description": "string",
                  "enable_ula_internal_ipv6": "bool",
                  "gateway_ipv4": "string",
                  "id": "string",
                  "internal_ipv6_range": "string",
                  "mtu": "number",
                  "name": "string",
                  "project": "string",
                  "routing_mode": "string",
                  "self_link": "string",
                  "timeouts": [
                    "object",
                    {
                      "create": "string",
                      "delete": "string",
                      "update": "string"
                    }
                  ]
                }
              ],
              "shared_vpc_details": [
                "tuple",
                [
                  [
                    "object",
                    {
                      "id": "string",
                      "project": "string",
                      "timeouts": [
                        "object",
                        {
                          "create": "string",
                          "delete": "string"
                        }
                      ]
                    }
                  ]
                ]
              ]
            }
          ],
          "1": [
            "object",
            {
              "network_details": [
                "object",
                {
                  "auto_create_subnetworks": "bool",
                  "delete_default_routes_on_create": "bool",
                  "description": "string",
                  "enable_ula_internal_ipv6": "bool",
                  "gateway_ipv4": "string",
                  "id": "string",
                  "internal_ipv6_range": "string",
                  "mtu": "number",
                  "name": "string",
                  "project": "string",
                  "routing_mode": "string",
                  "self_link": "string",
                  "timeouts": [
                    "object",
                    {
                      "create": "string",
                      "delete": "string",
                      "update": "string"
                    }
                  ]
                }
              ],
              "shared_vpc_details": [
                "tuple",
                [
                  [
                    "object",
                    {
                      "id": "string",
                      "project": "string",
                      "timeouts": [
                        "object",
                        {
                          "create": "string",
                          "delete": "string"
                        }
                      ]
                    }
                  ]
                ]
              ]
            }
          ]
        }
      ]
    },
    "Host_VPC_Subnet_Details": {
      "value": {
        "0": {
          "subnets_details": {
            "asia-south1/sub-as1-o-shr-prod": {
              "creation_timestamp": "2023-03-17T05:58:55.485-07:00",
              "description": "",
              "external_ipv6_prefix": "",
              "fingerprint": null,
              "gateway_address": "10.1.3.1",
              "id": "projects/prj-o-15032023-prd-shr-nw/regions/asia-south1/subnetworks/sub-as1-o-shr-prod",
              "ip_cidr_range": "10.1.3.0/24",
              "ipv6_access_type": "",
              "ipv6_cidr_range": "",
              "log_config": [],
              "name": "sub-as1-o-shr-prod",
              "network": "https://www.googleapis.com/compute/v1/projects/prj-o-15032023-prd-shr-nw/global/networks/vpc-o-shr-prod",
              "private_ip_google_access": true,
              "private_ipv6_google_access": "DISABLE_GOOGLE_ACCESS",
              "project": "prj-o-15032023-prd-shr-nw",
              "purpose": "PRIVATE",
              "region": "asia-south1",
              "role": "",
              "secondary_ip_range": [],
              "self_link": "https://www.googleapis.com/compute/v1/projects/prj-o-15032023-prd-shr-nw/regions/asia-south1/subnetworks/sub-as1-o-shr-prod",
              "stack_type": "IPV4_ONLY",
              "timeouts": null
            },
            "europe-north1/sub-euno1-o-shr-prod": {
              "creation_timestamp": "2023-03-17T05:58:53.899-07:00",
              "description": "",
              "external_ipv6_prefix": "",
              "fingerprint": null,
              "gateway_address": "10.1.1.1",
              "id": "projects/prj-o-15032023-prd-shr-nw/regions/europe-north1/subnetworks/sub-euno1-o-shr-prod",
              "ip_cidr_range": "10.1.1.0/24",
              "ipv6_access_type": "",
              "ipv6_cidr_range": "",
              "log_config": [],
              "name": "sub-euno1-o-shr-prod",
              "network": "https://www.googleapis.com/compute/v1/projects/prj-o-15032023-prd-shr-nw/global/networks/vpc-o-shr-prod",
              "private_ip_google_access": true,
              "private_ipv6_google_access": "DISABLE_GOOGLE_ACCESS",
              "project": "prj-o-15032023-prd-shr-nw",
              "purpose": "PRIVATE",
              "region": "europe-north1",
              "role": "",
              "secondary_ip_range": [],
              "self_link": "https://www.googleapis.com/compute/v1/projects/prj-o-15032023-prd-shr-nw/regions/europe-north1/subnetworks/sub-euno1-o-shr-prod",
              "stack_type": "IPV4_ONLY",
              "timeouts": null
            },
            "europe-west1/sub-euwe1-o-shr-prod": {
              "creation_timestamp": "2023-03-17T05:58:54.710-07:00",
              "description": "",
              "external_ipv6_prefix": "",
              "fingerprint": null,
              "gateway_address": "10.1.2.1",
              "id": "projects/prj-o-15032023-prd-shr-nw/regions/europe-west1/subnetworks/sub-euwe1-o-shr-prod",
              "ip_cidr_range": "10.1.2.0/24",
              "ipv6_access_type": "",
              "ipv6_cidr_range": "",
              "log_config": [],
              "name": "sub-euwe1-o-shr-prod",
              "network": "https://www.googleapis.com/compute/v1/projects/prj-o-15032023-prd-shr-nw/global/networks/vpc-o-shr-prod",
              "private_ip_google_access": true,
              "private_ipv6_google_access": "DISABLE_GOOGLE_ACCESS",
              "project": "prj-o-15032023-prd-shr-nw",
              "purpose": "PRIVATE",
              "region": "europe-west1",
              "role": "",
              "secondary_ip_range": [],
              "self_link": "https://www.googleapis.com/compute/v1/projects/prj-o-15032023-prd-shr-nw/regions/europe-west1/subnetworks/sub-euwe1-o-shr-prod",
              "stack_type": "IPV4_ONLY",
              "timeouts": null
            }
          }
        },
        "1": {
          "subnets_details": {
            "asia-south2/sub-as2-o-shr-nonprod": {
              "creation_timestamp": "2023-03-17T05:58:55.574-07:00",
              "description": "",
              "external_ipv6_prefix": "",
              "fingerprint": null,
              "gateway_address": "10.2.3.1",
              "id": "projects/prj-o-15032023-nprd-shr-nw/regions/asia-south2/subnetworks/sub-as2-o-shr-nonprod",
              "ip_cidr_range": "10.2.3.0/24",
              "ipv6_access_type": "",
              "ipv6_cidr_range": "",
              "log_config": [],
              "name": "sub-as2-o-shr-nonprod",
              "network": "https://www.googleapis.com/compute/v1/projects/prj-o-15032023-nprd-shr-nw/global/networks/vpc-o-shr-nonprod",
              "private_ip_google_access": true,
              "private_ipv6_google_access": "DISABLE_GOOGLE_ACCESS",
              "project": "prj-o-15032023-nprd-shr-nw",
              "purpose": "PRIVATE",
              "region": "asia-south2",
              "role": "",
              "secondary_ip_range": [],
              "self_link": "https://www.googleapis.com/compute/v1/projects/prj-o-15032023-nprd-shr-nw/regions/asia-south2/subnetworks/sub-as2-o-shr-nonprod",
              "stack_type": "IPV4_ONLY",
              "timeouts": null
            },
            "northamerica-northeast1/sub-nae1-o-shr-nonprod": {
              "creation_timestamp": "2023-03-17T05:58:53.254-07:00",
              "description": "",
              "external_ipv6_prefix": "",
              "fingerprint": null,
              "gateway_address": "10.2.2.1",
              "id": "projects/prj-o-15032023-nprd-shr-nw/regions/northamerica-northeast1/subnetworks/sub-nae1-o-shr-nonprod",
              "ip_cidr_range": "10.2.2.0/24",
              "ipv6_access_type": "",
              "ipv6_cidr_range": "",
              "log_config": [],
              "name": "sub-nae1-o-shr-nonprod",
              "network": "https://www.googleapis.com/compute/v1/projects/prj-o-15032023-nprd-shr-nw/global/networks/vpc-o-shr-nonprod",
              "private_ip_google_access": true,
              "private_ipv6_google_access": "DISABLE_GOOGLE_ACCESS",
              "project": "prj-o-15032023-nprd-shr-nw",
              "purpose": "PRIVATE",
              "region": "northamerica-northeast1",
              "role": "",
              "secondary_ip_range": [],
              "self_link": "https://www.googleapis.com/compute/v1/projects/prj-o-15032023-nprd-shr-nw/regions/northamerica-northeast1/subnetworks/sub-nae1-o-shr-nonprod",
              "stack_type": "IPV4_ONLY",
              "timeouts": null
            },
            "us-central1/sub-uscent1-o-shr-nonprod": {
              "creation_timestamp": "2023-03-17T05:58:52.117-07:00",
              "description": "",
              "external_ipv6_prefix": "",
              "fingerprint": null,
              "gateway_address": "10.2.1.1",
              "id": "projects/prj-o-15032023-nprd-shr-nw/regions/us-central1/subnetworks/sub-uscent1-o-shr-nonprod",
              "ip_cidr_range": "10.2.1.0/24",
              "ipv6_access_type": "",
              "ipv6_cidr_range": "",
              "log_config": [],
              "name": "sub-uscent1-o-shr-nonprod",
              "network": "https://www.googleapis.com/compute/v1/projects/prj-o-15032023-nprd-shr-nw/global/networks/vpc-o-shr-nonprod",
              "private_ip_google_access": true,
              "private_ipv6_google_access": "DISABLE_GOOGLE_ACCESS",
              "project": "prj-o-15032023-nprd-shr-nw",
              "purpose": "PRIVATE",
              "region": "us-central1",
              "role": "",
              "secondary_ip_range": [],
              "self_link": "https://www.googleapis.com/compute/v1/projects/prj-o-15032023-nprd-shr-nw/regions/us-central1/subnetworks/sub-uscent1-o-shr-nonprod",
              "stack_type": "IPV4_ONLY",
              "timeouts": null
            }
          }
        }
      },
      "type": [
        "object",
        {
          "0": [
            "object",
            {
              "subnets_details": [
                "object",
                {
                  "asia-south1/sub-as1-o-shr-prod": [
                    "object",
                    {
                      "creation_timestamp": "string",
                      "description": "string",
                      "external_ipv6_prefix": "string",
                      "fingerprint": "string",
                      "gateway_address": "string",
                      "id": "string",
                      "ip_cidr_range": "string",
                      "ipv6_access_type": "string",
                      "ipv6_cidr_range": "string",
                      "log_config": [
                        "list",
                        [
                          "object",
                          {
                            "aggregation_interval": "string",
                            "filter_expr": "string",
                            "flow_sampling": "number",
                            "metadata": "string",
                            "metadata_fields": [
                              "set",
                              "string"
                            ]
                          }
                        ]
                      ],
                      "name": "string",
                      "network": "string",
                      "private_ip_google_access": "bool",
                      "private_ipv6_google_access": "string",
                      "project": "string",
                      "purpose": "string",
                      "region": "string",
                      "role": "string",
                      "secondary_ip_range": [
                        "list",
                        [
                          "object",
                          {
                            "ip_cidr_range": "string",
                            "range_name": "string"
                          }
                        ]
                      ],
                      "self_link": "string",
                      "stack_type": "string",
                      "timeouts": [
                        "object",
                        {
                          "create": "string",
                          "delete": "string",
                          "update": "string"
                        }
                      ]
                    }
                  ],
                  "europe-north1/sub-euno1-o-shr-prod": [
                    "object",
                    {
                      "creation_timestamp": "string",
                      "description": "string",
                      "external_ipv6_prefix": "string",
                      "fingerprint": "string",
                      "gateway_address": "string",
                      "id": "string",
                      "ip_cidr_range": "string",
                      "ipv6_access_type": "string",
                      "ipv6_cidr_range": "string",
                      "log_config": [
                        "list",
                        [
                          "object",
                          {
                            "aggregation_interval": "string",
                            "filter_expr": "string",
                            "flow_sampling": "number",
                            "metadata": "string",
                            "metadata_fields": [
                              "set",
                              "string"
                            ]
                          }
                        ]
                      ],
                      "name": "string",
                      "network": "string",
                      "private_ip_google_access": "bool",
                      "private_ipv6_google_access": "string",
                      "project": "string",
                      "purpose": "string",
                      "region": "string",
                      "role": "string",
                      "secondary_ip_range": [
                        "list",
                        [
                          "object",
                          {
                            "ip_cidr_range": "string",
                            "range_name": "string"
                          }
                        ]
                      ],
                      "self_link": "string",
                      "stack_type": "string",
                      "timeouts": [
                        "object",
                        {
                          "create": "string",
                          "delete": "string",
                          "update": "string"
                        }
                      ]
                    }
                  ],
                  "europe-west1/sub-euwe1-o-shr-prod": [
                    "object",
                    {
                      "creation_timestamp": "string",
                      "description": "string",
                      "external_ipv6_prefix": "string",
                      "fingerprint": "string",
                      "gateway_address": "string",
                      "id": "string",
                      "ip_cidr_range": "string",
                      "ipv6_access_type": "string",
                      "ipv6_cidr_range": "string",
                      "log_config": [
                        "list",
                        [
                          "object",
                          {
                            "aggregation_interval": "string",
                            "filter_expr": "string",
                            "flow_sampling": "number",
                            "metadata": "string",
                            "metadata_fields": [
                              "set",
                              "string"
                            ]
                          }
                        ]
                      ],
                      "name": "string",
                      "network": "string",
                      "private_ip_google_access": "bool",
                      "private_ipv6_google_access": "string",
                      "project": "string",
                      "purpose": "string",
                      "region": "string",
                      "role": "string",
                      "secondary_ip_range": [
                        "list",
                        [
                          "object",
                          {
                            "ip_cidr_range": "string",
                            "range_name": "string"
                          }
                        ]
                      ],
                      "self_link": "string",
                      "stack_type": "string",
                      "timeouts": [
                        "object",
                        {
                          "create": "string",
                          "delete": "string",
                          "update": "string"
                        }
                      ]
                    }
                  ]
                }
              ]
            }
          ],
          "1": [
            "object",
            {
              "subnets_details": [
                "object",
                {
                  "asia-south2/sub-as2-o-shr-nonprod": [
                    "object",
                    {
                      "creation_timestamp": "string",
                      "description": "string",
                      "external_ipv6_prefix": "string",
                      "fingerprint": "string",
                      "gateway_address": "string",
                      "id": "string",
                      "ip_cidr_range": "string",
                      "ipv6_access_type": "string",
                      "ipv6_cidr_range": "string",
                      "log_config": [
                        "list",
                        [
                          "object",
                          {
                            "aggregation_interval": "string",
                            "filter_expr": "string",
                            "flow_sampling": "number",
                            "metadata": "string",
                            "metadata_fields": [
                              "set",
                              "string"
                            ]
                          }
                        ]
                      ],
                      "name": "string",
                      "network": "string",
                      "private_ip_google_access": "bool",
                      "private_ipv6_google_access": "string",
                      "project": "string",
                      "purpose": "string",
                      "region": "string",
                      "role": "string",
                      "secondary_ip_range": [
                        "list",
                        [
                          "object",
                          {
                            "ip_cidr_range": "string",
                            "range_name": "string"
                          }
                        ]
                      ],
                      "self_link": "string",
                      "stack_type": "string",
                      "timeouts": [
                        "object",
                        {
                          "create": "string",
                          "delete": "string",
                          "update": "string"
                        }
                      ]
                    }
                  ],
                  "northamerica-northeast1/sub-nae1-o-shr-nonprod": [
                    "object",
                    {
                      "creation_timestamp": "string",
                      "description": "string",
                      "external_ipv6_prefix": "string",
                      "fingerprint": "string",
                      "gateway_address": "string",
                      "id": "string",
                      "ip_cidr_range": "string",
                      "ipv6_access_type": "string",
                      "ipv6_cidr_range": "string",
                      "log_config": [
                        "list",
                        [
                          "object",
                          {
                            "aggregation_interval": "string",
                            "filter_expr": "string",
                            "flow_sampling": "number",
                            "metadata": "string",
                            "metadata_fields": [
                              "set",
                              "string"
                            ]
                          }
                        ]
                      ],
                      "name": "string",
                      "network": "string",
                      "private_ip_google_access": "bool",
                      "private_ipv6_google_access": "string",
                      "project": "string",
                      "purpose": "string",
                      "region": "string",
                      "role": "string",
                      "secondary_ip_range": [
                        "list",
                        [
                          "object",
                          {
                            "ip_cidr_range": "string",
                            "range_name": "string"
                          }
                        ]
                      ],
                      "self_link": "string",
                      "stack_type": "string",
                      "timeouts": [
                        "object",
                        {
                          "create": "string",
                          "delete": "string",
                          "update": "string"
                        }
                      ]
                    }
                  ],
                  "us-central1/sub-uscent1-o-shr-nonprod": [
                    "object",
                    {
                      "creation_timestamp": "string",
                      "description": "string",
                      "external_ipv6_prefix": "string",
                      "fingerprint": "string",
                      "gateway_address": "string",
                      "id": "string",
                      "ip_cidr_range": "string",
                      "ipv6_access_type": "string",
                      "ipv6_cidr_range": "string",
                      "log_config": [
                        "list",
                        [
                          "object",
                          {
                            "aggregation_interval": "string",
                            "filter_expr": "string",
                            "flow_sampling": "number",
                            "metadata": "string",
                            "metadata_fields": [
                              "set",
                              "string"
                            ]
                          }
                        ]
                      ],
                      "name": "string",
                      "network": "string",
                      "private_ip_google_access": "bool",
                      "private_ipv6_google_access": "string",
                      "project": "string",
                      "purpose": "string",
                      "region": "string",
                      "role": "string",
                      "secondary_ip_range": [
                        "list",
                        [
                          "object",
                          {
                            "ip_cidr_range": "string",
                            "range_name": "string"
                          }
                        ]
                      ],
                      "self_link": "string",
                      "stack_type": "string",
                      "timeouts": [
                        "object",
                        {
                          "create": "string",
                          "delete": "string",
                          "update": "string"
                        }
                      ]
                    }
                  ]
                }
              ]
            }
          ]
        }
      ]
    },
    "VPC_Firewall_Rule": {
      "value": {
        "0": {
          "firewall_rules": {
            "fw-o-shr-prod-egress": {
              "allow": [
                {
                  "ports": [],
                  "protocol": "all"
                }
              ],
              "creation_timestamp": "2023-03-17T05:58:37.622-07:00",
              "deny": [],
              "description": "Prod VPC Egress Firewall rule",
              "destination_ranges": [
                "0.0.0.0/0"
              ],
              "direction": "EGRESS",
              "disabled": false,
              "enable_logging": null,
              "id": "projects/prj-o-15032023-prd-shr-nw/global/firewalls/fw-o-shr-prod-egress",
              "log_config": [
                {
                  "metadata": "INCLUDE_ALL_METADATA"
                }
              ],
              "name": "fw-o-shr-prod-egress",
              "network": "https://www.googleapis.com/compute/v1/projects/prj-o-15032023-prd-shr-nw/global/networks/vpc-o-shr-prod",
              "priority": 1000,
              "project": "prj-o-15032023-prd-shr-nw",
              "self_link": "https://www.googleapis.com/compute/v1/projects/prj-o-15032023-prd-shr-nw/global/firewalls/fw-o-shr-prod-egress",
              "source_ranges": [],
              "source_service_accounts": [],
              "source_tags": [],
              "target_service_accounts": [],
              "target_tags": [
                "prd-egress-allow"
              ],
              "timeouts": null
            },
            "fw-o-shr-prod-ingress": {
              "allow": [
                {
                  "ports": [
                    "22",
                    "443",
                    "3389",
                    "80"
                  ],
                  "protocol": "tcp"
                },
                {
                  "ports": [],
                  "protocol": "icmp"
                }
              ],
              "creation_timestamp": "2023-03-17T05:58:37.160-07:00",
              "deny": [],
              "description": "Prod VPC Ingress Firewall rule",
              "destination_ranges": [],
              "direction": "INGRESS",
              "disabled": false,
              "enable_logging": null,
              "id": "projects/prj-o-15032023-prd-shr-nw/global/firewalls/fw-o-shr-prod-ingress",
              "log_config": [
                {
                  "metadata": "INCLUDE_ALL_METADATA"
                }
              ],
              "name": "fw-o-shr-prod-ingress",
              "network": "https://www.googleapis.com/compute/v1/projects/prj-o-15032023-prd-shr-nw/global/networks/vpc-o-shr-prod",
              "priority": 1000,
              "project": "prj-o-15032023-prd-shr-nw",
              "self_link": "https://www.googleapis.com/compute/v1/projects/prj-o-15032023-prd-shr-nw/global/firewalls/fw-o-shr-prod-ingress",
              "source_ranges": [
                "0.0.0.0/0"
              ],
              "source_service_accounts": [],
              "source_tags": [],
              "target_service_accounts": [],
              "target_tags": [
                "prd-ingress-allow"
              ],
              "timeouts": null
            }
          }
        },
        "1": {
          "firewall_rules": {
            "fw-o-shr-nonprod-egress": {
              "allow": [
                {
                  "ports": [],
                  "protocol": "all"
                }
              ],
              "creation_timestamp": "2023-03-17T05:58:37.713-07:00",
              "deny": [],
              "description": "Non-Prod VPC Egress Firewall rule",
              "destination_ranges": [
                "0.0.0.0/0"
              ],
              "direction": "EGRESS",
              "disabled": false,
              "enable_logging": null,
              "id": "projects/prj-o-15032023-nprd-shr-nw/global/firewalls/fw-o-shr-nonprod-egress",
              "log_config": [
                {
                  "metadata": "INCLUDE_ALL_METADATA"
                }
              ],
              "name": "fw-o-shr-nonprod-egress",
              "network": "https://www.googleapis.com/compute/v1/projects/prj-o-15032023-nprd-shr-nw/global/networks/vpc-o-shr-nonprod",
              "priority": 1000,
              "project": "prj-o-15032023-nprd-shr-nw",
              "self_link": "https://www.googleapis.com/compute/v1/projects/prj-o-15032023-nprd-shr-nw/global/firewalls/fw-o-shr-nonprod-egress",
              "source_ranges": [],
              "source_service_accounts": [],
              "source_tags": [],
              "target_service_accounts": [],
              "target_tags": [
                "nprd-egress-allow"
              ],
              "timeouts": null
            },
            "fw-o-shr-nonprod-ingress": {
              "allow": [
                {
                  "ports": [
                    "22",
                    "443",
                    "3389",
                    "80"
                  ],
                  "protocol": "tcp"
                },
                {
                  "ports": [],
                  "protocol": "icmp"
                }
              ],
              "creation_timestamp": "2023-03-17T05:58:37.317-07:00",
              "deny": [],
              "description": "Non-Prod VPC Ingress Firewall rule",
              "destination_ranges": [],
              "direction": "INGRESS",
              "disabled": false,
              "enable_logging": null,
              "id": "projects/prj-o-15032023-nprd-shr-nw/global/firewalls/fw-o-shr-nonprod-ingress",
              "log_config": [
                {
                  "metadata": "INCLUDE_ALL_METADATA"
                }
              ],
              "name": "fw-o-shr-nonprod-ingress",
              "network": "https://www.googleapis.com/compute/v1/projects/prj-o-15032023-nprd-shr-nw/global/networks/vpc-o-shr-nonprod",
              "priority": 1000,
              "project": "prj-o-15032023-nprd-shr-nw",
              "self_link": "https://www.googleapis.com/compute/v1/projects/prj-o-15032023-nprd-shr-nw/global/firewalls/fw-o-shr-nonprod-ingress",
              "source_ranges": [
                "0.0.0.0/0"
              ],
              "source_service_accounts": [],
              "source_tags": [],
              "target_service_accounts": [],
              "target_tags": [
                "nprod-ingress-allow"
              ],
              "timeouts": null
            }
          }
        }
      },
      "type": [
        "object",
        {
          "0": [
            "object",
            {
              "firewall_rules": [
                "object",
                {
                  "fw-o-shr-prod-egress": [
                    "object",
                    {
                      "allow": [
                        "set",
                        [
                          "object",
                          {
                            "ports": [
                              "list",
                              "string"
                            ],
                            "protocol": "string"
                          }
                        ]
                      ],
                      "creation_timestamp": "string",
                      "deny": [
                        "set",
                        [
                          "object",
                          {
                            "ports": [
                              "list",
                              "string"
                            ],
                            "protocol": "string"
                          }
                        ]
                      ],
                      "description": "string",
                      "destination_ranges": [
                        "set",
                        "string"
                      ],
                      "direction": "string",
                      "disabled": "bool",
                      "enable_logging": "bool",
                      "id": "string",
                      "log_config": [
                        "list",
                        [
                          "object",
                          {
                            "metadata": "string"
                          }
                        ]
                      ],
                      "name": "string",
                      "network": "string",
                      "priority": "number",
                      "project": "string",
                      "self_link": "string",
                      "source_ranges": [
                        "set",
                        "string"
                      ],
                      "source_service_accounts": [
                        "set",
                        "string"
                      ],
                      "source_tags": [
                        "set",
                        "string"
                      ],
                      "target_service_accounts": [
                        "set",
                        "string"
                      ],
                      "target_tags": [
                        "set",
                        "string"
                      ],
                      "timeouts": [
                        "object",
                        {
                          "create": "string",
                          "delete": "string",
                          "update": "string"
                        }
                      ]
                    }
                  ],
                  "fw-o-shr-prod-ingress": [
                    "object",
                    {
                      "allow": [
                        "set",
                        [
                          "object",
                          {
                            "ports": [
                              "list",
                              "string"
                            ],
                            "protocol": "string"
                          }
                        ]
                      ],
                      "creation_timestamp": "string",
                      "deny": [
                        "set",
                        [
                          "object",
                          {
                            "ports": [
                              "list",
                              "string"
                            ],
                            "protocol": "string"
                          }
                        ]
                      ],
                      "description": "string",
                      "destination_ranges": [
                        "set",
                        "string"
                      ],
                      "direction": "string",
                      "disabled": "bool",
                      "enable_logging": "bool",
                      "id": "string",
                      "log_config": [
                        "list",
                        [
                          "object",
                          {
                            "metadata": "string"
                          }
                        ]
                      ],
                      "name": "string",
                      "network": "string",
                      "priority": "number",
                      "project": "string",
                      "self_link": "string",
                      "source_ranges": [
                        "set",
                        "string"
                      ],
                      "source_service_accounts": [
                        "set",
                        "string"
                      ],
                      "source_tags": [
                        "set",
                        "string"
                      ],
                      "target_service_accounts": [
                        "set",
                        "string"
                      ],
                      "target_tags": [
                        "set",
                        "string"
                      ],
                      "timeouts": [
                        "object",
                        {
                          "create": "string",
                          "delete": "string",
                          "update": "string"
                        }
                      ]
                    }
                  ]
                }
              ]
            }
          ],
          "1": [
            "object",
            {
              "firewall_rules": [
                "object",
                {
                  "fw-o-shr-nonprod-egress": [
                    "object",
                    {
                      "allow": [
                        "set",
                        [
                          "object",
                          {
                            "ports": [
                              "list",
                              "string"
                            ],
                            "protocol": "string"
                          }
                        ]
                      ],
                      "creation_timestamp": "string",
                      "deny": [
                        "set",
                        [
                          "object",
                          {
                            "ports": [
                              "list",
                              "string"
                            ],
                            "protocol": "string"
                          }
                        ]
                      ],
                      "description": "string",
                      "destination_ranges": [
                        "set",
                        "string"
                      ],
                      "direction": "string",
                      "disabled": "bool",
                      "enable_logging": "bool",
                      "id": "string",
                      "log_config": [
                        "list",
                        [
                          "object",
                          {
                            "metadata": "string"
                          }
                        ]
                      ],
                      "name": "string",
                      "network": "string",
                      "priority": "number",
                      "project": "string",
                      "self_link": "string",
                      "source_ranges": [
                        "set",
                        "string"
                      ],
                      "source_service_accounts": [
                        "set",
                        "string"
                      ],
                      "source_tags": [
                        "set",
                        "string"
                      ],
                      "target_service_accounts": [
                        "set",
                        "string"
                      ],
                      "target_tags": [
                        "set",
                        "string"
                      ],
                      "timeouts": [
                        "object",
                        {
                          "create": "string",
                          "delete": "string",
                          "update": "string"
                        }
                      ]
                    }
                  ],
                  "fw-o-shr-nonprod-ingress": [
                    "object",
                    {
                      "allow": [
                        "set",
                        [
                          "object",
                          {
                            "ports": [
                              "list",
                              "string"
                            ],
                            "protocol": "string"
                          }
                        ]
                      ],
                      "creation_timestamp": "string",
                      "deny": [
                        "set",
                        [
                          "object",
                          {
                            "ports": [
                              "list",
                              "string"
                            ],
                            "protocol": "string"
                          }
                        ]
                      ],
                      "description": "string",
                      "destination_ranges": [
                        "set",
                        "string"
                      ],
                      "direction": "string",
                      "disabled": "bool",
                      "enable_logging": "bool",
                      "id": "string",
                      "log_config": [
                        "list",
                        [
                          "object",
                          {
                            "metadata": "string"
                          }
                        ]
                      ],
                      "name": "string",
                      "network": "string",
                      "priority": "number",
                      "project": "string",
                      "self_link": "string",
                      "source_ranges": [
                        "set",
                        "string"
                      ],
                      "source_service_accounts": [
                        "set",
                        "string"
                      ],
                      "source_tags": [
                        "set",
                        "string"
                      ],
                      "target_service_accounts": [
                        "set",
                        "string"
                      ],
                      "target_tags": [
                        "set",
                        "string"
                      ],
                      "timeouts": [
                        "object",
                        {
                          "create": "string",
                          "delete": "string",
                          "update": "string"
                        }
                      ]
                    }
                  ]
                }
              ]
            }
          ]
        }
      ]
    },
    "VPC_Peering_1_2": {
      "value": {
        "local_network_peering": {
          "export_custom_routes": false,
          "export_subnet_routes_with_public_ip": true,
          "id": "vpc-o-shr-prod/peering-vpc-o-shr-prod-vpc-o-shr-nonprod",
          "import_custom_routes": false,
          "import_subnet_routes_with_public_ip": false,
          "name": "peering-vpc-o-shr-prod-vpc-o-shr-nonprod",
          "network": "https://www.googleapis.com/compute/v1/projects/prj-o-15032023-prd-shr-nw/global/networks/vpc-o-shr-prod",
          "peer_network": "https://www.googleapis.com/compute/beta/projects/prj-o-15032023-nprd-shr-nw/global/networks/vpc-o-shr-nonprod",
          "state": "ACTIVE",
          "state_details": "[2023-03-17T05:59:31.182-07:00]: Connected.",
          "timeouts": null
        },
        "peer_network_peering": {
          "export_custom_routes": false,
          "export_subnet_routes_with_public_ip": true,
          "id": "vpc-o-shr-nonprod/peering-vpc-o-shr-nonprod-vpc-o-shr-prod",
          "import_custom_routes": false,
          "import_subnet_routes_with_public_ip": false,
          "name": "peering-vpc-o-shr-nonprod-vpc-o-shr-prod",
          "network": "https://www.googleapis.com/compute/v1/projects/prj-o-15032023-nprd-shr-nw/global/networks/vpc-o-shr-nonprod",
          "peer_network": "https://www.googleapis.com/compute/beta/projects/prj-o-15032023-prd-shr-nw/global/networks/vpc-o-shr-prod",
          "state": "ACTIVE",
          "state_details": "[2023-03-17T05:59:28.175-07:00]: Connected.",
          "timeouts": null
        }
      },
      "type": [
        "object",
        {
          "local_network_peering": [
            "object",
            {
              "export_custom_routes": "bool",
              "export_subnet_routes_with_public_ip": "bool",
              "id": "string",
              "import_custom_routes": "bool",
              "import_subnet_routes_with_public_ip": "bool",
              "name": "string",
              "network": "string",
              "peer_network": "string",
              "state": "string",
              "state_details": "string",
              "timeouts": [
                "object",
                {
                  "create": "string",
                  "delete": "string",
                  "update": "string"
                }
              ]
            }
          ],
          "peer_network_peering": [
            "object",
            {
              "export_custom_routes": "bool",
              "export_subnet_routes_with_public_ip": "bool",
              "id": "string",
              "import_custom_routes": "bool",
              "import_subnet_routes_with_public_ip": "bool",
              "name": "string",
              "network": "string",
              "peer_network": "string",
              "state": "string",
              "state_details": "string",
              "timeouts": [
                "object",
                {
                  "create": "string",
                  "delete": "string",
                  "update": "string"
                }
              ]
            }
          ]
        }
      ]
    },
    "VPC_Peering_2_1": {
      "value": {
        "local_network_peering": {
          "export_custom_routes": false,
          "export_subnet_routes_with_public_ip": true,
          "id": "vpc-o-shr-nonprod/peering-vpc-o-shr-nonprod-vpc-o-shr-prod",
          "import_custom_routes": false,
          "import_subnet_routes_with_public_ip": false,
          "name": "peering-vpc-o-shr-nonprod-vpc-o-shr-prod",
          "network": "https://www.googleapis.com/compute/v1/projects/prj-o-15032023-nprd-shr-nw/global/networks/vpc-o-shr-nonprod",
          "peer_network": "https://www.googleapis.com/compute/beta/projects/prj-o-15032023-prd-shr-nw/global/networks/vpc-o-shr-prod",
          "state": "ACTIVE",
          "state_details": "[2023-03-17T05:59:28.175-07:00]: Connected.",
          "timeouts": null
        },
        "peer_network_peering": {
          "export_custom_routes": false,
          "export_subnet_routes_with_public_ip": true,
          "id": "vpc-o-shr-prod/peering-vpc-o-shr-prod-vpc-o-shr-nonprod",
          "import_custom_routes": false,
          "import_subnet_routes_with_public_ip": false,
          "name": "peering-vpc-o-shr-prod-vpc-o-shr-nonprod",
          "network": "https://www.googleapis.com/compute/v1/projects/prj-o-15032023-prd-shr-nw/global/networks/vpc-o-shr-prod",
          "peer_network": "https://www.googleapis.com/compute/beta/projects/prj-o-15032023-nprd-shr-nw/global/networks/vpc-o-shr-nonprod",
          "state": "ACTIVE",
          "state_details": "[2023-03-17T05:59:31.182-07:00]: Connected.",
          "timeouts": null
        }
      },
      "type": [
        "object",
        {
          "local_network_peering": [
            "object",
            {
              "export_custom_routes": "bool",
              "export_subnet_routes_with_public_ip": "bool",
              "id": "string",
              "import_custom_routes": "bool",
              "import_subnet_routes_with_public_ip": "bool",
              "name": "string",
              "network": "string",
              "peer_network": "string",
              "state": "string",
              "state_details": "string",
              "timeouts": [
                "object",
                {
                  "create": "string",
                  "delete": "string",
                  "update": "string"
                }
              ]
            }
          ],
          "peer_network_peering": [
            "object",
            {
              "export_custom_routes": "bool",
              "export_subnet_routes_with_public_ip": "bool",
              "id": "string",
              "import_custom_routes": "bool",
              "import_subnet_routes_with_public_ip": "bool",
              "name": "string",
              "network": "string",
              "peer_network": "string",
              "state": "string",
              "state_details": "string",
              "timeouts": [
                "object",
                {
                  "create": "string",
                  "delete": "string",
                  "update": "string"
                }
              ]
            }
          ]
        }
      ]
    }
  },
  "resources": [
    {
      "mode": "data",
      "type": "google_compute_network",
      "name": "host_vpc_nprd",
      "provider": "provider[\"registry.terraform.io/hashicorp/google\"]",
      "instances": [
        {
          "schema_version": 0,
          "attributes": {
            "description": "",
            "gateway_ipv4": "",
            "id": "projects/prj-o-15032023-nprd-shr-nw/global/networks/vpc-o-shr-nonprod",
            "name": "vpc-o-shr-nonprod",
            "project": "prj-o-15032023-nprd-shr-nw",
            "self_link": "https://www.googleapis.com/compute/v1/projects/prj-o-15032023-nprd-shr-nw/global/networks/vpc-o-shr-nonprod",
            "subnetworks_self_links": [
              "https://www.googleapis.com/compute/v1/projects/prj-o-15032023-nprd-shr-nw/regions/us-central1/subnetworks/sub-uscent1-o-shr-nonprod",
              "https://www.googleapis.com/compute/v1/projects/prj-o-15032023-nprd-shr-nw/regions/northamerica-northeast1/subnetworks/sub-nae1-o-shr-nonprod",
              "https://www.googleapis.com/compute/v1/projects/prj-o-15032023-nprd-shr-nw/regions/asia-south2/subnetworks/sub-as2-o-shr-nonprod"
            ]
          },
          "sensitive_attributes": []
        }
      ]
    },
    {
      "mode": "data",
      "type": "google_compute_network",
      "name": "host_vpc_prd",
      "provider": "provider[\"registry.terraform.io/hashicorp/google\"]",
      "instances": [
        {
          "schema_version": 0,
          "attributes": {
            "description": "",
            "gateway_ipv4": "",
            "id": "projects/prj-o-15032023-prd-shr-nw/global/networks/vpc-o-shr-prod",
            "name": "vpc-o-shr-prod",
            "project": "prj-o-15032023-prd-shr-nw",
            "self_link": "https://www.googleapis.com/compute/v1/projects/prj-o-15032023-prd-shr-nw/global/networks/vpc-o-shr-prod",
            "subnetworks_self_links": [
              "https://www.googleapis.com/compute/v1/projects/prj-o-15032023-prd-shr-nw/regions/asia-south1/subnetworks/sub-as1-o-shr-prod",
              "https://www.googleapis.com/compute/v1/projects/prj-o-15032023-prd-shr-nw/regions/europe-north1/subnetworks/sub-euno1-o-shr-prod",
              "https://www.googleapis.com/compute/v1/projects/prj-o-15032023-prd-shr-nw/regions/europe-west1/subnetworks/sub-euwe1-o-shr-prod"
            ]
          },
          "sensitive_attributes": []
        }
      ]
    },
    {
      "module": "module.host_vpc[\"0\"]",
      "mode": "managed",
      "type": "google_compute_network",
      "name": "vpc",
      "provider": "provider[\"registry.terraform.io/hashicorp/google\"]",
      "instances": [
        {
          "schema_version": 0,
          "attributes": {
            "auto_create_subnetworks": false,
            "delete_default_routes_on_create": false,
            "description": "",
            "enable_ula_internal_ipv6": false,
            "gateway_ipv4": "",
            "id": "projects/prj-o-15032023-prd-shr-nw/global/networks/vpc-o-shr-prod",
            "internal_ipv6_range": "",
            "mtu": 0,
            "name": "vpc-o-shr-prod",
            "project": "prj-o-15032023-prd-shr-nw",
            "routing_mode": "GLOBAL",
            "self_link": "https://www.googleapis.com/compute/v1/projects/prj-o-15032023-prd-shr-nw/global/networks/vpc-o-shr-prod",
            "timeouts": null
          },
          "sensitive_attributes": [],
          "private": "eyJlMmJmYjczMC1lY2FhLTExZTYtOGY4OC0zNDM2M2JjN2M0YzAiOnsiY3JlYXRlIjoxMjAwMDAwMDAwMDAwLCJkZWxldGUiOjEyMDAwMDAwMDAwMDAsInVwZGF0ZSI6MTIwMDAwMDAwMDAwMH19"
        }
      ]
    },
    {
      "module": "module.host_vpc[\"0\"]",
      "mode": "managed",
      "type": "google_compute_shared_vpc_host_project",
      "name": "shared_vpc_host",
      "provider": "provider[\"registry.terraform.io/hashicorp/google-beta\"]",
      "instances": [
        {
          "index_key": 0,
          "schema_version": 0,
          "attributes": {
            "id": "prj-o-15032023-prd-shr-nw",
            "project": "prj-o-15032023-prd-shr-nw",
            "timeouts": null
          },
          "sensitive_attributes": [],
          "private": "eyJlMmJmYjczMC1lY2FhLTExZTYtOGY4OC0zNDM2M2JjN2M0YzAiOnsiY3JlYXRlIjoyNDAwMDAwMDAwMDAsImRlbGV0ZSI6MjQwMDAwMDAwMDAwfX0=",
          "dependencies": [
            "module.host_vpc.google_compute_network.vpc"
          ]
        }
      ]
    },
    {
      "module": "module.host_vpc[\"1\"]",
      "mode": "managed",
      "type": "google_compute_network",
      "name": "vpc",
      "provider": "provider[\"registry.terraform.io/hashicorp/google\"]",
      "instances": [
        {
          "schema_version": 0,
          "attributes": {
            "auto_create_subnetworks": false,
            "delete_default_routes_on_create": false,
            "description": "",
            "enable_ula_internal_ipv6": false,
            "gateway_ipv4": "",
            "id": "projects/prj-o-15032023-nprd-shr-nw/global/networks/vpc-o-shr-nonprod",
            "internal_ipv6_range": "",
            "mtu": 0,
            "name": "vpc-o-shr-nonprod",
            "project": "prj-o-15032023-nprd-shr-nw",
            "routing_mode": "GLOBAL",
            "self_link": "https://www.googleapis.com/compute/v1/projects/prj-o-15032023-nprd-shr-nw/global/networks/vpc-o-shr-nonprod",
            "timeouts": null
          },
          "sensitive_attributes": [],
          "private": "eyJlMmJmYjczMC1lY2FhLTExZTYtOGY4OC0zNDM2M2JjN2M0YzAiOnsiY3JlYXRlIjoxMjAwMDAwMDAwMDAwLCJkZWxldGUiOjEyMDAwMDAwMDAwMDAsInVwZGF0ZSI6MTIwMDAwMDAwMDAwMH19"
        }
      ]
    },
    {
      "module": "module.host_vpc[\"1\"]",
      "mode": "managed",
      "type": "google_compute_shared_vpc_host_project",
      "name": "shared_vpc_host",
      "provider": "provider[\"registry.terraform.io/hashicorp/google-beta\"]",
      "instances": [
        {
          "index_key": 0,
          "schema_version": 0,
          "attributes": {
            "id": "prj-o-15032023-nprd-shr-nw",
            "project": "prj-o-15032023-nprd-shr-nw",
            "timeouts": null
          },
          "sensitive_attributes": [],
          "private": "eyJlMmJmYjczMC1lY2FhLTExZTYtOGY4OC0zNDM2M2JjN2M0YzAiOnsiY3JlYXRlIjoyNDAwMDAwMDAwMDAsImRlbGV0ZSI6MjQwMDAwMDAwMDAwfX0=",
          "dependencies": [
            "module.host_vpc.google_compute_network.vpc"
          ]
        }
      ]
    },
    {
      "module": "module.host_vpc_subnets[\"0\"]",
      "mode": "managed",
      "type": "google_compute_subnetwork",
      "name": "subnetwork",
      "provider": "provider[\"registry.terraform.io/hashicorp/google\"]",
      "instances": [
        {
          "index_key": "asia-south1/sub-as1-o-shr-prod",
          "schema_version": 0,
          "attributes": {
            "creation_timestamp": "2023-03-17T05:58:55.485-07:00",
            "description": "",
            "external_ipv6_prefix": "",
            "fingerprint": null,
            "gateway_address": "10.1.3.1",
            "id": "projects/prj-o-15032023-prd-shr-nw/regions/asia-south1/subnetworks/sub-as1-o-shr-prod",
            "ip_cidr_range": "10.1.3.0/24",
            "ipv6_access_type": "",
            "ipv6_cidr_range": "",
            "log_config": [],
            "name": "sub-as1-o-shr-prod",
            "network": "https://www.googleapis.com/compute/v1/projects/prj-o-15032023-prd-shr-nw/global/networks/vpc-o-shr-prod",
            "private_ip_google_access": true,
            "private_ipv6_google_access": "DISABLE_GOOGLE_ACCESS",
            "project": "prj-o-15032023-prd-shr-nw",
            "purpose": "PRIVATE",
            "region": "asia-south1",
            "role": "",
            "secondary_ip_range": [],
            "self_link": "https://www.googleapis.com/compute/v1/projects/prj-o-15032023-prd-shr-nw/regions/asia-south1/subnetworks/sub-as1-o-shr-prod",
            "stack_type": "IPV4_ONLY",
            "timeouts": null
          },
          "sensitive_attributes": [],
          "private": "eyJlMmJmYjczMC1lY2FhLTExZTYtOGY4OC0zNDM2M2JjN2M0YzAiOnsiY3JlYXRlIjoxMjAwMDAwMDAwMDAwLCJkZWxldGUiOjEyMDAwMDAwMDAwMDAsInVwZGF0ZSI6MTIwMDAwMDAwMDAwMH19",
          "dependencies": [
            "module.host_vpc.google_compute_network.vpc",
            "module.host_vpc.google_compute_shared_vpc_host_project.shared_vpc_host"
          ]
        },
        {
          "index_key": "europe-north1/sub-euno1-o-shr-prod",
          "schema_version": 0,
          "attributes": {
            "creation_timestamp": "2023-03-17T05:58:53.899-07:00",
            "description": "",
            "external_ipv6_prefix": "",
            "fingerprint": null,
            "gateway_address": "10.1.1.1",
            "id": "projects/prj-o-15032023-prd-shr-nw/regions/europe-north1/subnetworks/sub-euno1-o-shr-prod",
            "ip_cidr_range": "10.1.1.0/24",
            "ipv6_access_type": "",
            "ipv6_cidr_range": "",
            "log_config": [],
            "name": "sub-euno1-o-shr-prod",
            "network": "https://www.googleapis.com/compute/v1/projects/prj-o-15032023-prd-shr-nw/global/networks/vpc-o-shr-prod",
            "private_ip_google_access": true,
            "private_ipv6_google_access": "DISABLE_GOOGLE_ACCESS",
            "project": "prj-o-15032023-prd-shr-nw",
            "purpose": "PRIVATE",
            "region": "europe-north1",
            "role": "",
            "secondary_ip_range": [],
            "self_link": "https://www.googleapis.com/compute/v1/projects/prj-o-15032023-prd-shr-nw/regions/europe-north1/subnetworks/sub-euno1-o-shr-prod",
            "stack_type": "IPV4_ONLY",
            "timeouts": null
          },
          "sensitive_attributes": [],
          "private": "eyJlMmJmYjczMC1lY2FhLTExZTYtOGY4OC0zNDM2M2JjN2M0YzAiOnsiY3JlYXRlIjoxMjAwMDAwMDAwMDAwLCJkZWxldGUiOjEyMDAwMDAwMDAwMDAsInVwZGF0ZSI6MTIwMDAwMDAwMDAwMH19",
          "dependencies": [
            "module.host_vpc.google_compute_network.vpc",
            "module.host_vpc.google_compute_shared_vpc_host_project.shared_vpc_host"
          ]
        },
        {
          "index_key": "europe-west1/sub-euwe1-o-shr-prod",
          "schema_version": 0,
          "attributes": {
            "creation_timestamp": "2023-03-17T05:58:54.710-07:00",
            "description": "",
            "external_ipv6_prefix": "",
            "fingerprint": null,
            "gateway_address": "10.1.2.1",
            "id": "projects/prj-o-15032023-prd-shr-nw/regions/europe-west1/subnetworks/sub-euwe1-o-shr-prod",
            "ip_cidr_range": "10.1.2.0/24",
            "ipv6_access_type": "",
            "ipv6_cidr_range": "",
            "log_config": [],
            "name": "sub-euwe1-o-shr-prod",
            "network": "https://www.googleapis.com/compute/v1/projects/prj-o-15032023-prd-shr-nw/global/networks/vpc-o-shr-prod",
            "private_ip_google_access": true,
            "private_ipv6_google_access": "DISABLE_GOOGLE_ACCESS",
            "project": "prj-o-15032023-prd-shr-nw",
            "purpose": "PRIVATE",
            "region": "europe-west1",
            "role": "",
            "secondary_ip_range": [],
            "self_link": "https://www.googleapis.com/compute/v1/projects/prj-o-15032023-prd-shr-nw/regions/europe-west1/subnetworks/sub-euwe1-o-shr-prod",
            "stack_type": "IPV4_ONLY",
            "timeouts": null
          },
          "sensitive_attributes": [],
          "private": "eyJlMmJmYjczMC1lY2FhLTExZTYtOGY4OC0zNDM2M2JjN2M0YzAiOnsiY3JlYXRlIjoxMjAwMDAwMDAwMDAwLCJkZWxldGUiOjEyMDAwMDAwMDAwMDAsInVwZGF0ZSI6MTIwMDAwMDAwMDAwMH19",
          "dependencies": [
            "module.host_vpc.google_compute_network.vpc",
            "module.host_vpc.google_compute_shared_vpc_host_project.shared_vpc_host"
          ]
        }
      ]
    },
    {
      "module": "module.host_vpc_subnets[\"1\"]",
      "mode": "managed",
      "type": "google_compute_subnetwork",
      "name": "subnetwork",
      "provider": "provider[\"registry.terraform.io/hashicorp/google\"]",
      "instances": [
        {
          "index_key": "asia-south2/sub-as2-o-shr-nonprod",
          "schema_version": 0,
          "attributes": {
            "creation_timestamp": "2023-03-17T05:58:55.574-07:00",
            "description": "",
            "external_ipv6_prefix": "",
            "fingerprint": null,
            "gateway_address": "10.2.3.1",
            "id": "projects/prj-o-15032023-nprd-shr-nw/regions/asia-south2/subnetworks/sub-as2-o-shr-nonprod",
            "ip_cidr_range": "10.2.3.0/24",
            "ipv6_access_type": "",
            "ipv6_cidr_range": "",
            "log_config": [],
            "name": "sub-as2-o-shr-nonprod",
            "network": "https://www.googleapis.com/compute/v1/projects/prj-o-15032023-nprd-shr-nw/global/networks/vpc-o-shr-nonprod",
            "private_ip_google_access": true,
            "private_ipv6_google_access": "DISABLE_GOOGLE_ACCESS",
            "project": "prj-o-15032023-nprd-shr-nw",
            "purpose": "PRIVATE",
            "region": "asia-south2",
            "role": "",
            "secondary_ip_range": [],
            "self_link": "https://www.googleapis.com/compute/v1/projects/prj-o-15032023-nprd-shr-nw/regions/asia-south2/subnetworks/sub-as2-o-shr-nonprod",
            "stack_type": "IPV4_ONLY",
            "timeouts": null
          },
          "sensitive_attributes": [],
          "private": "eyJlMmJmYjczMC1lY2FhLTExZTYtOGY4OC0zNDM2M2JjN2M0YzAiOnsiY3JlYXRlIjoxMjAwMDAwMDAwMDAwLCJkZWxldGUiOjEyMDAwMDAwMDAwMDAsInVwZGF0ZSI6MTIwMDAwMDAwMDAwMH19",
          "dependencies": [
            "module.host_vpc.google_compute_network.vpc",
            "module.host_vpc.google_compute_shared_vpc_host_project.shared_vpc_host"
          ]
        },
        {
          "index_key": "northamerica-northeast1/sub-nae1-o-shr-nonprod",
          "schema_version": 0,
          "attributes": {
            "creation_timestamp": "2023-03-17T05:58:53.254-07:00",
            "description": "",
            "external_ipv6_prefix": "",
            "fingerprint": null,
            "gateway_address": "10.2.2.1",
            "id": "projects/prj-o-15032023-nprd-shr-nw/regions/northamerica-northeast1/subnetworks/sub-nae1-o-shr-nonprod",
            "ip_cidr_range": "10.2.2.0/24",
            "ipv6_access_type": "",
            "ipv6_cidr_range": "",
            "log_config": [],
            "name": "sub-nae1-o-shr-nonprod",
            "network": "https://www.googleapis.com/compute/v1/projects/prj-o-15032023-nprd-shr-nw/global/networks/vpc-o-shr-nonprod",
            "private_ip_google_access": true,
            "private_ipv6_google_access": "DISABLE_GOOGLE_ACCESS",
            "project": "prj-o-15032023-nprd-shr-nw",
            "purpose": "PRIVATE",
            "region": "northamerica-northeast1",
            "role": "",
            "secondary_ip_range": [],
            "self_link": "https://www.googleapis.com/compute/v1/projects/prj-o-15032023-nprd-shr-nw/regions/northamerica-northeast1/subnetworks/sub-nae1-o-shr-nonprod",
            "stack_type": "IPV4_ONLY",
            "timeouts": null
          },
          "sensitive_attributes": [],
          "private": "eyJlMmJmYjczMC1lY2FhLTExZTYtOGY4OC0zNDM2M2JjN2M0YzAiOnsiY3JlYXRlIjoxMjAwMDAwMDAwMDAwLCJkZWxldGUiOjEyMDAwMDAwMDAwMDAsInVwZGF0ZSI6MTIwMDAwMDAwMDAwMH19",
          "dependencies": [
            "module.host_vpc.google_compute_network.vpc",
            "module.host_vpc.google_compute_shared_vpc_host_project.shared_vpc_host"
          ]
        },
        {
          "index_key": "us-central1/sub-uscent1-o-shr-nonprod",
          "schema_version": 0,
          "attributes": {
            "creation_timestamp": "2023-03-17T05:58:52.117-07:00",
            "description": "",
            "external_ipv6_prefix": "",
            "fingerprint": null,
            "gateway_address": "10.2.1.1",
            "id": "projects/prj-o-15032023-nprd-shr-nw/regions/us-central1/subnetworks/sub-uscent1-o-shr-nonprod",
            "ip_cidr_range": "10.2.1.0/24",
            "ipv6_access_type": "",
            "ipv6_cidr_range": "",
            "log_config": [],
            "name": "sub-uscent1-o-shr-nonprod",
            "network": "https://www.googleapis.com/compute/v1/projects/prj-o-15032023-nprd-shr-nw/global/networks/vpc-o-shr-nonprod",
            "private_ip_google_access": true,
            "private_ipv6_google_access": "DISABLE_GOOGLE_ACCESS",
            "project": "prj-o-15032023-nprd-shr-nw",
            "purpose": "PRIVATE",
            "region": "us-central1",
            "role": "",
            "secondary_ip_range": [],
            "self_link": "https://www.googleapis.com/compute/v1/projects/prj-o-15032023-nprd-shr-nw/regions/us-central1/subnetworks/sub-uscent1-o-shr-nonprod",
            "stack_type": "IPV4_ONLY",
            "timeouts": null
          },
          "sensitive_attributes": [],
          "private": "eyJlMmJmYjczMC1lY2FhLTExZTYtOGY4OC0zNDM2M2JjN2M0YzAiOnsiY3JlYXRlIjoxMjAwMDAwMDAwMDAwLCJkZWxldGUiOjEyMDAwMDAwMDAwMDAsInVwZGF0ZSI6MTIwMDAwMDAwMDAwMH19",
          "dependencies": [
            "module.host_vpc.google_compute_network.vpc",
            "module.host_vpc.google_compute_shared_vpc_host_project.shared_vpc_host"
          ]
        }
      ]
    },
    {
      "module": "module.nprd_prd_vpc_peering",
      "mode": "managed",
      "type": "google_compute_network_peering",
      "name": "local_network_peering",
      "provider": "provider[\"registry.terraform.io/hashicorp/google-beta\"]",
      "instances": [
        {
          "schema_version": 0,
          "attributes": {
            "export_custom_routes": false,
            "export_subnet_routes_with_public_ip": true,
            "id": "vpc-o-shr-nonprod/peering-vpc-o-shr-nonprod-vpc-o-shr-prod",
            "import_custom_routes": false,
            "import_subnet_routes_with_public_ip": false,
            "name": "peering-vpc-o-shr-nonprod-vpc-o-shr-prod",
            "network": "https://www.googleapis.com/compute/v1/projects/prj-o-15032023-nprd-shr-nw/global/networks/vpc-o-shr-nonprod",
            "peer_network": "https://www.googleapis.com/compute/beta/projects/prj-o-15032023-prd-shr-nw/global/networks/vpc-o-shr-prod",
            "state": "ACTIVE",
            "state_details": "[2023-03-17T05:59:28.175-07:00]: Connected.",
            "timeouts": null
          },
          "sensitive_attributes": [],
          "private": "eyJlMmJmYjczMC1lY2FhLTExZTYtOGY4OC0zNDM2M2JjN2M0YzAiOnsiY3JlYXRlIjoyNDAwMDAwMDAwMDAsImRlbGV0ZSI6MjQwMDAwMDAwMDAwLCJ1cGRhdGUiOjI0MDAwMDAwMDAwMH19",
          "dependencies": [
            "data.google_compute_network.host_vpc_nprd",
            "data.google_compute_network.host_vpc_prd",
            "module.host_vpc.google_compute_network.vpc",
            "module.host_vpc.google_compute_shared_vpc_host_project.shared_vpc_host",
            "module.nprd_prd_vpc_peering.null_resource.module_depends_on"
          ]
        }
      ]
    },
    {
      "module": "module.nprd_prd_vpc_peering",
      "mode": "managed",
      "type": "google_compute_network_peering",
      "name": "peer_network_peering",
      "provider": "provider[\"registry.terraform.io/hashicorp/google-beta\"]",
      "instances": [
        {
          "schema_version": 0,
          "attributes": {
            "export_custom_routes": false,
            "export_subnet_routes_with_public_ip": true,
            "id": "vpc-o-shr-prod/peering-vpc-o-shr-prod-vpc-o-shr-nonprod",
            "import_custom_routes": false,
            "import_subnet_routes_with_public_ip": false,
            "name": "peering-vpc-o-shr-prod-vpc-o-shr-nonprod",
            "network": "https://www.googleapis.com/compute/v1/projects/prj-o-15032023-prd-shr-nw/global/networks/vpc-o-shr-prod",
            "peer_network": "https://www.googleapis.com/compute/beta/projects/prj-o-15032023-nprd-shr-nw/global/networks/vpc-o-shr-nonprod",
            "state": "ACTIVE",
            "state_details": "[2023-03-17T05:59:31.182-07:00]: Connected.",
            "timeouts": null
          },
          "sensitive_attributes": [],
          "private": "eyJlMmJmYjczMC1lY2FhLTExZTYtOGY4OC0zNDM2M2JjN2M0YzAiOnsiY3JlYXRlIjoyNDAwMDAwMDAwMDAsImRlbGV0ZSI6MjQwMDAwMDAwMDAwLCJ1cGRhdGUiOjI0MDAwMDAwMDAwMH19",
          "dependencies": [
            "data.google_compute_network.host_vpc_nprd",
            "data.google_compute_network.host_vpc_prd",
            "module.host_vpc.google_compute_network.vpc",
            "module.host_vpc.google_compute_shared_vpc_host_project.shared_vpc_host",
            "module.nprd_prd_vpc_peering.google_compute_network_peering.local_network_peering",
            "module.nprd_prd_vpc_peering.null_resource.module_depends_on"
          ]
        }
      ]
    },
    {
      "module": "module.nprd_prd_vpc_peering",
      "mode": "managed",
      "type": "null_resource",
      "name": "module_depends_on",
      "provider": "provider[\"registry.terraform.io/hashicorp/null\"]",
      "instances": [
        {
          "schema_version": 0,
          "attributes": {
            "id": "8774300383973901485",
            "triggers": {
              "value": "0"
            }
          },
          "sensitive_attributes": [],
          "dependencies": [
            "data.google_compute_network.host_vpc_nprd",
            "module.host_vpc.google_compute_network.vpc",
            "module.host_vpc.google_compute_shared_vpc_host_project.shared_vpc_host"
          ]
        }
      ]
    },
    {
      "module": "module.prd_nprd_vpc_peering",
      "mode": "managed",
      "type": "google_compute_network_peering",
      "name": "local_network_peering",
      "provider": "provider[\"registry.terraform.io/hashicorp/google-beta\"]",
      "instances": [
        {
          "schema_version": 0,
          "attributes": {
            "export_custom_routes": false,
            "export_subnet_routes_with_public_ip": true,
            "id": "vpc-o-shr-prod/peering-vpc-o-shr-prod-vpc-o-shr-nonprod",
            "import_custom_routes": false,
            "import_subnet_routes_with_public_ip": false,
            "name": "peering-vpc-o-shr-prod-vpc-o-shr-nonprod",
            "network": "https://www.googleapis.com/compute/v1/projects/prj-o-15032023-prd-shr-nw/global/networks/vpc-o-shr-prod",
            "peer_network": "https://www.googleapis.com/compute/beta/projects/prj-o-15032023-nprd-shr-nw/global/networks/vpc-o-shr-nonprod",
            "state": "ACTIVE",
            "state_details": "[2023-03-17T05:59:31.182-07:00]: Connected.",
            "timeouts": null
          },
          "sensitive_attributes": [],
          "private": "eyJlMmJmYjczMC1lY2FhLTExZTYtOGY4OC0zNDM2M2JjN2M0YzAiOnsiY3JlYXRlIjoyNDAwMDAwMDAwMDAsImRlbGV0ZSI6MjQwMDAwMDAwMDAwLCJ1cGRhdGUiOjI0MDAwMDAwMDAwMH19",
          "dependencies": [
            "data.google_compute_network.host_vpc_nprd",
            "data.google_compute_network.host_vpc_prd",
            "module.host_vpc.google_compute_network.vpc",
            "module.host_vpc.google_compute_shared_vpc_host_project.shared_vpc_host",
            "module.prd_nprd_vpc_peering.null_resource.module_depends_on"
          ]
        }
      ]
    },
    {
      "module": "module.prd_nprd_vpc_peering",
      "mode": "managed",
      "type": "google_compute_network_peering",
      "name": "peer_network_peering",
      "provider": "provider[\"registry.terraform.io/hashicorp/google-beta\"]",
      "instances": [
        {
          "schema_version": 0,
          "attributes": {
            "export_custom_routes": false,
            "export_subnet_routes_with_public_ip": true,
            "id": "vpc-o-shr-nonprod/peering-vpc-o-shr-nonprod-vpc-o-shr-prod",
            "import_custom_routes": false,
            "import_subnet_routes_with_public_ip": false,
            "name": "peering-vpc-o-shr-nonprod-vpc-o-shr-prod",
            "network": "https://www.googleapis.com/compute/v1/projects/prj-o-15032023-nprd-shr-nw/global/networks/vpc-o-shr-nonprod",
            "peer_network": "https://www.googleapis.com/compute/beta/projects/prj-o-15032023-prd-shr-nw/global/networks/vpc-o-shr-prod",
            "state": "ACTIVE",
            "state_details": "[2023-03-17T05:59:28.175-07:00]: Connected.",
            "timeouts": null
          },
          "sensitive_attributes": [],
          "private": "eyJlMmJmYjczMC1lY2FhLTExZTYtOGY4OC0zNDM2M2JjN2M0YzAiOnsiY3JlYXRlIjoyNDAwMDAwMDAwMDAsImRlbGV0ZSI6MjQwMDAwMDAwMDAwLCJ1cGRhdGUiOjI0MDAwMDAwMDAwMH19",
          "dependencies": [
            "data.google_compute_network.host_vpc_nprd",
            "data.google_compute_network.host_vpc_prd",
            "module.host_vpc.google_compute_network.vpc",
            "module.host_vpc.google_compute_shared_vpc_host_project.shared_vpc_host",
            "module.prd_nprd_vpc_peering.google_compute_network_peering.local_network_peering",
            "module.prd_nprd_vpc_peering.null_resource.module_depends_on"
          ]
        }
      ]
    },
    {
      "module": "module.prd_nprd_vpc_peering",
      "mode": "managed",
      "type": "null_resource",
      "name": "module_depends_on",
      "provider": "provider[\"registry.terraform.io/hashicorp/null\"]",
      "instances": [
        {
          "schema_version": 0,
          "attributes": {
            "id": "1062278540866965993",
            "triggers": {
              "value": "0"
            }
          },
          "sensitive_attributes": [],
          "dependencies": [
            "data.google_compute_network.host_vpc_prd",
            "module.host_vpc.google_compute_network.vpc",
            "module.host_vpc.google_compute_shared_vpc_host_project.shared_vpc_host"
          ]
        }
      ]
    },
    {
      "module": "module.vpc_firewall_rule[\"0\"]",
      "mode": "managed",
      "type": "google_compute_firewall",
      "name": "rules",
      "provider": "provider[\"registry.terraform.io/hashicorp/google\"]",
      "instances": [
        {
          "index_key": "fw-o-shr-prod-egress",
          "schema_version": 1,
          "attributes": {
            "allow": [
              {
                "ports": [],
                "protocol": "all"
              }
            ],
            "creation_timestamp": "2023-03-17T05:58:37.622-07:00",
            "deny": [],
            "description": "Prod VPC Egress Firewall rule",
            "destination_ranges": [
              "0.0.0.0/0"
            ],
            "direction": "EGRESS",
            "disabled": false,
            "enable_logging": null,
            "id": "projects/prj-o-15032023-prd-shr-nw/global/firewalls/fw-o-shr-prod-egress",
            "log_config": [
              {
                "metadata": "INCLUDE_ALL_METADATA"
              }
            ],
            "name": "fw-o-shr-prod-egress",
            "network": "https://www.googleapis.com/compute/v1/projects/prj-o-15032023-prd-shr-nw/global/networks/vpc-o-shr-prod",
            "priority": 1000,
            "project": "prj-o-15032023-prd-shr-nw",
            "self_link": "https://www.googleapis.com/compute/v1/projects/prj-o-15032023-prd-shr-nw/global/firewalls/fw-o-shr-prod-egress",
            "source_ranges": [],
            "source_service_accounts": [],
            "source_tags": [],
            "target_service_accounts": [],
            "target_tags": [
              "prd-egress-allow"
            ],
            "timeouts": null
          },
          "sensitive_attributes": [],
          "private": "eyJlMmJmYjczMC1lY2FhLTExZTYtOGY4OC0zNDM2M2JjN2M0YzAiOnsiY3JlYXRlIjoxMjAwMDAwMDAwMDAwLCJkZWxldGUiOjEyMDAwMDAwMDAwMDAsInVwZGF0ZSI6MTIwMDAwMDAwMDAwMH0sInNjaGVtYV92ZXJzaW9uIjoiMSJ9"
        },
        {
          "index_key": "fw-o-shr-prod-ingress",
          "schema_version": 1,
          "attributes": {
            "allow": [
              {
                "ports": [
                  "22",
                  "443",
                  "3389",
                  "80"
                ],
                "protocol": "tcp"
              },
              {
                "ports": [],
                "protocol": "icmp"
              }
            ],
            "creation_timestamp": "2023-03-17T05:58:37.160-07:00",
            "deny": [],
            "description": "Prod VPC Ingress Firewall rule",
            "destination_ranges": [],
            "direction": "INGRESS",
            "disabled": false,
            "enable_logging": null,
            "id": "projects/prj-o-15032023-prd-shr-nw/global/firewalls/fw-o-shr-prod-ingress",
            "log_config": [
              {
                "metadata": "INCLUDE_ALL_METADATA"
              }
            ],
            "name": "fw-o-shr-prod-ingress",
            "network": "https://www.googleapis.com/compute/v1/projects/prj-o-15032023-prd-shr-nw/global/networks/vpc-o-shr-prod",
            "priority": 1000,
            "project": "prj-o-15032023-prd-shr-nw",
            "self_link": "https://www.googleapis.com/compute/v1/projects/prj-o-15032023-prd-shr-nw/global/firewalls/fw-o-shr-prod-ingress",
            "source_ranges": [
              "0.0.0.0/0"
            ],
            "source_service_accounts": [],
            "source_tags": [],
            "target_service_accounts": [],
            "target_tags": [
              "prd-ingress-allow"
            ],
            "timeouts": null
          },
          "sensitive_attributes": [],
          "private": "eyJlMmJmYjczMC1lY2FhLTExZTYtOGY4OC0zNDM2M2JjN2M0YzAiOnsiY3JlYXRlIjoxMjAwMDAwMDAwMDAwLCJkZWxldGUiOjEyMDAwMDAwMDAwMDAsInVwZGF0ZSI6MTIwMDAwMDAwMDAwMH0sInNjaGVtYV92ZXJzaW9uIjoiMSJ9"
        }
      ]
    },
    {
      "module": "module.vpc_firewall_rule[\"1\"]",
      "mode": "managed",
      "type": "google_compute_firewall",
      "name": "rules",
      "provider": "provider[\"registry.terraform.io/hashicorp/google\"]",
      "instances": [
        {
          "index_key": "fw-o-shr-nonprod-egress",
          "schema_version": 1,
          "attributes": {
            "allow": [
              {
                "ports": [],
                "protocol": "all"
              }
            ],
            "creation_timestamp": "2023-03-17T05:58:37.713-07:00",
            "deny": [],
            "description": "Non-Prod VPC Egress Firewall rule",
            "destination_ranges": [
              "0.0.0.0/0"
            ],
            "direction": "EGRESS",
            "disabled": false,
            "enable_logging": null,
            "id": "projects/prj-o-15032023-nprd-shr-nw/global/firewalls/fw-o-shr-nonprod-egress",
            "log_config": [
              {
                "metadata": "INCLUDE_ALL_METADATA"
              }
            ],
            "name": "fw-o-shr-nonprod-egress",
            "network": "https://www.googleapis.com/compute/v1/projects/prj-o-15032023-nprd-shr-nw/global/networks/vpc-o-shr-nonprod",
            "priority": 1000,
            "project": "prj-o-15032023-nprd-shr-nw",
            "self_link": "https://www.googleapis.com/compute/v1/projects/prj-o-15032023-nprd-shr-nw/global/firewalls/fw-o-shr-nonprod-egress",
            "source_ranges": [],
            "source_service_accounts": [],
            "source_tags": [],
            "target_service_accounts": [],
            "target_tags": [
              "nprd-egress-allow"
            ],
            "timeouts": null
          },
          "sensitive_attributes": [],
          "private": "eyJlMmJmYjczMC1lY2FhLTExZTYtOGY4OC0zNDM2M2JjN2M0YzAiOnsiY3JlYXRlIjoxMjAwMDAwMDAwMDAwLCJkZWxldGUiOjEyMDAwMDAwMDAwMDAsInVwZGF0ZSI6MTIwMDAwMDAwMDAwMH0sInNjaGVtYV92ZXJzaW9uIjoiMSJ9"
        },
        {
          "index_key": "fw-o-shr-nonprod-ingress",
          "schema_version": 1,
          "attributes": {
            "allow": [
              {
                "ports": [
                  "22",
                  "443",
                  "3389",
                  "80"
                ],
                "protocol": "tcp"
              },
              {
                "ports": [],
                "protocol": "icmp"
              }
            ],
            "creation_timestamp": "2023-03-17T05:58:37.317-07:00",
            "deny": [],
            "description": "Non-Prod VPC Ingress Firewall rule",
            "destination_ranges": [],
            "direction": "INGRESS",
            "disabled": false,
            "enable_logging": null,
            "id": "projects/prj-o-15032023-nprd-shr-nw/global/firewalls/fw-o-shr-nonprod-ingress",
            "log_config": [
              {
                "metadata": "INCLUDE_ALL_METADATA"
              }
            ],
            "name": "fw-o-shr-nonprod-ingress",
            "network": "https://www.googleapis.com/compute/v1/projects/prj-o-15032023-nprd-shr-nw/global/networks/vpc-o-shr-nonprod",
            "priority": 1000,
            "project": "prj-o-15032023-nprd-shr-nw",
            "self_link": "https://www.googleapis.com/compute/v1/projects/prj-o-15032023-nprd-shr-nw/global/firewalls/fw-o-shr-nonprod-ingress",
            "source_ranges": [
              "0.0.0.0/0"
            ],
            "source_service_accounts": [],
            "source_tags": [],
            "target_service_accounts": [],
            "target_tags": [
              "nprod-ingress-allow"
            ],
            "timeouts": null
          },
          "sensitive_attributes": [],
          "private": "eyJlMmJmYjczMC1lY2FhLTExZTYtOGY4OC0zNDM2M2JjN2M0YzAiOnsiY3JlYXRlIjoxMjAwMDAwMDAwMDAwLCJkZWxldGUiOjEyMDAwMDAwMDAwMDAsInVwZGF0ZSI6MTIwMDAwMDAwMDAwMH0sInNjaGVtYV92ZXJzaW9uIjoiMSJ9"
        }
      ]
    }
  ],
  "check_results": null
}
