{
  "version": 4,
  "terraform_version": "1.3.9",
  "serial": 3,
  "lineage": "0f758314-c77e-ef93-d254-fa914b7395ac",
  "outputs": {
    "Bucket_Details": {
      "value": {
        "0": {
          "google_bucket-details": {
            "autoclass": [],
            "cors": [],
            "custom_placement_config": [],
            "default_event_based_hold": false,
            "encryption": [],
            "force_destroy": false,
            "id": "buck-tfe-gcp-kitchen",
            "labels": {
              "gcp-kitchen": "true",
              "tfe": "backend"
            },
            "lifecycle_rule": [],
            "location": "EUROPE-NORTH1",
            "logging": [],
            "name": "buck-tfe-gcp-kitchen",
            "project": "prj-o-15032023-tf-state",
            "public_access_prevention": "enforced",
            "requester_pays": false,
            "retention_policy": [],
            "self_link": "https://www.googleapis.com/storage/v1/b/buck-tfe-gcp-kitchen",
            "storage_class": "STANDARD",
            "timeouts": null,
            "uniform_bucket_level_access": false,
            "url": "gs://buck-tfe-gcp-kitchen",
            "versioning": [
              {
                "enabled": true
              }
            ],
            "website": []
          }
        }
      },
      "type": [
        "object",
        {
          "0": [
            "object",
            {
              "google_bucket-details": [
                "object",
                {
                  "autoclass": [
                    "list",
                    [
                      "object",
                      {
                        "enabled": "bool"
                      }
                    ]
                  ],
                  "cors": [
                    "list",
                    [
                      "object",
                      {
                        "max_age_seconds": "number",
                        "method": [
                          "list",
                          "string"
                        ],
                        "origin": [
                          "list",
                          "string"
                        ],
                        "response_header": [
                          "list",
                          "string"
                        ]
                      }
                    ]
                  ],
                  "custom_placement_config": [
                    "list",
                    [
                      "object",
                      {
                        "data_locations": [
                          "set",
                          "string"
                        ]
                      }
                    ]
                  ],
                  "default_event_based_hold": "bool",
                  "encryption": [
                    "list",
                    [
                      "object",
                      {
                        "default_kms_key_name": "string"
                      }
                    ]
                  ],
                  "force_destroy": "bool",
                  "id": "string",
                  "labels": [
                    "map",
                    "string"
                  ],
                  "lifecycle_rule": [
                    "list",
                    [
                      "object",
                      {
                        "action": [
                          "set",
                          [
                            "object",
                            {
                              "storage_class": "string",
                              "type": "string"
                            }
                          ]
                        ],
                        "condition": [
                          "set",
                          [
                            "object",
                            {
                              "age": "number",
                              "created_before": "string",
                              "custom_time_before": "string",
                              "days_since_custom_time": "number",
                              "days_since_noncurrent_time": "number",
                              "matches_prefix": [
                                "list",
                                "string"
                              ],
                              "matches_storage_class": [
                                "list",
                                "string"
                              ],
                              "matches_suffix": [
                                "list",
                                "string"
                              ],
                              "noncurrent_time_before": "string",
                              "num_newer_versions": "number",
                              "with_state": "string"
                            }
                          ]
                        ]
                      }
                    ]
                  ],
                  "location": "string",
                  "logging": [
                    "list",
                    [
                      "object",
                      {
                        "log_bucket": "string",
                        "log_object_prefix": "string"
                      }
                    ]
                  ],
                  "name": "string",
                  "project": "string",
                  "public_access_prevention": "string",
                  "requester_pays": "bool",
                  "retention_policy": [
                    "list",
                    [
                      "object",
                      {
                        "is_locked": "bool",
                        "retention_period": "number"
                      }
                    ]
                  ],
                  "self_link": "string",
                  "storage_class": "string",
                  "timeouts": [
                    "object",
                    {
                      "create": "string",
                      "read": "string",
                      "update": "string"
                    }
                  ],
                  "uniform_bucket_level_access": "bool",
                  "url": "string",
                  "versioning": [
                    "list",
                    [
                      "object",
                      {
                        "enabled": "bool"
                      }
                    ]
                  ],
                  "website": [
                    "list",
                    [
                      "object",
                      {
                        "main_page_suffix": "string",
                        "not_found_page": "string"
                      }
                    ]
                  ]
                }
              ]
            }
          ]
        }
      ]
    }
  },
  "resources": [
    {
      "module": "module.buckets[\"0\"]",
      "mode": "managed",
      "type": "google_storage_bucket",
      "name": "bucket",
      "provider": "provider[\"registry.terraform.io/hashicorp/google\"]",
      "instances": [
        {
          "schema_version": 0,
          "attributes": {
            "autoclass": [],
            "cors": [],
            "custom_placement_config": [],
            "default_event_based_hold": false,
            "encryption": [],
            "force_destroy": false,
            "id": "buck-tfe-gcp-kitchen",
            "labels": {
              "gcp-kitchen": "true",
              "tfe": "backend"
            },
            "lifecycle_rule": [],
            "location": "EUROPE-NORTH1",
            "logging": [],
            "name": "buck-tfe-gcp-kitchen",
            "project": "prj-o-15032023-tf-state",
            "public_access_prevention": "enforced",
            "requester_pays": false,
            "retention_policy": [],
            "self_link": "https://www.googleapis.com/storage/v1/b/buck-tfe-gcp-kitchen",
            "storage_class": "STANDARD",
            "timeouts": null,
            "uniform_bucket_level_access": false,
            "url": "gs://buck-tfe-gcp-kitchen",
            "versioning": [
              {
                "enabled": true
              }
            ],
            "website": []
          },
          "sensitive_attributes": [],
          "private": "eyJlMmJmYjczMC1lY2FhLTExZTYtOGY4OC0zNDM2M2JjN2M0YzAiOnsiY3JlYXRlIjo2MDAwMDAwMDAwMDAsInJlYWQiOjI0MDAwMDAwMDAwMCwidXBkYXRlIjoyNDAwMDAwMDAwMDB9fQ=="
        }
      ]
    }
  ],
  "check_results": null
}
