{
  "version": 4,
  "terraform_version": "1.3.9",
  "serial": 87,
  "lineage": "1e77bf33-35cc-ecaf-a8fe-215a3eb5a482",
  "outputs": {
    "Billing_Budget_Details": {
      "value": {
        "0": {
          "billing_budget_details": {
            "all_updates_rule": [
              {
                "disable_default_iam_recipients": true,
                "monitoring_notification_channels": [
                  "projects/prj-o-tf-sa/notificationChannels/9857645297938899309"
                ],
                "pubsub_topic": "",
                "schema_version": "1.0"
              }
            ],
            "amount": [
              {
                "last_period_amount": false,
                "specified_amount": [
                  {
                    "currency_code": "INR",
                    "nanos": 0,
                    "units": "5000"
                  }
                ]
              }
            ],
            "billing_account": "01EA5D-332E81-34F42D",
            "budget_filter": [
              {
                "calendar_period": "MONTH",
                "credit_types": [],
                "credit_types_treatment": "INCLUDE_ALL_CREDITS",
                "custom_period": [],
                "labels": {},
                "projects": [
                  "projects/prj-n-15032023-nprd-dev-nsvc",
                  "projects/prj-n-15032023-nprd-uat-svc",
                  "projects/prj-p-15032023-prd-nsvc",
                  "projects/prj-p-15032023-prd-svc"
                ],
                "services": [],
                "subaccounts": []
              }
            ],
            "display_name": "Projects-Budget-Quota-1",
            "id": "billingAccounts/01EA5D-332E81-34F42D/budgets/2df75fa5-e46c-45af-b490-b8bd6e85bbd0",
            "name": "2df75fa5-e46c-45af-b490-b8bd6e85bbd0",
            "threshold_rules": [
              {
                "spend_basis": "CURRENT_SPEND",
                "threshold_percent": 0.5
              },
              {
                "spend_basis": "CURRENT_SPEND",
                "threshold_percent": 0.7
              },
              {
                "spend_basis": "CURRENT_SPEND",
                "threshold_percent": 0.9
              }
            ],
            "timeouts": null
          },
          "budget_notification_details": {
            "description": "",
            "display_name": "Projects-Budget-Notification-1",
            "enabled": true,
            "force_delete": false,
            "id": "projects/prj-o-tf-sa/notificationChannels/9857645297938899309",
            "labels": {
              "email_address": "ayush.shukla@hcl.com"
            },
            "name": "projects/prj-o-tf-sa/notificationChannels/9857645297938899309",
            "project": "prj-o-tf-sa",
            "sensitive_labels": [],
            "timeouts": null,
            "type": "email",
            "user_labels": {},
            "verification_status": ""
          }
        },
        "1": {
          "billing_budget_details": {
            "all_updates_rule": [
              {
                "disable_default_iam_recipients": true,
                "monitoring_notification_channels": [
                  "projects/prj-o-tf-sa/notificationChannels/4005927193175370614"
                ],
                "pubsub_topic": "",
                "schema_version": "1.0"
              }
            ],
            "amount": [
              {
                "last_period_amount": false,
                "specified_amount": [
                  {
                    "currency_code": "INR",
                    "nanos": 0,
                    "units": "5000"
                  }
                ]
              }
            ],
            "billing_account": "019372-BF58B0-72DAF5",
            "budget_filter": [
              {
                "calendar_period": "MONTH",
                "credit_types": [],
                "credit_types_treatment": "INCLUDE_ALL_CREDITS",
                "custom_period": [],
                "labels": {},
                "projects": [
                  "projects/prj-o-15032023-build",
                  "projects/prj-o-15032023-tf-demand-sa",
                  "projects/prj-o-15032023-tf-state"
                ],
                "services": [],
                "subaccounts": []
              }
            ],
            "display_name": "Projects-Budget-Quota-2",
            "id": "billingAccounts/019372-BF58B0-72DAF5/budgets/31b46d0c-fe91-471b-982c-0e8ec01779a4",
            "name": "31b46d0c-fe91-471b-982c-0e8ec01779a4",
            "threshold_rules": [
              {
                "spend_basis": "CURRENT_SPEND",
                "threshold_percent": 0.5
              },
              {
                "spend_basis": "CURRENT_SPEND",
                "threshold_percent": 0.7
              },
              {
                "spend_basis": "CURRENT_SPEND",
                "threshold_percent": 0.9
              }
            ],
            "timeouts": null
          },
          "budget_notification_details": {
            "description": "",
            "display_name": "Projects-Budget-Notification-2",
            "enabled": true,
            "force_delete": false,
            "id": "projects/prj-o-tf-sa/notificationChannels/4005927193175370614",
            "labels": {
              "email_address": "ayush.shukla@hcl.com"
            },
            "name": "projects/prj-o-tf-sa/notificationChannels/4005927193175370614",
            "project": "prj-o-tf-sa",
            "sensitive_labels": [],
            "timeouts": null,
            "type": "email",
            "user_labels": {},
            "verification_status": ""
          }
        },
        "2": {
          "billing_budget_details": {
            "all_updates_rule": [
              {
                "disable_default_iam_recipients": true,
                "monitoring_notification_channels": [
                  "projects/prj-o-tf-sa/notificationChannels/14319649081134267194"
                ],
                "pubsub_topic": "",
                "schema_version": "1.0"
              }
            ],
            "amount": [
              {
                "last_period_amount": false,
                "specified_amount": [
                  {
                    "currency_code": "INR",
                    "nanos": 0,
                    "units": "5000"
                  }
                ]
              }
            ],
            "billing_account": "015361-BF90F3-63A40E",
            "budget_filter": [
              {
                "calendar_period": "MONTH",
                "credit_types": [],
                "credit_types_treatment": "INCLUDE_ALL_CREDITS",
                "custom_period": [],
                "labels": {},
                "projects": [
                  "projects/prj-o-15032023-nprd-shr-nw",
                  "projects/prj-o-15032023-prd-shr-nw"
                ],
                "services": [],
                "subaccounts": []
              }
            ],
            "display_name": "Projects-Budget-Quota-3",
            "id": "billingAccounts/015361-BF90F3-63A40E/budgets/5f08ceaf-42f4-4a9f-8579-ca020906a060",
            "name": "5f08ceaf-42f4-4a9f-8579-ca020906a060",
            "threshold_rules": [
              {
                "spend_basis": "CURRENT_SPEND",
                "threshold_percent": 0.5
              },
              {
                "spend_basis": "CURRENT_SPEND",
                "threshold_percent": 0.7
              },
              {
                "spend_basis": "CURRENT_SPEND",
                "threshold_percent": 0.9
              }
            ],
            "timeouts": null
          },
          "budget_notification_details": {
            "description": "",
            "display_name": "Projects-Budget-Notification-3",
            "enabled": true,
            "force_delete": false,
            "id": "projects/prj-o-tf-sa/notificationChannels/14319649081134267194",
            "labels": {
              "email_address": "ayush.shukla@hcl.com"
            },
            "name": "projects/prj-o-tf-sa/notificationChannels/14319649081134267194",
            "project": "prj-o-tf-sa",
            "sensitive_labels": [],
            "timeouts": null,
            "type": "email",
            "user_labels": {},
            "verification_status": ""
          }
        }
      },
      "type": [
        "object",
        {
          "0": [
            "object",
            {
              "billing_budget_details": [
                "object",
                {
                  "all_updates_rule": [
                    "list",
                    [
                      "object",
                      {
                        "disable_default_iam_recipients": "bool",
                        "monitoring_notification_channels": [
                          "list",
                          "string"
                        ],
                        "pubsub_topic": "string",
                        "schema_version": "string"
                      }
                    ]
                  ],
                  "amount": [
                    "list",
                    [
                      "object",
                      {
                        "last_period_amount": "bool",
                        "specified_amount": [
                          "list",
                          [
                            "object",
                            {
                              "currency_code": "string",
                              "nanos": "number",
                              "units": "string"
                            }
                          ]
                        ]
                      }
                    ]
                  ],
                  "billing_account": "string",
                  "budget_filter": [
                    "list",
                    [
                      "object",
                      {
                        "calendar_period": "string",
                        "credit_types": [
                          "list",
                          "string"
                        ],
                        "credit_types_treatment": "string",
                        "custom_period": [
                          "list",
                          [
                            "object",
                            {
                              "end_date": [
                                "list",
                                [
                                  "object",
                                  {
                                    "day": "number",
                                    "month": "number",
                                    "year": "number"
                                  }
                                ]
                              ],
                              "start_date": [
                                "list",
                                [
                                  "object",
                                  {
                                    "day": "number",
                                    "month": "number",
                                    "year": "number"
                                  }
                                ]
                              ]
                            }
                          ]
                        ],
                        "labels": [
                          "map",
                          "string"
                        ],
                        "projects": [
                          "set",
                          "string"
                        ],
                        "services": [
                          "list",
                          "string"
                        ],
                        "subaccounts": [
                          "list",
                          "string"
                        ]
                      }
                    ]
                  ],
                  "display_name": "string",
                  "id": "string",
                  "name": "string",
                  "threshold_rules": [
                    "list",
                    [
                      "object",
                      {
                        "spend_basis": "string",
                        "threshold_percent": "number"
                      }
                    ]
                  ],
                  "timeouts": [
                    "object",
                    {
                      "create": "string",
                      "delete": "string",
                      "update": "string"
                    }
                  ]
                }
              ],
              "budget_notification_details": [
                "object",
                {
                  "description": "string",
                  "display_name": "string",
                  "enabled": "bool",
                  "force_delete": "bool",
                  "id": "string",
                  "labels": [
                    "map",
                    "string"
                  ],
                  "name": "string",
                  "project": "string",
                  "sensitive_labels": [
                    "list",
                    [
                      "object",
                      {
                        "auth_token": "string",
                        "password": "string",
                        "service_key": "string"
                      }
                    ]
                  ],
                  "timeouts": [
                    "object",
                    {
                      "create": "string",
                      "delete": "string",
                      "update": "string"
                    }
                  ],
                  "type": "string",
                  "user_labels": [
                    "map",
                    "string"
                  ],
                  "verification_status": "string"
                }
              ]
            }
          ],
          "1": [
            "object",
            {
              "billing_budget_details": [
                "object",
                {
                  "all_updates_rule": [
                    "list",
                    [
                      "object",
                      {
                        "disable_default_iam_recipients": "bool",
                        "monitoring_notification_channels": [
                          "list",
                          "string"
                        ],
                        "pubsub_topic": "string",
                        "schema_version": "string"
                      }
                    ]
                  ],
                  "amount": [
                    "list",
                    [
                      "object",
                      {
                        "last_period_amount": "bool",
                        "specified_amount": [
                          "list",
                          [
                            "object",
                            {
                              "currency_code": "string",
                              "nanos": "number",
                              "units": "string"
                            }
                          ]
                        ]
                      }
                    ]
                  ],
                  "billing_account": "string",
                  "budget_filter": [
                    "list",
                    [
                      "object",
                      {
                        "calendar_period": "string",
                        "credit_types": [
                          "list",
                          "string"
                        ],
                        "credit_types_treatment": "string",
                        "custom_period": [
                          "list",
                          [
                            "object",
                            {
                              "end_date": [
                                "list",
                                [
                                  "object",
                                  {
                                    "day": "number",
                                    "month": "number",
                                    "year": "number"
                                  }
                                ]
                              ],
                              "start_date": [
                                "list",
                                [
                                  "object",
                                  {
                                    "day": "number",
                                    "month": "number",
                                    "year": "number"
                                  }
                                ]
                              ]
                            }
                          ]
                        ],
                        "labels": [
                          "map",
                          "string"
                        ],
                        "projects": [
                          "set",
                          "string"
                        ],
                        "services": [
                          "list",
                          "string"
                        ],
                        "subaccounts": [
                          "list",
                          "string"
                        ]
                      }
                    ]
                  ],
                  "display_name": "string",
                  "id": "string",
                  "name": "string",
                  "threshold_rules": [
                    "list",
                    [
                      "object",
                      {
                        "spend_basis": "string",
                        "threshold_percent": "number"
                      }
                    ]
                  ],
                  "timeouts": [
                    "object",
                    {
                      "create": "string",
                      "delete": "string",
                      "update": "string"
                    }
                  ]
                }
              ],
              "budget_notification_details": [
                "object",
                {
                  "description": "string",
                  "display_name": "string",
                  "enabled": "bool",
                  "force_delete": "bool",
                  "id": "string",
                  "labels": [
                    "map",
                    "string"
                  ],
                  "name": "string",
                  "project": "string",
                  "sensitive_labels": [
                    "list",
                    [
                      "object",
                      {
                        "auth_token": "string",
                        "password": "string",
                        "service_key": "string"
                      }
                    ]
                  ],
                  "timeouts": [
                    "object",
                    {
                      "create": "string",
                      "delete": "string",
                      "update": "string"
                    }
                  ],
                  "type": "string",
                  "user_labels": [
                    "map",
                    "string"
                  ],
                  "verification_status": "string"
                }
              ]
            }
          ],
          "2": [
            "object",
            {
              "billing_budget_details": [
                "object",
                {
                  "all_updates_rule": [
                    "list",
                    [
                      "object",
                      {
                        "disable_default_iam_recipients": "bool",
                        "monitoring_notification_channels": [
                          "list",
                          "string"
                        ],
                        "pubsub_topic": "string",
                        "schema_version": "string"
                      }
                    ]
                  ],
                  "amount": [
                    "list",
                    [
                      "object",
                      {
                        "last_period_amount": "bool",
                        "specified_amount": [
                          "list",
                          [
                            "object",
                            {
                              "currency_code": "string",
                              "nanos": "number",
                              "units": "string"
                            }
                          ]
                        ]
                      }
                    ]
                  ],
                  "billing_account": "string",
                  "budget_filter": [
                    "list",
                    [
                      "object",
                      {
                        "calendar_period": "string",
                        "credit_types": [
                          "list",
                          "string"
                        ],
                        "credit_types_treatment": "string",
                        "custom_period": [
                          "list",
                          [
                            "object",
                            {
                              "end_date": [
                                "list",
                                [
                                  "object",
                                  {
                                    "day": "number",
                                    "month": "number",
                                    "year": "number"
                                  }
                                ]
                              ],
                              "start_date": [
                                "list",
                                [
                                  "object",
                                  {
                                    "day": "number",
                                    "month": "number",
                                    "year": "number"
                                  }
                                ]
                              ]
                            }
                          ]
                        ],
                        "labels": [
                          "map",
                          "string"
                        ],
                        "projects": [
                          "set",
                          "string"
                        ],
                        "services": [
                          "list",
                          "string"
                        ],
                        "subaccounts": [
                          "list",
                          "string"
                        ]
                      }
                    ]
                  ],
                  "display_name": "string",
                  "id": "string",
                  "name": "string",
                  "threshold_rules": [
                    "list",
                    [
                      "object",
                      {
                        "spend_basis": "string",
                        "threshold_percent": "number"
                      }
                    ]
                  ],
                  "timeouts": [
                    "object",
                    {
                      "create": "string",
                      "delete": "string",
                      "update": "string"
                    }
                  ]
                }
              ],
              "budget_notification_details": [
                "object",
                {
                  "description": "string",
                  "display_name": "string",
                  "enabled": "bool",
                  "force_delete": "bool",
                  "id": "string",
                  "labels": [
                    "map",
                    "string"
                  ],
                  "name": "string",
                  "project": "string",
                  "sensitive_labels": [
                    "list",
                    [
                      "object",
                      {
                        "auth_token": "string",
                        "password": "string",
                        "service_key": "string"
                      }
                    ]
                  ],
                  "timeouts": [
                    "object",
                    {
                      "create": "string",
                      "delete": "string",
                      "update": "string"
                    }
                  ],
                  "type": "string",
                  "user_labels": [
                    "map",
                    "string"
                  ],
                  "verification_status": "string"
                }
              ]
            }
          ]
        }
      ]
    },
    "Projects_APIs_Details": {
      "value": {
        "0": {
          "google_apis-details": {
            "compute.googleapis.com": {
              "disable_dependent_services": true,
              "disable_on_destroy": true,
              "id": "prj-p-15032023-prd-svc/compute.googleapis.com",
              "project": "prj-p-15032023-prd-svc",
              "service": "compute.googleapis.com",
              "timeouts": null
            },
            "servicenetworking.googleapis.com": {
              "disable_dependent_services": true,
              "disable_on_destroy": true,
              "id": "prj-p-15032023-prd-svc/servicenetworking.googleapis.com",
              "project": "prj-p-15032023-prd-svc",
              "service": "servicenetworking.googleapis.com",
              "timeouts": null
            }
          }
        },
        "1": {
          "google_apis-details": {
            "compute.googleapis.com": {
              "disable_dependent_services": true,
              "disable_on_destroy": true,
              "id": "prj-n-15032023-nprd-uat-svc/compute.googleapis.com",
              "project": "prj-n-15032023-nprd-uat-svc",
              "service": "compute.googleapis.com",
              "timeouts": null
            },
            "servicenetworking.googleapis.com": {
              "disable_dependent_services": true,
              "disable_on_destroy": true,
              "id": "prj-n-15032023-nprd-uat-svc/servicenetworking.googleapis.com",
              "project": "prj-n-15032023-nprd-uat-svc",
              "service": "servicenetworking.googleapis.com",
              "timeouts": null
            }
          }
        },
        "2": {
          "google_apis-details": {
            "servicenetworking.googleapis.com": {
              "disable_dependent_services": true,
              "disable_on_destroy": true,
              "id": "prj-o-15032023-prd-shr-nw/servicenetworking.googleapis.com",
              "project": "prj-o-15032023-prd-shr-nw",
              "service": "servicenetworking.googleapis.com",
              "timeouts": null
            }
          }
        },
        "3": {
          "google_apis-details": {
            "servicenetworking.googleapis.com": {
              "disable_dependent_services": true,
              "disable_on_destroy": true,
              "id": "prj-o-15032023-nprd-shr-nw/servicenetworking.googleapis.com",
              "project": "prj-o-15032023-nprd-shr-nw",
              "service": "servicenetworking.googleapis.com",
              "timeouts": null
            }
          }
        }
      },
      "type": [
        "object",
        {
          "0": [
            "object",
            {
              "google_apis-details": [
                "object",
                {
                  "compute.googleapis.com": [
                    "object",
                    {
                      "disable_dependent_services": "bool",
                      "disable_on_destroy": "bool",
                      "id": "string",
                      "project": "string",
                      "service": "string",
                      "timeouts": [
                        "object",
                        {
                          "create": "string",
                          "delete": "string",
                          "read": "string",
                          "update": "string"
                        }
                      ]
                    }
                  ],
                  "servicenetworking.googleapis.com": [
                    "object",
                    {
                      "disable_dependent_services": "bool",
                      "disable_on_destroy": "bool",
                      "id": "string",
                      "project": "string",
                      "service": "string",
                      "timeouts": [
                        "object",
                        {
                          "create": "string",
                          "delete": "string",
                          "read": "string",
                          "update": "string"
                        }
                      ]
                    }
                  ]
                }
              ]
            }
          ],
          "1": [
            "object",
            {
              "google_apis-details": [
                "object",
                {
                  "compute.googleapis.com": [
                    "object",
                    {
                      "disable_dependent_services": "bool",
                      "disable_on_destroy": "bool",
                      "id": "string",
                      "project": "string",
                      "service": "string",
                      "timeouts": [
                        "object",
                        {
                          "create": "string",
                          "delete": "string",
                          "read": "string",
                          "update": "string"
                        }
                      ]
                    }
                  ],
                  "servicenetworking.googleapis.com": [
                    "object",
                    {
                      "disable_dependent_services": "bool",
                      "disable_on_destroy": "bool",
                      "id": "string",
                      "project": "string",
                      "service": "string",
                      "timeouts": [
                        "object",
                        {
                          "create": "string",
                          "delete": "string",
                          "read": "string",
                          "update": "string"
                        }
                      ]
                    }
                  ]
                }
              ]
            }
          ],
          "2": [
            "object",
            {
              "google_apis-details": [
                "object",
                {
                  "servicenetworking.googleapis.com": [
                    "object",
                    {
                      "disable_dependent_services": "bool",
                      "disable_on_destroy": "bool",
                      "id": "string",
                      "project": "string",
                      "service": "string",
                      "timeouts": [
                        "object",
                        {
                          "create": "string",
                          "delete": "string",
                          "read": "string",
                          "update": "string"
                        }
                      ]
                    }
                  ]
                }
              ]
            }
          ],
          "3": [
            "object",
            {
              "google_apis-details": [
                "object",
                {
                  "servicenetworking.googleapis.com": [
                    "object",
                    {
                      "disable_dependent_services": "bool",
                      "disable_on_destroy": "bool",
                      "id": "string",
                      "project": "string",
                      "service": "string",
                      "timeouts": [
                        "object",
                        {
                          "create": "string",
                          "delete": "string",
                          "read": "string",
                          "update": "string"
                        }
                      ]
                    }
                  ]
                }
              ]
            }
          ]
        }
      ]
    },
    "Projects_Details": {
      "value": {
        "0": {
          "project_details": {
            "auto_create_network": false,
            "billing_account": "01EA5D-332E81-34F42D",
            "folder_id": "69720531462",
            "id": "projects/prj-p-15032023-prd-svc",
            "labels": {},
            "name": "prj-p-prd-svc",
            "number": "531832153141",
            "org_id": "",
            "project_id": "prj-p-15032023-prd-svc",
            "skip_delete": null,
            "timeouts": null
          }
        },
        "1": {
          "project_details": {
            "auto_create_network": false,
            "billing_account": "01EA5D-332E81-34F42D",
            "folder_id": "661733818024",
            "id": "projects/prj-p-15032023-prd-nsvc",
            "labels": {},
            "name": "prj-p-prd-nsvc",
            "number": "54694244180",
            "org_id": "",
            "project_id": "prj-p-15032023-prd-nsvc",
            "skip_delete": null,
            "timeouts": null
          }
        },
        "2": {
          "project_details": {
            "auto_create_network": false,
            "billing_account": "01EA5D-332E81-34F42D",
            "folder_id": "878055549186",
            "id": "projects/prj-n-15032023-nprd-uat-svc",
            "labels": {},
            "name": "prj-n-nprd-uat-svc",
            "number": "528659288182",
            "org_id": "",
            "project_id": "prj-n-15032023-nprd-uat-svc",
            "skip_delete": null,
            "timeouts": null
          }
        },
        "3": {
          "project_details": {
            "auto_create_network": false,
            "billing_account": "01EA5D-332E81-34F42D",
            "folder_id": "167977552401",
            "id": "projects/prj-n-15032023-nprd-dev-nsvc",
            "labels": {},
            "name": "prj-n-nprd-dev-nsvc",
            "number": "285283769040",
            "org_id": "",
            "project_id": "prj-n-15032023-nprd-dev-nsvc",
            "skip_delete": null,
            "timeouts": null
          }
        },
        "4": {
          "project_details": {
            "auto_create_network": false,
            "billing_account": "019372-BF58B0-72DAF5",
            "folder_id": "972847342120",
            "id": "projects/prj-o-15032023-tf-state",
            "labels": {},
            "name": "prj-o-tf-state",
            "number": "668093311312",
            "org_id": "",
            "project_id": "prj-o-15032023-tf-state",
            "skip_delete": null,
            "timeouts": null
          }
        },
        "5": {
          "project_details": {
            "auto_create_network": false,
            "billing_account": "019372-BF58B0-72DAF5",
            "folder_id": "972847342120",
            "id": "projects/prj-o-15032023-tf-demand-sa",
            "labels": {},
            "name": "prj-o-tf-demand-sa",
            "number": "10647133363",
            "org_id": "",
            "project_id": "prj-o-15032023-tf-demand-sa",
            "skip_delete": null,
            "timeouts": null
          }
        },
        "6": {
          "project_details": {
            "auto_create_network": false,
            "billing_account": "019372-BF58B0-72DAF5",
            "folder_id": "972847342120",
            "id": "projects/prj-o-15032023-build",
            "labels": {},
            "name": "prj-o-build",
            "number": "975348077536",
            "org_id": "",
            "project_id": "prj-o-15032023-build",
            "skip_delete": null,
            "timeouts": null
          }
        },
        "7": {
          "project_details": {
            "auto_create_network": false,
            "billing_account": "015361-BF90F3-63A40E",
            "folder_id": "682220142429",
            "id": "projects/prj-o-15032023-prd-shr-nw",
            "labels": {},
            "name": "prj-o-prd-shr-nw",
            "number": "752252854210",
            "org_id": "",
            "project_id": "prj-o-15032023-prd-shr-nw",
            "skip_delete": null,
            "timeouts": null
          }
        },
        "8": {
          "project_details": {
            "auto_create_network": false,
            "billing_account": "015361-BF90F3-63A40E",
            "folder_id": "682220142429",
            "id": "projects/prj-o-15032023-nprd-shr-nw",
            "labels": {},
            "name": "prj-o-nprd-shr-nw",
            "number": "203664468648",
            "org_id": "",
            "project_id": "prj-o-15032023-nprd-shr-nw",
            "skip_delete": null,
            "timeouts": null
          }
        }
      },
      "type": [
        "object",
        {
          "0": [
            "object",
            {
              "project_details": [
                "object",
                {
                  "auto_create_network": "bool",
                  "billing_account": "string",
                  "folder_id": "string",
                  "id": "string",
                  "labels": [
                    "map",
                    "string"
                  ],
                  "name": "string",
                  "number": "string",
                  "org_id": "string",
                  "project_id": "string",
                  "skip_delete": "bool",
                  "timeouts": [
                    "object",
                    {
                      "create": "string",
                      "delete": "string",
                      "read": "string",
                      "update": "string"
                    }
                  ]
                }
              ]
            }
          ],
          "1": [
            "object",
            {
              "project_details": [
                "object",
                {
                  "auto_create_network": "bool",
                  "billing_account": "string",
                  "folder_id": "string",
                  "id": "string",
                  "labels": [
                    "map",
                    "string"
                  ],
                  "name": "string",
                  "number": "string",
                  "org_id": "string",
                  "project_id": "string",
                  "skip_delete": "bool",
                  "timeouts": [
                    "object",
                    {
                      "create": "string",
                      "delete": "string",
                      "read": "string",
                      "update": "string"
                    }
                  ]
                }
              ]
            }
          ],
          "2": [
            "object",
            {
              "project_details": [
                "object",
                {
                  "auto_create_network": "bool",
                  "billing_account": "string",
                  "folder_id": "string",
                  "id": "string",
                  "labels": [
                    "map",
                    "string"
                  ],
                  "name": "string",
                  "number": "string",
                  "org_id": "string",
                  "project_id": "string",
                  "skip_delete": "bool",
                  "timeouts": [
                    "object",
                    {
                      "create": "string",
                      "delete": "string",
                      "read": "string",
                      "update": "string"
                    }
                  ]
                }
              ]
            }
          ],
          "3": [
            "object",
            {
              "project_details": [
                "object",
                {
                  "auto_create_network": "bool",
                  "billing_account": "string",
                  "folder_id": "string",
                  "id": "string",
                  "labels": [
                    "map",
                    "string"
                  ],
                  "name": "string",
                  "number": "string",
                  "org_id": "string",
                  "project_id": "string",
                  "skip_delete": "bool",
                  "timeouts": [
                    "object",
                    {
                      "create": "string",
                      "delete": "string",
                      "read": "string",
                      "update": "string"
                    }
                  ]
                }
              ]
            }
          ],
          "4": [
            "object",
            {
              "project_details": [
                "object",
                {
                  "auto_create_network": "bool",
                  "billing_account": "string",
                  "folder_id": "string",
                  "id": "string",
                  "labels": [
                    "map",
                    "string"
                  ],
                  "name": "string",
                  "number": "string",
                  "org_id": "string",
                  "project_id": "string",
                  "skip_delete": "bool",
                  "timeouts": [
                    "object",
                    {
                      "create": "string",
                      "delete": "string",
                      "read": "string",
                      "update": "string"
                    }
                  ]
                }
              ]
            }
          ],
          "5": [
            "object",
            {
              "project_details": [
                "object",
                {
                  "auto_create_network": "bool",
                  "billing_account": "string",
                  "folder_id": "string",
                  "id": "string",
                  "labels": [
                    "map",
                    "string"
                  ],
                  "name": "string",
                  "number": "string",
                  "org_id": "string",
                  "project_id": "string",
                  "skip_delete": "bool",
                  "timeouts": [
                    "object",
                    {
                      "create": "string",
                      "delete": "string",
                      "read": "string",
                      "update": "string"
                    }
                  ]
                }
              ]
            }
          ],
          "6": [
            "object",
            {
              "project_details": [
                "object",
                {
                  "auto_create_network": "bool",
                  "billing_account": "string",
                  "folder_id": "string",
                  "id": "string",
                  "labels": [
                    "map",
                    "string"
                  ],
                  "name": "string",
                  "number": "string",
                  "org_id": "string",
                  "project_id": "string",
                  "skip_delete": "bool",
                  "timeouts": [
                    "object",
                    {
                      "create": "string",
                      "delete": "string",
                      "read": "string",
                      "update": "string"
                    }
                  ]
                }
              ]
            }
          ],
          "7": [
            "object",
            {
              "project_details": [
                "object",
                {
                  "auto_create_network": "bool",
                  "billing_account": "string",
                  "folder_id": "string",
                  "id": "string",
                  "labels": [
                    "map",
                    "string"
                  ],
                  "name": "string",
                  "number": "string",
                  "org_id": "string",
                  "project_id": "string",
                  "skip_delete": "bool",
                  "timeouts": [
                    "object",
                    {
                      "create": "string",
                      "delete": "string",
                      "read": "string",
                      "update": "string"
                    }
                  ]
                }
              ]
            }
          ],
          "8": [
            "object",
            {
              "project_details": [
                "object",
                {
                  "auto_create_network": "bool",
                  "billing_account": "string",
                  "folder_id": "string",
                  "id": "string",
                  "labels": [
                    "map",
                    "string"
                  ],
                  "name": "string",
                  "number": "string",
                  "org_id": "string",
                  "project_id": "string",
                  "skip_delete": "bool",
                  "timeouts": [
                    "object",
                    {
                      "create": "string",
                      "delete": "string",
                      "read": "string",
                      "update": "string"
                    }
                  ]
                }
              ]
            }
          ]
        }
      ],
      "sensitive": true
    }
  },
  "resources": [
    {
      "module": "module.billing_budget[\"0\"]",
      "mode": "managed",
      "type": "google_billing_budget",
      "name": "budget",
      "provider": "provider[\"registry.terraform.io/hashicorp/google\"]",
      "instances": [
        {
          "schema_version": 1,
          "attributes": {
            "all_updates_rule": [
              {
                "disable_default_iam_recipients": true,
                "monitoring_notification_channels": [
                  "projects/prj-o-tf-sa/notificationChannels/9857645297938899309"
                ],
                "pubsub_topic": "",
                "schema_version": "1.0"
              }
            ],
            "amount": [
              {
                "last_period_amount": false,
                "specified_amount": [
                  {
                    "currency_code": "INR",
                    "nanos": 0,
                    "units": "5000"
                  }
                ]
              }
            ],
            "billing_account": "01EA5D-332E81-34F42D",
            "budget_filter": [
              {
                "calendar_period": "MONTH",
                "credit_types": [],
                "credit_types_treatment": "INCLUDE_ALL_CREDITS",
                "custom_period": [],
                "labels": {},
                "projects": [
                  "projects/prj-n-15032023-nprd-dev-nsvc",
                  "projects/prj-n-15032023-nprd-uat-svc",
                  "projects/prj-p-15032023-prd-nsvc",
                  "projects/prj-p-15032023-prd-svc"
                ],
                "services": [],
                "subaccounts": []
              }
            ],
            "display_name": "Projects-Budget-Quota-1",
            "id": "billingAccounts/01EA5D-332E81-34F42D/budgets/2df75fa5-e46c-45af-b490-b8bd6e85bbd0",
            "name": "2df75fa5-e46c-45af-b490-b8bd6e85bbd0",
            "threshold_rules": [
              {
                "spend_basis": "CURRENT_SPEND",
                "threshold_percent": 0.5
              },
              {
                "spend_basis": "CURRENT_SPEND",
                "threshold_percent": 0.7
              },
              {
                "spend_basis": "CURRENT_SPEND",
                "threshold_percent": 0.9
              }
            ],
            "timeouts": null
          },
          "sensitive_attributes": [],
          "private": "eyJlMmJmYjczMC1lY2FhLTExZTYtOGY4OC0zNDM2M2JjN2M0YzAiOnsiY3JlYXRlIjoxMjAwMDAwMDAwMDAwLCJkZWxldGUiOjEyMDAwMDAwMDAwMDAsInVwZGF0ZSI6MTIwMDAwMDAwMDAwMH0sInNjaGVtYV92ZXJzaW9uIjoiMSJ9",
          "dependencies": [
            "module.billing_budget.google_monitoring_notification_channel.budget_notify",
            "module.project_apis.google_project_service.gcp_apis",
            "module.projects.google_project.project"
          ]
        }
      ]
    },
    {
      "module": "module.billing_budget[\"0\"]",
      "mode": "managed",
      "type": "google_monitoring_notification_channel",
      "name": "budget_notify",
      "provider": "provider[\"registry.terraform.io/hashicorp/google\"]",
      "instances": [
        {
          "schema_version": 0,
          "attributes": {
            "description": "",
            "display_name": "Projects-Budget-Notification-1",
            "enabled": true,
            "force_delete": false,
            "id": "projects/prj-o-tf-sa/notificationChannels/9857645297938899309",
            "labels": {
              "email_address": "ayush.shukla@hcl.com"
            },
            "name": "projects/prj-o-tf-sa/notificationChannels/9857645297938899309",
            "project": "prj-o-tf-sa",
            "sensitive_labels": [],
            "timeouts": null,
            "type": "email",
            "user_labels": {},
            "verification_status": ""
          },
          "sensitive_attributes": [],
          "private": "eyJlMmJmYjczMC1lY2FhLTExZTYtOGY4OC0zNDM2M2JjN2M0YzAiOnsiY3JlYXRlIjoxMjAwMDAwMDAwMDAwLCJkZWxldGUiOjEyMDAwMDAwMDAwMDAsInVwZGF0ZSI6MTIwMDAwMDAwMDAwMH19",
          "dependencies": [
            "module.project_apis.google_project_service.gcp_apis",
            "module.projects.google_project.project"
          ]
        }
      ]
    },
    {
      "module": "module.billing_budget[\"1\"]",
      "mode": "managed",
      "type": "google_billing_budget",
      "name": "budget",
      "provider": "provider[\"registry.terraform.io/hashicorp/google\"]",
      "instances": [
        {
          "schema_version": 1,
          "attributes": {
            "all_updates_rule": [
              {
                "disable_default_iam_recipients": true,
                "monitoring_notification_channels": [
                  "projects/prj-o-tf-sa/notificationChannels/4005927193175370614"
                ],
                "pubsub_topic": "",
                "schema_version": "1.0"
              }
            ],
            "amount": [
              {
                "last_period_amount": false,
                "specified_amount": [
                  {
                    "currency_code": "INR",
                    "nanos": 0,
                    "units": "5000"
                  }
                ]
              }
            ],
            "billing_account": "019372-BF58B0-72DAF5",
            "budget_filter": [
              {
                "calendar_period": "MONTH",
                "credit_types": [],
                "credit_types_treatment": "INCLUDE_ALL_CREDITS",
                "custom_period": [],
                "labels": {},
                "projects": [
                  "projects/prj-o-15032023-build",
                  "projects/prj-o-15032023-tf-demand-sa",
                  "projects/prj-o-15032023-tf-state"
                ],
                "services": [],
                "subaccounts": []
              }
            ],
            "display_name": "Projects-Budget-Quota-2",
            "id": "billingAccounts/019372-BF58B0-72DAF5/budgets/31b46d0c-fe91-471b-982c-0e8ec01779a4",
            "name": "31b46d0c-fe91-471b-982c-0e8ec01779a4",
            "threshold_rules": [
              {
                "spend_basis": "CURRENT_SPEND",
                "threshold_percent": 0.5
              },
              {
                "spend_basis": "CURRENT_SPEND",
                "threshold_percent": 0.7
              },
              {
                "spend_basis": "CURRENT_SPEND",
                "threshold_percent": 0.9
              }
            ],
            "timeouts": null
          },
          "sensitive_attributes": [],
          "private": "eyJlMmJmYjczMC1lY2FhLTExZTYtOGY4OC0zNDM2M2JjN2M0YzAiOnsiY3JlYXRlIjoxMjAwMDAwMDAwMDAwLCJkZWxldGUiOjEyMDAwMDAwMDAwMDAsInVwZGF0ZSI6MTIwMDAwMDAwMDAwMH0sInNjaGVtYV92ZXJzaW9uIjoiMSJ9",
          "dependencies": [
            "module.billing_budget.google_monitoring_notification_channel.budget_notify",
            "module.project_apis.google_project_service.gcp_apis",
            "module.projects.google_project.project"
          ]
        }
      ]
    },
    {
      "module": "module.billing_budget[\"1\"]",
      "mode": "managed",
      "type": "google_monitoring_notification_channel",
      "name": "budget_notify",
      "provider": "provider[\"registry.terraform.io/hashicorp/google\"]",
      "instances": [
        {
          "schema_version": 0,
          "attributes": {
            "description": "",
            "display_name": "Projects-Budget-Notification-2",
            "enabled": true,
            "force_delete": false,
            "id": "projects/prj-o-tf-sa/notificationChannels/4005927193175370614",
            "labels": {
              "email_address": "ayush.shukla@hcl.com"
            },
            "name": "projects/prj-o-tf-sa/notificationChannels/4005927193175370614",
            "project": "prj-o-tf-sa",
            "sensitive_labels": [],
            "timeouts": null,
            "type": "email",
            "user_labels": {},
            "verification_status": ""
          },
          "sensitive_attributes": [],
          "private": "eyJlMmJmYjczMC1lY2FhLTExZTYtOGY4OC0zNDM2M2JjN2M0YzAiOnsiY3JlYXRlIjoxMjAwMDAwMDAwMDAwLCJkZWxldGUiOjEyMDAwMDAwMDAwMDAsInVwZGF0ZSI6MTIwMDAwMDAwMDAwMH19",
          "dependencies": [
            "module.project_apis.google_project_service.gcp_apis",
            "module.projects.google_project.project"
          ]
        }
      ]
    },
    {
      "module": "module.billing_budget[\"2\"]",
      "mode": "managed",
      "type": "google_billing_budget",
      "name": "budget",
      "provider": "provider[\"registry.terraform.io/hashicorp/google\"]",
      "instances": [
        {
          "schema_version": 1,
          "attributes": {
            "all_updates_rule": [
              {
                "disable_default_iam_recipients": true,
                "monitoring_notification_channels": [
                  "projects/prj-o-tf-sa/notificationChannels/14319649081134267194"
                ],
                "pubsub_topic": "",
                "schema_version": "1.0"
              }
            ],
            "amount": [
              {
                "last_period_amount": false,
                "specified_amount": [
                  {
                    "currency_code": "INR",
                    "nanos": 0,
                    "units": "5000"
                  }
                ]
              }
            ],
            "billing_account": "015361-BF90F3-63A40E",
            "budget_filter": [
              {
                "calendar_period": "MONTH",
                "credit_types": [],
                "credit_types_treatment": "INCLUDE_ALL_CREDITS",
                "custom_period": [],
                "labels": {},
                "projects": [
                  "projects/prj-o-15032023-nprd-shr-nw",
                  "projects/prj-o-15032023-prd-shr-nw"
                ],
                "services": [],
                "subaccounts": []
              }
            ],
            "display_name": "Projects-Budget-Quota-3",
            "id": "billingAccounts/015361-BF90F3-63A40E/budgets/5f08ceaf-42f4-4a9f-8579-ca020906a060",
            "name": "5f08ceaf-42f4-4a9f-8579-ca020906a060",
            "threshold_rules": [
              {
                "spend_basis": "CURRENT_SPEND",
                "threshold_percent": 0.5
              },
              {
                "spend_basis": "CURRENT_SPEND",
                "threshold_percent": 0.7
              },
              {
                "spend_basis": "CURRENT_SPEND",
                "threshold_percent": 0.9
              }
            ],
            "timeouts": null
          },
          "sensitive_attributes": [],
          "private": "eyJlMmJmYjczMC1lY2FhLTExZTYtOGY4OC0zNDM2M2JjN2M0YzAiOnsiY3JlYXRlIjoxMjAwMDAwMDAwMDAwLCJkZWxldGUiOjEyMDAwMDAwMDAwMDAsInVwZGF0ZSI6MTIwMDAwMDAwMDAwMH0sInNjaGVtYV92ZXJzaW9uIjoiMSJ9",
          "dependencies": [
            "module.billing_budget.google_monitoring_notification_channel.budget_notify",
            "module.project_apis.google_project_service.gcp_apis",
            "module.projects.google_project.project"
          ]
        }
      ]
    },
    {
      "module": "module.billing_budget[\"2\"]",
      "mode": "managed",
      "type": "google_monitoring_notification_channel",
      "name": "budget_notify",
      "provider": "provider[\"registry.terraform.io/hashicorp/google\"]",
      "instances": [
        {
          "schema_version": 0,
          "attributes": {
            "description": "",
            "display_name": "Projects-Budget-Notification-3",
            "enabled": true,
            "force_delete": false,
            "id": "projects/prj-o-tf-sa/notificationChannels/14319649081134267194",
            "labels": {
              "email_address": "ayush.shukla@hcl.com"
            },
            "name": "projects/prj-o-tf-sa/notificationChannels/14319649081134267194",
            "project": "prj-o-tf-sa",
            "sensitive_labels": [],
            "timeouts": null,
            "type": "email",
            "user_labels": {},
            "verification_status": ""
          },
          "sensitive_attributes": [],
          "private": "eyJlMmJmYjczMC1lY2FhLTExZTYtOGY4OC0zNDM2M2JjN2M0YzAiOnsiY3JlYXRlIjoxMjAwMDAwMDAwMDAwLCJkZWxldGUiOjEyMDAwMDAwMDAwMDAsInVwZGF0ZSI6MTIwMDAwMDAwMDAwMH19",
          "dependencies": [
            "module.project_apis.google_project_service.gcp_apis",
            "module.projects.google_project.project"
          ]
        }
      ]
    },
    {
      "module": "module.project_apis[\"0\"]",
      "mode": "managed",
      "type": "google_project_service",
      "name": "gcp_apis",
      "provider": "provider[\"registry.terraform.io/hashicorp/google\"]",
      "instances": [
        {
          "index_key": "compute.googleapis.com",
          "schema_version": 0,
          "attributes": {
            "disable_dependent_services": true,
            "disable_on_destroy": true,
            "id": "prj-p-15032023-prd-svc/compute.googleapis.com",
            "project": "prj-p-15032023-prd-svc",
            "service": "compute.googleapis.com",
            "timeouts": null
          },
          "sensitive_attributes": [],
          "private": "eyJlMmJmYjczMC1lY2FhLTExZTYtOGY4OC0zNDM2M2JjN2M0YzAiOnsiY3JlYXRlIjoxMjAwMDAwMDAwMDAwLCJkZWxldGUiOjEyMDAwMDAwMDAwMDAsInJlYWQiOjYwMDAwMDAwMDAwMCwidXBkYXRlIjoxMjAwMDAwMDAwMDAwfX0=",
          "dependencies": [
            "module.projects.google_project.project"
          ]
        },
        {
          "index_key": "servicenetworking.googleapis.com",
          "schema_version": 0,
          "attributes": {
            "disable_dependent_services": true,
            "disable_on_destroy": true,
            "id": "prj-p-15032023-prd-svc/servicenetworking.googleapis.com",
            "project": "prj-p-15032023-prd-svc",
            "service": "servicenetworking.googleapis.com",
            "timeouts": null
          },
          "sensitive_attributes": [],
          "private": "eyJlMmJmYjczMC1lY2FhLTExZTYtOGY4OC0zNDM2M2JjN2M0YzAiOnsiY3JlYXRlIjoxMjAwMDAwMDAwMDAwLCJkZWxldGUiOjEyMDAwMDAwMDAwMDAsInJlYWQiOjYwMDAwMDAwMDAwMCwidXBkYXRlIjoxMjAwMDAwMDAwMDAwfX0=",
          "dependencies": [
            "module.projects.google_project.project"
          ]
        }
      ]
    },
    {
      "module": "module.project_apis[\"1\"]",
      "mode": "managed",
      "type": "google_project_service",
      "name": "gcp_apis",
      "provider": "provider[\"registry.terraform.io/hashicorp/google\"]",
      "instances": [
        {
          "index_key": "compute.googleapis.com",
          "schema_version": 0,
          "attributes": {
            "disable_dependent_services": true,
            "disable_on_destroy": true,
            "id": "prj-n-15032023-nprd-uat-svc/compute.googleapis.com",
            "project": "prj-n-15032023-nprd-uat-svc",
            "service": "compute.googleapis.com",
            "timeouts": null
          },
          "sensitive_attributes": [],
          "private": "eyJlMmJmYjczMC1lY2FhLTExZTYtOGY4OC0zNDM2M2JjN2M0YzAiOnsiY3JlYXRlIjoxMjAwMDAwMDAwMDAwLCJkZWxldGUiOjEyMDAwMDAwMDAwMDAsInJlYWQiOjYwMDAwMDAwMDAwMCwidXBkYXRlIjoxMjAwMDAwMDAwMDAwfX0=",
          "dependencies": [
            "module.projects.google_project.project"
          ]
        },
        {
          "index_key": "servicenetworking.googleapis.com",
          "schema_version": 0,
          "attributes": {
            "disable_dependent_services": true,
            "disable_on_destroy": true,
            "id": "prj-n-15032023-nprd-uat-svc/servicenetworking.googleapis.com",
            "project": "prj-n-15032023-nprd-uat-svc",
            "service": "servicenetworking.googleapis.com",
            "timeouts": null
          },
          "sensitive_attributes": [],
          "private": "eyJlMmJmYjczMC1lY2FhLTExZTYtOGY4OC0zNDM2M2JjN2M0YzAiOnsiY3JlYXRlIjoxMjAwMDAwMDAwMDAwLCJkZWxldGUiOjEyMDAwMDAwMDAwMDAsInJlYWQiOjYwMDAwMDAwMDAwMCwidXBkYXRlIjoxMjAwMDAwMDAwMDAwfX0=",
          "dependencies": [
            "module.projects.google_project.project"
          ]
        }
      ]
    },
    {
      "module": "module.project_apis[\"2\"]",
      "mode": "managed",
      "type": "google_project_service",
      "name": "gcp_apis",
      "provider": "provider[\"registry.terraform.io/hashicorp/google\"]",
      "instances": [
        {
          "index_key": "servicenetworking.googleapis.com",
          "schema_version": 0,
          "attributes": {
            "disable_dependent_services": true,
            "disable_on_destroy": true,
            "id": "prj-o-15032023-prd-shr-nw/servicenetworking.googleapis.com",
            "project": "prj-o-15032023-prd-shr-nw",
            "service": "servicenetworking.googleapis.com",
            "timeouts": null
          },
          "sensitive_attributes": [],
          "private": "eyJlMmJmYjczMC1lY2FhLTExZTYtOGY4OC0zNDM2M2JjN2M0YzAiOnsiY3JlYXRlIjoxMjAwMDAwMDAwMDAwLCJkZWxldGUiOjEyMDAwMDAwMDAwMDAsInJlYWQiOjYwMDAwMDAwMDAwMCwidXBkYXRlIjoxMjAwMDAwMDAwMDAwfX0=",
          "dependencies": [
            "module.projects.google_project.project"
          ]
        }
      ]
    },
    {
      "module": "module.project_apis[\"3\"]",
      "mode": "managed",
      "type": "google_project_service",
      "name": "gcp_apis",
      "provider": "provider[\"registry.terraform.io/hashicorp/google\"]",
      "instances": [
        {
          "index_key": "servicenetworking.googleapis.com",
          "schema_version": 0,
          "attributes": {
            "disable_dependent_services": true,
            "disable_on_destroy": true,
            "id": "prj-o-15032023-nprd-shr-nw/servicenetworking.googleapis.com",
            "project": "prj-o-15032023-nprd-shr-nw",
            "service": "servicenetworking.googleapis.com",
            "timeouts": null
          },
          "sensitive_attributes": [],
          "private": "eyJlMmJmYjczMC1lY2FhLTExZTYtOGY4OC0zNDM2M2JjN2M0YzAiOnsiY3JlYXRlIjoxMjAwMDAwMDAwMDAwLCJkZWxldGUiOjEyMDAwMDAwMDAwMDAsInJlYWQiOjYwMDAwMDAwMDAwMCwidXBkYXRlIjoxMjAwMDAwMDAwMDAwfX0=",
          "dependencies": [
            "module.projects.google_project.project"
          ]
        }
      ]
    },
    {
      "module": "module.projects[\"0\"]",
      "mode": "managed",
      "type": "google_project",
      "name": "project",
      "provider": "provider[\"registry.terraform.io/hashicorp/google\"]",
      "instances": [
        {
          "schema_version": 1,
          "attributes": {
            "auto_create_network": false,
            "billing_account": "01EA5D-332E81-34F42D",
            "folder_id": "69720531462",
            "id": "projects/prj-p-15032023-prd-svc",
            "labels": {},
            "name": "prj-p-prd-svc",
            "number": "531832153141",
            "org_id": "",
            "project_id": "prj-p-15032023-prd-svc",
            "skip_delete": null,
            "timeouts": null
          },
          "sensitive_attributes": [
            [
              {
                "type": "get_attr",
                "value": "billing_account"
              }
            ]
          ],
          "private": "eyJlMmJmYjczMC1lY2FhLTExZTYtOGY4OC0zNDM2M2JjN2M0YzAiOnsiY3JlYXRlIjo2MDAwMDAwMDAwMDAsImRlbGV0ZSI6NjAwMDAwMDAwMDAwLCJyZWFkIjo2MDAwMDAwMDAwMDAsInVwZGF0ZSI6NjAwMDAwMDAwMDAwfSwic2NoZW1hX3ZlcnNpb24iOiIxIn0="
        }
      ]
    },
    {
      "module": "module.projects[\"1\"]",
      "mode": "managed",
      "type": "google_project",
      "name": "project",
      "provider": "provider[\"registry.terraform.io/hashicorp/google\"]",
      "instances": [
        {
          "schema_version": 1,
          "attributes": {
            "auto_create_network": false,
            "billing_account": "01EA5D-332E81-34F42D",
            "folder_id": "661733818024",
            "id": "projects/prj-p-15032023-prd-nsvc",
            "labels": {},
            "name": "prj-p-prd-nsvc",
            "number": "54694244180",
            "org_id": "",
            "project_id": "prj-p-15032023-prd-nsvc",
            "skip_delete": null,
            "timeouts": null
          },
          "sensitive_attributes": [
            [
              {
                "type": "get_attr",
                "value": "billing_account"
              }
            ]
          ],
          "private": "eyJlMmJmYjczMC1lY2FhLTExZTYtOGY4OC0zNDM2M2JjN2M0YzAiOnsiY3JlYXRlIjo2MDAwMDAwMDAwMDAsImRlbGV0ZSI6NjAwMDAwMDAwMDAwLCJyZWFkIjo2MDAwMDAwMDAwMDAsInVwZGF0ZSI6NjAwMDAwMDAwMDAwfSwic2NoZW1hX3ZlcnNpb24iOiIxIn0="
        }
      ]
    },
    {
      "module": "module.projects[\"2\"]",
      "mode": "managed",
      "type": "google_project",
      "name": "project",
      "provider": "provider[\"registry.terraform.io/hashicorp/google\"]",
      "instances": [
        {
          "schema_version": 1,
          "attributes": {
            "auto_create_network": false,
            "billing_account": "01EA5D-332E81-34F42D",
            "folder_id": "878055549186",
            "id": "projects/prj-n-15032023-nprd-uat-svc",
            "labels": {},
            "name": "prj-n-nprd-uat-svc",
            "number": "528659288182",
            "org_id": "",
            "project_id": "prj-n-15032023-nprd-uat-svc",
            "skip_delete": null,
            "timeouts": null
          },
          "sensitive_attributes": [
            [
              {
                "type": "get_attr",
                "value": "billing_account"
              }
            ]
          ],
          "private": "eyJlMmJmYjczMC1lY2FhLTExZTYtOGY4OC0zNDM2M2JjN2M0YzAiOnsiY3JlYXRlIjo2MDAwMDAwMDAwMDAsImRlbGV0ZSI6NjAwMDAwMDAwMDAwLCJyZWFkIjo2MDAwMDAwMDAwMDAsInVwZGF0ZSI6NjAwMDAwMDAwMDAwfSwic2NoZW1hX3ZlcnNpb24iOiIxIn0="
        }
      ]
    },
    {
      "module": "module.projects[\"3\"]",
      "mode": "managed",
      "type": "google_project",
      "name": "project",
      "provider": "provider[\"registry.terraform.io/hashicorp/google\"]",
      "instances": [
        {
          "schema_version": 1,
          "attributes": {
            "auto_create_network": false,
            "billing_account": "01EA5D-332E81-34F42D",
            "folder_id": "167977552401",
            "id": "projects/prj-n-15032023-nprd-dev-nsvc",
            "labels": {},
            "name": "prj-n-nprd-dev-nsvc",
            "number": "285283769040",
            "org_id": "",
            "project_id": "prj-n-15032023-nprd-dev-nsvc",
            "skip_delete": null,
            "timeouts": null
          },
          "sensitive_attributes": [
            [
              {
                "type": "get_attr",
                "value": "billing_account"
              }
            ]
          ],
          "private": "eyJlMmJmYjczMC1lY2FhLTExZTYtOGY4OC0zNDM2M2JjN2M0YzAiOnsiY3JlYXRlIjo2MDAwMDAwMDAwMDAsImRlbGV0ZSI6NjAwMDAwMDAwMDAwLCJyZWFkIjo2MDAwMDAwMDAwMDAsInVwZGF0ZSI6NjAwMDAwMDAwMDAwfSwic2NoZW1hX3ZlcnNpb24iOiIxIn0="
        }
      ]
    },
    {
      "module": "module.projects[\"4\"]",
      "mode": "managed",
      "type": "google_project",
      "name": "project",
      "provider": "provider[\"registry.terraform.io/hashicorp/google\"]",
      "instances": [
        {
          "schema_version": 1,
          "attributes": {
            "auto_create_network": false,
            "billing_account": "019372-BF58B0-72DAF5",
            "folder_id": "972847342120",
            "id": "projects/prj-o-15032023-tf-state",
            "labels": {},
            "name": "prj-o-tf-state",
            "number": "668093311312",
            "org_id": "",
            "project_id": "prj-o-15032023-tf-state",
            "skip_delete": null,
            "timeouts": null
          },
          "sensitive_attributes": [
            [
              {
                "type": "get_attr",
                "value": "billing_account"
              }
            ]
          ],
          "private": "eyJlMmJmYjczMC1lY2FhLTExZTYtOGY4OC0zNDM2M2JjN2M0YzAiOnsiY3JlYXRlIjo2MDAwMDAwMDAwMDAsImRlbGV0ZSI6NjAwMDAwMDAwMDAwLCJyZWFkIjo2MDAwMDAwMDAwMDAsInVwZGF0ZSI6NjAwMDAwMDAwMDAwfSwic2NoZW1hX3ZlcnNpb24iOiIxIn0="
        }
      ]
    },
    {
      "module": "module.projects[\"5\"]",
      "mode": "managed",
      "type": "google_project",
      "name": "project",
      "provider": "provider[\"registry.terraform.io/hashicorp/google\"]",
      "instances": [
        {
          "schema_version": 1,
          "attributes": {
            "auto_create_network": false,
            "billing_account": "019372-BF58B0-72DAF5",
            "folder_id": "972847342120",
            "id": "projects/prj-o-15032023-tf-demand-sa",
            "labels": {},
            "name": "prj-o-tf-demand-sa",
            "number": "10647133363",
            "org_id": "",
            "project_id": "prj-o-15032023-tf-demand-sa",
            "skip_delete": null,
            "timeouts": null
          },
          "sensitive_attributes": [
            [
              {
                "type": "get_attr",
                "value": "billing_account"
              }
            ]
          ],
          "private": "eyJlMmJmYjczMC1lY2FhLTExZTYtOGY4OC0zNDM2M2JjN2M0YzAiOnsiY3JlYXRlIjo2MDAwMDAwMDAwMDAsImRlbGV0ZSI6NjAwMDAwMDAwMDAwLCJyZWFkIjo2MDAwMDAwMDAwMDAsInVwZGF0ZSI6NjAwMDAwMDAwMDAwfSwic2NoZW1hX3ZlcnNpb24iOiIxIn0="
        }
      ]
    },
    {
      "module": "module.projects[\"6\"]",
      "mode": "managed",
      "type": "google_project",
      "name": "project",
      "provider": "provider[\"registry.terraform.io/hashicorp/google\"]",
      "instances": [
        {
          "schema_version": 1,
          "attributes": {
            "auto_create_network": false,
            "billing_account": "019372-BF58B0-72DAF5",
            "folder_id": "972847342120",
            "id": "projects/prj-o-15032023-build",
            "labels": {},
            "name": "prj-o-build",
            "number": "975348077536",
            "org_id": "",
            "project_id": "prj-o-15032023-build",
            "skip_delete": null,
            "timeouts": null
          },
          "sensitive_attributes": [
            [
              {
                "type": "get_attr",
                "value": "billing_account"
              }
            ]
          ],
          "private": "eyJlMmJmYjczMC1lY2FhLTExZTYtOGY4OC0zNDM2M2JjN2M0YzAiOnsiY3JlYXRlIjo2MDAwMDAwMDAwMDAsImRlbGV0ZSI6NjAwMDAwMDAwMDAwLCJyZWFkIjo2MDAwMDAwMDAwMDAsInVwZGF0ZSI6NjAwMDAwMDAwMDAwfSwic2NoZW1hX3ZlcnNpb24iOiIxIn0="
        }
      ]
    },
    {
      "module": "module.projects[\"7\"]",
      "mode": "managed",
      "type": "google_project",
      "name": "project",
      "provider": "provider[\"registry.terraform.io/hashicorp/google\"]",
      "instances": [
        {
          "schema_version": 1,
          "attributes": {
            "auto_create_network": false,
            "billing_account": "015361-BF90F3-63A40E",
            "folder_id": "682220142429",
            "id": "projects/prj-o-15032023-prd-shr-nw",
            "labels": {},
            "name": "prj-o-prd-shr-nw",
            "number": "752252854210",
            "org_id": "",
            "project_id": "prj-o-15032023-prd-shr-nw",
            "skip_delete": null,
            "timeouts": null
          },
          "sensitive_attributes": [
            [
              {
                "type": "get_attr",
                "value": "billing_account"
              }
            ]
          ],
          "private": "eyJlMmJmYjczMC1lY2FhLTExZTYtOGY4OC0zNDM2M2JjN2M0YzAiOnsiY3JlYXRlIjo2MDAwMDAwMDAwMDAsImRlbGV0ZSI6NjAwMDAwMDAwMDAwLCJyZWFkIjo2MDAwMDAwMDAwMDAsInVwZGF0ZSI6NjAwMDAwMDAwMDAwfSwic2NoZW1hX3ZlcnNpb24iOiIxIn0="
        }
      ]
    },
    {
      "module": "module.projects[\"8\"]",
      "mode": "managed",
      "type": "google_project",
      "name": "project",
      "provider": "provider[\"registry.terraform.io/hashicorp/google\"]",
      "instances": [
        {
          "schema_version": 1,
          "attributes": {
            "auto_create_network": false,
            "billing_account": "015361-BF90F3-63A40E",
            "folder_id": "682220142429",
            "id": "projects/prj-o-15032023-nprd-shr-nw",
            "labels": {},
            "name": "prj-o-nprd-shr-nw",
            "number": "203664468648",
            "org_id": "",
            "project_id": "prj-o-15032023-nprd-shr-nw",
            "skip_delete": null,
            "timeouts": null
          },
          "sensitive_attributes": [
            [
              {
                "type": "get_attr",
                "value": "billing_account"
              }
            ]
          ],
          "private": "eyJlMmJmYjczMC1lY2FhLTExZTYtOGY4OC0zNDM2M2JjN2M0YzAiOnsiY3JlYXRlIjo2MDAwMDAwMDAwMDAsImRlbGV0ZSI6NjAwMDAwMDAwMDAwLCJyZWFkIjo2MDAwMDAwMDAwMDAsInVwZGF0ZSI6NjAwMDAwMDAwMDAwfSwic2NoZW1hX3ZlcnNpb24iOiIxIn0="
        }
      ]
    }
  ],
  "check_results": null
}
