{"format_version":"1.1","terraform_version":"1.4.5","variables":{"project_id":{"value":"prj-o-15032023-tf-demand-sa"},"vms":{"value":[{"deletion_protection":false,"hostname":"vm-as2-np-rhel-01.gcpkitchen.live","image":"rhel-cloud/rhel-7","labels":{"env":"1","linux_patch_mgmt":"enabled"},"machine_type":"n1-standard-1","metadata":{"enable-guest-attributes":"TRUE","enable-osconfig":"TRUE","startup-script":"sudo yum -y install google-osconfig-agent"},"name":"vm-as2-np-rhel-01","project_id":"prj-n-15032023-nprd-uat-svc","service_account_scopes":["cloud-platform"],"subnet":"projects/prj-o-15032023-nprd-shr-nw/regions/asia-south2/subnetworks/sub-as2-o-shr-nonprod","tags":["nprod-ingress-allow","nprod-egress-allow"],"zone":"asia-south2-a"}]}},"planned_values":{"root_module":{"child_modules":[{"resources":[{"address":"module.VM[\"0\"].google_compute_instance.default","mode":"managed","type":"google_compute_instance","name":"default","provider_name":"registry.terraform.io/hashicorp/google","schema_version":6,"values":{"advanced_machine_features":[],"allow_stopping_for_update":true,"attached_disk":[],"boot_disk":[{"auto_delete":true,"disk_encryption_key_raw":null,"initialize_params":[{"image":"rhel-cloud/rhel-7"}],"mode":"READ_WRITE"}],"can_ip_forward":false,"deletion_protection":false,"description":null,"desired_status":null,"enable_display":false,"hostname":"vm-as2-np-rhel-01.gcpkitchen.live","labels":{"env":"1","linux_patch_mgmt":"enabled"},"machine_type":"n1-standard-1","metadata":{"enable-guest-attributes":"TRUE","enable-osconfig":"TRUE","startup-script":"sudo yum -y install google-osconfig-agent"},"metadata_startup_script":null,"name":"vm-as2-np-rhel-01","network_interface":[{"access_config":[],"alias_ip_range":[],"ipv6_access_config":[],"nic_type":null,"queue_count":null,"subnetwork":"projects/prj-o-15032023-nprd-shr-nw/regions/asia-south2/subnetworks/sub-as2-o-shr-nonprod"}],"project":"prj-n-15032023-nprd-uat-svc","resource_policies":null,"scheduling":[{"automatic_restart":false,"instance_termination_action":null,"min_node_cpus":null,"node_affinities":[],"on_host_maintenance":"MIGRATE","preemptible":false}],"scratch_disk":[],"service_account":[{"scopes":["https://www.googleapis.com/auth/cloud-platform"]}],"shielded_instance_config":[{"enable_integrity_monitoring":false,"enable_secure_boot":false,"enable_vtpm":false}],"tags":["nprod-egress-allow","nprod-ingress-allow"],"timeouts":null,"zone":"asia-south2-a"},"sensitive_values":{"advanced_machine_features":[],"attached_disk":[],"boot_disk":[{"initialize_params":[{"labels":{}}]}],"confidential_instance_config":[],"guest_accelerator":[],"labels":{},"metadata":{},"network_interface":[{"access_config":[],"alias_ip_range":[],"ipv6_access_config":[]}],"reservation_affinity":[],"scheduling":[{"node_affinities":[]}],"scratch_disk":[],"service_account":[{"scopes":[false]}],"shielded_instance_config":[{}],"tags":[false,false]}}],"address":"module.VM[\"0\"]"}]}},"resource_changes":[{"address":"module.VM[\"0\"].google_compute_instance.default","module_address":"module.VM[\"0\"]","mode":"managed","type":"google_compute_instance","name":"default","provider_name":"registry.terraform.io/hashicorp/google","change":{"actions":["create"],"before":null,"after":{"advanced_machine_features":[],"allow_stopping_for_update":true,"attached_disk":[],"boot_disk":[{"auto_delete":true,"disk_encryption_key_raw":null,"initialize_params":[{"image":"rhel-cloud/rhel-7"}],"mode":"READ_WRITE"}],"can_ip_forward":false,"deletion_protection":false,"description":null,"desired_status":null,"enable_display":false,"hostname":"vm-as2-np-rhel-01.gcpkitchen.live","labels":{"env":"1","linux_patch_mgmt":"enabled"},"machine_type":"n1-standard-1","metadata":{"enable-guest-attributes":"TRUE","enable-osconfig":"TRUE","startup-script":"sudo yum -y install google-osconfig-agent"},"metadata_startup_script":null,"name":"vm-as2-np-rhel-01","network_interface":[{"access_config":[],"alias_ip_range":[],"ipv6_access_config":[],"nic_type":null,"queue_count":null,"subnetwork":"projects/prj-o-15032023-nprd-shr-nw/regions/asia-south2/subnetworks/sub-as2-o-shr-nonprod"}],"project":"prj-n-15032023-nprd-uat-svc","resource_policies":null,"scheduling":[{"automatic_restart":false,"instance_termination_action":null,"min_node_cpus":null,"node_affinities":[],"on_host_maintenance":"MIGRATE","preemptible":false}],"scratch_disk":[],"service_account":[{"scopes":["https://www.googleapis.com/auth/cloud-platform"]}],"shielded_instance_config":[{"enable_integrity_monitoring":false,"enable_secure_boot":false,"enable_vtpm":false}],"tags":["nprod-egress-allow","nprod-ingress-allow"],"timeouts":null,"zone":"asia-south2-a"},"after_unknown":{"advanced_machine_features":[],"attached_disk":[],"boot_disk":[{"device_name":true,"disk_encryption_key_sha256":true,"initialize_params":[{"labels":true,"size":true,"type":true}],"kms_key_self_link":true,"source":true}],"confidential_instance_config":true,"cpu_platform":true,"current_status":true,"guest_accelerator":true,"id":true,"instance_id":true,"label_fingerprint":true,"labels":{},"metadata":{},"metadata_fingerprint":true,"min_cpu_platform":true,"network_interface":[{"access_config":[],"alias_ip_range":[],"ipv6_access_config":[],"ipv6_access_type":true,"name":true,"network":true,"network_ip":true,"stack_type":true,"subnetwork_project":true}],"reservation_affinity":true,"scheduling":[{"node_affinities":[],"provisioning_model":true}],"scratch_disk":[],"self_link":true,"service_account":[{"email":true,"scopes":[false]}],"shielded_instance_config":[{}],"tags":[false,false],"tags_fingerprint":true},"before_sensitive":false,"after_sensitive":{"advanced_machine_features":[],"attached_disk":[],"boot_disk":[{"disk_encryption_key_raw":true,"initialize_params":[{"labels":{}}]}],"confidential_instance_config":[],"guest_accelerator":[],"labels":{},"metadata":{},"network_interface":[{"access_config":[],"alias_ip_range":[],"ipv6_access_config":[]}],"reservation_affinity":[],"scheduling":[{"node_affinities":[]}],"scratch_disk":[],"service_account":[{"scopes":[false]}],"shielded_instance_config":[{}],"tags":[false,false]}}}],"configuration":{"provider_config":{"google":{"name":"google","full_name":"registry.terraform.io/hashicorp/google","expressions":{"project":{"references":["var.project_id"]}}},"google-beta":{"name":"google-beta","full_name":"registry.terraform.io/hashicorp/google-beta","expressions":{"project":{"references":["var.project_id"]}}}},"root_module":{"module_calls":{"VM":{"source":"git::https://github.com/Terra-GCP/gcp-kitchen-modules//terraform-google-cloud-instance","expressions":{"hostname":{"references":["each.value.hostname","each.value"]},"image":{"references":["each.value.image","each.value"]},"labels":{"references":["each.value.labels","each.value"]},"machine_type":{"references":["each.value.machine_type","each.value"]},"metadata":{"references":["each.value.metadata","each.value"]},"name":{"references":["each.value.name","each.value"]},"project_id":{"references":["each.value.project_id","each.value"]},"service_account_scopes":{"references":["each.value.service_account_scopes","each.value"]},"subnet":{"references":["each.value.subnet","each.value"]},"tags":{"references":["each.value.tags","each.value"]},"zone":{"references":["each.value.zone","each.value"]}},"for_each_expression":{"references":["var.vms"]},"module":{"outputs":{"instance_confidential_mode":{"expression":{"references":["google_compute_instance.default.confidential_instance_config","google_compute_instance.default"]},"description":"The Confidential Mode status of the VM"},"instance_hostname":{"expression":{"references":["google_compute_instance.default.hostname","google_compute_instance.default"]},"description":"The HostName of the VM being created"},"instance_internal_ip":{"expression":{"references":["google_compute_instance.default.network_interface[0].network_ip","google_compute_instance.default.network_interface[0]","google_compute_instance.default.network_interface","google_compute_instance.default"]},"description":"The Internal IP of the VM being created"},"instance_machine_type":{"expression":{"references":["google_compute_instance.default.machine_type","google_compute_instance.default"]},"description":"Google Cloud Instance Machine Type"},"instance_maintenance":{"expression":{"references":["google_compute_instance.default.scheduling","google_compute_instance.default"]},"description":"The On-Host-Maintenance status of the VM being created"},"instance_name":{"expression":{"references":["google_compute_instance.default.name","google_compute_instance.default"]},"description":"Google Cloud Instance name"},"instance_self_link":{"expression":{"references":["google_compute_instance.default.self_link","google_compute_instance.default"]},"description":"The URI of the instance rule  being created"},"instance_status":{"expression":{"references":["google_compute_instance.default.desired_status","google_compute_instance.default"]},"description":"The desired status of the VM being created"},"network_name_1":{"expression":{"references":["google_compute_instance.default.network_interface[0].network","google_compute_instance.default.network_interface[0]","google_compute_instance.default.network_interface","google_compute_instance.default"]},"description":"The name of the VPC network where the VM's first network interface is created"},"project_id":{"expression":{"references":["google_compute_instance.default.project","google_compute_instance.default"]},"description":"Google Cloud project ID"}},"resources":[{"address":"google_compute_instance.default","mode":"managed","type":"google_compute_instance","name":"default","provider_config_key":"google","expressions":{"allow_stopping_for_update":{"references":["var.update_properties"]},"boot_disk":[{"initialize_params":[{"image":{"references":["var.image"]}}]}],"can_ip_forward":{"references":["var.can_ip_forward"]},"deletion_protection":{"references":["var.deletion_protection"]},"enable_display":{"references":["var.enable_display"]},"hostname":{"references":["var.hostname"]},"labels":{"references":["var.labels"]},"machine_type":{"references":["var.machine_type"]},"metadata":{"references":["var.metadata"]},"name":{"references":["var.name"]},"network_interface":[{"subnetwork":{"references":["var.subnet"]}}],"project":{"references":["var.project_id"]},"scheduling":[{"automatic_restart":{"references":["var.auto_restart"]},"on_host_maintenance":{"references":["var.on_host_maintenance"]},"preemptible":{"references":["var.preemptible"]}}],"service_account":[{"email":{"references":["var.service_account_email"]},"scopes":{"references":["var.service_account_scopes"]}}],"shielded_instance_config":[{"enable_integrity_monitoring":{"references":["var.integrity_monitoring"]},"enable_secure_boot":{"references":["var.secure_boot"]},"enable_vtpm":{"references":["var.vtpm"]}}],"tags":{"references":["var.tags"]},"zone":{"references":["var.zone"]}},"schema_version":6}],"variables":{"auto_restart":{"default":false,"description":"Auto restart policy during host maintenance"},"can_ip_forward":{"default":false,"description":"IP Forward option to be used or not"},"confidential__mode":{"default":false,"description":"Defines whether the instance should have confidential compute enabled."},"deletion_protection":{"default":false,"description":"Enable/Disable deletion protection on the instance"},"enable_display":{"default":false,"description":"Enable/Disable Virtual Displays on the instance"},"hostname":{"description":"A custom hostname for the instance"},"image":{"default":"debian-cloud/debian-9","description":"The image from which to initialize this disk"},"integrity_monitoring":{"default":false,"description":"Compare the most recent boot measurements to the integrity policy baseline and return a pair of pass/fail"},"labels":{"default":{},"description":"A map of key/value label pairs to assign to the instance"},"machine_type":{"description":"The machine Type of VM"},"metadata":{"default":{},"description":"Metadata key/value pairs to make available from within the instance"},"name":{"description":"Name of the VM"},"on_host_maintenance":{"default":"MIGRATE","description":"During host maintenance it'll migrate the VM on another host"},"preemptible":{"default":false,"description":"Specifies if the instance is preemptible"},"project_id":{"description":"The project id for putting the VM"},"secure_boot":{"default":false,"description":"Verify the digital signature of all boot components, and halt the boot process if signature verification fails"},"service_account_email":{"default":"","description":"The service account e-mail address"},"service_account_scopes":{"default":[],"description":"A list of service scopes. Both OAuth2 URLs and gcloud short names are supported. To allow full access to all Cloud APIs, use the cloud-platform scope"},"subnet":{"description":"The name or self_link of the subnetwork to attach the interface to"},"tags":{"default":[],"description":"A list of network tags to attach to the instance"},"update_properties":{"default":true,"description":" Allow/Deny Terraform to stop the instance to update its properties"},"vtpm":{"default":false,"description":"Use a virtualized trusted platform module, which is a specialized computer chip you can use to encrypt objects like keys and certificates."},"zone":{"default":"","description":"The zone that the machine should be created in"}}}}},"variables":{"project_id":{"default":"prj-o-15032023-tf-demand-sa"},"vms":{}}}},"relevant_attributes":[{"resource":"module.VM[\"0\"].google_compute_instance.default","attribute":["project"]},{"resource":"module.VM[\"0\"].google_compute_instance.default","attribute":["network_interface",0,"network"]},{"resource":"module.VM[\"0\"].google_compute_instance.default","attribute":["network_interface",0,"network_ip"]},{"resource":"module.VM[\"0\"].google_compute_instance.default","attribute":["name"]},{"resource":"module.VM[\"0\"].google_compute_instance.default","attribute":["scheduling"]},{"resource":"module.VM[\"0\"].google_compute_instance.default","attribute":["self_link"]},{"resource":"module.VM[\"0\"].google_compute_instance.default","attribute":["machine_type"]},{"resource":"module.VM[\"0\"].google_compute_instance.default","attribute":["hostname"]},{"resource":"module.VM[\"0\"].google_compute_instance.default","attribute":["confidential_instance_config"]}]}
