{"format_version":"1.1","terraform_version":"1.4.5","variables":{"project_id":{"value":"prj-o-15032023-tf-demand-sa"},"vms":{"value":[{"deletion_protection":false,"hostname":"vm-as2-np-rhel-01.gcpkitchen.live","image":"rhel-cloud/rhel-7","labels":{"env":"1","linux_patch_mgmt":"enabled"},"machine_type":"n1-standard-1","metadata":{"enable-guest-attributes":"TRUE","enable-osconfig":"TRUE","startup-script":"sudo yum -y install google-osconfig-agent"},"name":"vm-as2-np-rhel-01","project_id":"prj-n-15032023-nprd-uat-svc","service_account_scopes":["cloud-platform"],"subnet":"projects/prj-o-15032023-nprd-shr-nw/regions/asia-south2/subnetworks/sub-as2-o-shr-nonprod","tags":["nprod-ingress-allow","nprod-egress-allow"],"zone":"asia-south2-a"}]}},"planned_values":{"outputs":{"VMs_Details":{"sensitive":true}},"root_module":{"child_modules":[{"resources":[{"address":"module.VM[\"0\"].google_compute_instance.default","mode":"managed","type":"google_compute_instance","name":"default","provider_name":"registry.terraform.io/hashicorp/google","schema_version":6,"values":{"advanced_machine_features":[],"allow_stopping_for_update":true,"attached_disk":[],"boot_disk":[{"auto_delete":true,"disk_encryption_key_raw":null,"initialize_params":[{"image":"rhel-cloud/rhel-7"}],"mode":"READ_WRITE"}],"can_ip_forward":false,"confidential_instance_config":[{"enable_confidential_compute":false}],"deletion_protection":false,"description":null,"desired_status":null,"enable_display":false,"hostname":"vm-as2-np-rhel-01.gcpkitchen.live","labels":{"env":"1","linux_patch_mgmt":"enabled"},"machine_type":"n1-standard-1","metadata":{"enable-guest-attributes":"TRUE","enable-osconfig":"TRUE","startup-script":"sudo yum -y install google-osconfig-agent"},"metadata_startup_script":null,"name":"vm-as2-np-rhel-01","network_interface":[{"access_config":[],"alias_ip_range":[],"ipv6_access_config":[],"nic_type":null,"queue_count":null,"subnetwork":"projects/prj-o-15032023-nprd-shr-nw/regions/asia-south2/subnetworks/sub-as2-o-shr-nonprod"}],"project":"prj-n-15032023-nprd-uat-svc","resource_policies":null,"scheduling":[{"automatic_restart":false,"instance_termination_action":null,"min_node_cpus":null,"node_affinities":[],"on_host_maintenance":"MIGRATE","preemptible":false}],"scratch_disk":[],"service_account":[{"scopes":["https://www.googleapis.com/auth/cloud-platform"]}],"shielded_instance_config":[{"enable_integrity_monitoring":false,"enable_secure_boot":false,"enable_vtpm":false}],"tags":["nprod-egress-allow","nprod-ingress-allow"],"timeouts":null,"zone":"asia-south2-a"},"sensitive_values":{"advanced_machine_features":[],"attached_disk":[],"boot_disk":[{"initialize_params":[{"labels":{}}]}],"confidential_instance_config":[{}],"guest_accelerator":[],"labels":{},"metadata":{},"network_interface":[{"access_config":[],"alias_ip_range":[],"ipv6_access_config":[]}],"reservation_affinity":[],"scheduling":[{"node_affinities":[]}],"scratch_disk":[],"service_account":[{"scopes":[false]}],"shielded_instance_config":[{}],"tags":[false,false]}}],"address":"module.VM[\"0\"]"}]}},"resource_drift":[{"address":"module.VM[\"0\"].google_compute_instance.default","module_address":"module.VM[\"0\"]","mode":"managed","type":"google_compute_instance","name":"default","provider_name":"registry.terraform.io/hashicorp/google","change":{"actions":["update"],"before":{"advanced_machine_features":[],"allow_stopping_for_update":true,"attached_disk":[],"boot_disk":[{"auto_delete":true,"device_name":"persistent-disk-0","disk_encryption_key_raw":"","disk_encryption_key_sha256":"","initialize_params":[{"image":"https://www.googleapis.com/compute/v1/projects/rhel-cloud/global/images/rhel-7-v20230411","labels":{},"size":20,"type":"pd-standard"}],"kms_key_self_link":"","mode":"READ_WRITE","source":"https://www.googleapis.com/compute/v1/projects/prj-n-15032023-nprd-uat-svc/zones/asia-south2-a/disks/vm-as2-np-rhel-01"}],"can_ip_forward":false,"confidential_instance_config":[],"cpu_platform":"Intel Broadwell","current_status":"RUNNING","deletion_protection":false,"description":"","desired_status":null,"enable_display":false,"guest_accelerator":[],"hostname":"vm-as2-np-rhel-01.gcpkitchen.live","id":"projects/prj-n-15032023-nprd-uat-svc/zones/asia-south2-a/instances/vm-as2-np-rhel-01","instance_id":"7999548334793194033","label_fingerprint":"BYmnsL8ttSM=","labels":{"env":"1","linux_patch_mgmt":"enabled"},"machine_type":"n1-standard-1","metadata":{"enable-guest-attributes":"TRUE","enable-osconfig":"TRUE","startup-script":"sudo yum -y install google-osconfig-agent"},"metadata_fingerprint":"yItsG1C2tsc=","metadata_startup_script":null,"min_cpu_platform":"","name":"vm-as2-np-rhel-01","network_interface":[{"access_config":[],"alias_ip_range":[],"ipv6_access_config":[],"ipv6_access_type":"","name":"nic0","network":"https://www.googleapis.com/compute/v1/projects/prj-o-15032023-nprd-shr-nw/global/networks/vpc-o-shr-nonprod","network_ip":"10.2.3.9","nic_type":"","queue_count":0,"stack_type":"IPV4_ONLY","subnetwork":"https://www.googleapis.com/compute/v1/projects/prj-o-15032023-nprd-shr-nw/regions/asia-south2/subnetworks/sub-as2-o-shr-nonprod","subnetwork_project":"prj-o-15032023-nprd-shr-nw"}],"project":"prj-n-15032023-nprd-uat-svc","reservation_affinity":[],"resource_policies":null,"scheduling":[{"automatic_restart":false,"instance_termination_action":"","min_node_cpus":0,"node_affinities":[],"on_host_maintenance":"MIGRATE","preemptible":false,"provisioning_model":"STANDARD"}],"scratch_disk":[],"self_link":"https://www.googleapis.com/compute/v1/projects/prj-n-15032023-nprd-uat-svc/zones/asia-south2-a/instances/vm-as2-np-rhel-01","service_account":[{"email":"528659288182-compute@developer.gserviceaccount.com","scopes":["https://www.googleapis.com/auth/cloud-platform"]}],"shielded_instance_config":[{"enable_integrity_monitoring":false,"enable_secure_boot":false,"enable_vtpm":false}],"tags":["nprod-egress-allow","nprod-ingress-allow"],"tags_fingerprint":"tibhG6oT3EU=","timeouts":null,"zone":"asia-south2-a"},"after":{"advanced_machine_features":[],"allow_stopping_for_update":true,"attached_disk":[],"boot_disk":[{"auto_delete":true,"device_name":"persistent-disk-0","disk_encryption_key_raw":"","disk_encryption_key_sha256":"","initialize_params":[{"image":"https://www.googleapis.com/compute/v1/projects/rhel-cloud/global/images/rhel-7-v20230411","labels":{},"size":20,"type":"pd-standard"}],"kms_key_self_link":"","mode":"READ_WRITE","source":"https://www.googleapis.com/compute/v1/projects/prj-n-15032023-nprd-uat-svc/zones/asia-south2-a/disks/vm-as2-np-rhel-01"}],"can_ip_forward":false,"confidential_instance_config":[],"cpu_platform":"Intel Broadwell","current_status":"RUNNING","deletion_protection":false,"description":"","desired_status":null,"enable_display":false,"guest_accelerator":[],"hostname":"vm-as2-np-rhel-01.gcpkitchen.live","id":"projects/prj-n-15032023-nprd-uat-svc/zones/asia-south2-a/instances/vm-as2-np-rhel-01","instance_id":"7999548334793194033","label_fingerprint":"BYmnsL8ttSM=","labels":{"env":"1","linux_patch_mgmt":"enabled"},"machine_type":"n1-standard-1","metadata":{"enable-guest-attributes":"TRUE","enable-osconfig":"TRUE","startup-script":"sudo yum -y install google-osconfig-agent"},"metadata_fingerprint":"yItsG1C2tsc=","metadata_startup_script":null,"min_cpu_platform":"","name":"vm-as2-np-rhel-01","network_interface":[{"access_config":[],"alias_ip_range":[],"ipv6_access_config":[],"ipv6_access_type":"","name":"nic0","network":"https://www.googleapis.com/compute/v1/projects/prj-o-15032023-nprd-shr-nw/global/networks/vpc-o-shr-nonprod","network_ip":"10.2.3.9","nic_type":"","queue_count":0,"stack_type":"IPV4_ONLY","subnetwork":"https://www.googleapis.com/compute/v1/projects/prj-o-15032023-nprd-shr-nw/regions/asia-south2/subnetworks/sub-as2-o-shr-nonprod","subnetwork_project":"prj-o-15032023-nprd-shr-nw"}],"project":"prj-n-15032023-nprd-uat-svc","reservation_affinity":[],"resource_policies":[],"scheduling":[{"automatic_restart":false,"instance_termination_action":"","min_node_cpus":0,"node_affinities":[],"on_host_maintenance":"MIGRATE","preemptible":false,"provisioning_model":"STANDARD"}],"scratch_disk":[],"self_link":"https://www.googleapis.com/compute/v1/projects/prj-n-15032023-nprd-uat-svc/zones/asia-south2-a/instances/vm-as2-np-rhel-01","service_account":[{"email":"528659288182-compute@developer.gserviceaccount.com","scopes":["https://www.googleapis.com/auth/cloud-platform"]}],"shielded_instance_config":[{"enable_integrity_monitoring":false,"enable_secure_boot":false,"enable_vtpm":false}],"tags":["nprod-egress-allow","nprod-ingress-allow"],"tags_fingerprint":"tibhG6oT3EU=","timeouts":null,"zone":"asia-south2-a"},"after_unknown":{},"before_sensitive":{"advanced_machine_features":[],"attached_disk":[],"boot_disk":[{"disk_encryption_key_raw":true,"initialize_params":[{"labels":{}}]}],"confidential_instance_config":[],"guest_accelerator":[],"labels":{},"metadata":{},"network_interface":[{"access_config":[],"alias_ip_range":[],"ipv6_access_config":[]}],"reservation_affinity":[],"scheduling":[{"node_affinities":[]}],"scratch_disk":[],"service_account":[{"scopes":[false]}],"shielded_instance_config":[{}],"tags":[false,false]},"after_sensitive":{"advanced_machine_features":[],"attached_disk":[],"boot_disk":[{"disk_encryption_key_raw":true,"initialize_params":[{"labels":{}}]}],"confidential_instance_config":[],"guest_accelerator":[],"labels":{},"metadata":{},"network_interface":[{"access_config":[],"alias_ip_range":[],"ipv6_access_config":[]}],"reservation_affinity":[],"resource_policies":[],"scheduling":[{"node_affinities":[]}],"scratch_disk":[],"service_account":[{"scopes":[false]}],"shielded_instance_config":[{}],"tags":[false,false]}}}],"resource_changes":[{"address":"module.VM[\"0\"].google_compute_instance.default","module_address":"module.VM[\"0\"]","mode":"managed","type":"google_compute_instance","name":"default","provider_name":"registry.terraform.io/hashicorp/google","change":{"actions":["delete","create"],"before":{"advanced_machine_features":[],"allow_stopping_for_update":true,"attached_disk":[],"boot_disk":[{"auto_delete":true,"device_name":"persistent-disk-0","disk_encryption_key_raw":"","disk_encryption_key_sha256":"","initialize_params":[{"image":"https://www.googleapis.com/compute/v1/projects/rhel-cloud/global/images/rhel-7-v20230411","labels":{},"size":20,"type":"pd-standard"}],"kms_key_self_link":"","mode":"READ_WRITE","source":"https://www.googleapis.com/compute/v1/projects/prj-n-15032023-nprd-uat-svc/zones/asia-south2-a/disks/vm-as2-np-rhel-01"}],"can_ip_forward":false,"confidential_instance_config":[],"cpu_platform":"Intel Broadwell","current_status":"RUNNING","deletion_protection":false,"description":"","desired_status":null,"enable_display":false,"guest_accelerator":[],"hostname":"vm-as2-np-rhel-01.gcpkitchen.live","id":"projects/prj-n-15032023-nprd-uat-svc/zones/asia-south2-a/instances/vm-as2-np-rhel-01","instance_id":"7999548334793194033","label_fingerprint":"BYmnsL8ttSM=","labels":{"env":"1","linux_patch_mgmt":"enabled"},"machine_type":"n1-standard-1","metadata":{"enable-guest-attributes":"TRUE","enable-osconfig":"TRUE","startup-script":"sudo yum -y install google-osconfig-agent"},"metadata_fingerprint":"yItsG1C2tsc=","metadata_startup_script":null,"min_cpu_platform":"","name":"vm-as2-np-rhel-01","network_interface":[{"access_config":[],"alias_ip_range":[],"ipv6_access_config":[],"ipv6_access_type":"","name":"nic0","network":"https://www.googleapis.com/compute/v1/projects/prj-o-15032023-nprd-shr-nw/global/networks/vpc-o-shr-nonprod","network_ip":"10.2.3.9","nic_type":"","queue_count":0,"stack_type":"IPV4_ONLY","subnetwork":"https://www.googleapis.com/compute/v1/projects/prj-o-15032023-nprd-shr-nw/regions/asia-south2/subnetworks/sub-as2-o-shr-nonprod","subnetwork_project":"prj-o-15032023-nprd-shr-nw"}],"project":"prj-n-15032023-nprd-uat-svc","reservation_affinity":[],"resource_policies":[],"scheduling":[{"automatic_restart":false,"instance_termination_action":"","min_node_cpus":0,"node_affinities":[],"on_host_maintenance":"MIGRATE","preemptible":false,"provisioning_model":"STANDARD"}],"scratch_disk":[],"self_link":"https://www.googleapis.com/compute/v1/projects/prj-n-15032023-nprd-uat-svc/zones/asia-south2-a/instances/vm-as2-np-rhel-01","service_account":[{"email":"528659288182-compute@developer.gserviceaccount.com","scopes":["https://www.googleapis.com/auth/cloud-platform"]}],"shielded_instance_config":[{"enable_integrity_monitoring":false,"enable_secure_boot":false,"enable_vtpm":false}],"tags":["nprod-egress-allow","nprod-ingress-allow"],"tags_fingerprint":"tibhG6oT3EU=","timeouts":null,"zone":"asia-south2-a"},"after":{"advanced_machine_features":[],"allow_stopping_for_update":true,"attached_disk":[],"boot_disk":[{"auto_delete":true,"disk_encryption_key_raw":null,"initialize_params":[{"image":"rhel-cloud/rhel-7"}],"mode":"READ_WRITE"}],"can_ip_forward":false,"confidential_instance_config":[{"enable_confidential_compute":false}],"deletion_protection":false,"description":null,"desired_status":null,"enable_display":false,"hostname":"vm-as2-np-rhel-01.gcpkitchen.live","labels":{"env":"1","linux_patch_mgmt":"enabled"},"machine_type":"n1-standard-1","metadata":{"enable-guest-attributes":"TRUE","enable-osconfig":"TRUE","startup-script":"sudo yum -y install google-osconfig-agent"},"metadata_startup_script":null,"name":"vm-as2-np-rhel-01","network_interface":[{"access_config":[],"alias_ip_range":[],"ipv6_access_config":[],"nic_type":null,"queue_count":null,"subnetwork":"projects/prj-o-15032023-nprd-shr-nw/regions/asia-south2/subnetworks/sub-as2-o-shr-nonprod"}],"project":"prj-n-15032023-nprd-uat-svc","resource_policies":null,"scheduling":[{"automatic_restart":false,"instance_termination_action":null,"min_node_cpus":null,"node_affinities":[],"on_host_maintenance":"MIGRATE","preemptible":false}],"scratch_disk":[],"service_account":[{"scopes":["https://www.googleapis.com/auth/cloud-platform"]}],"shielded_instance_config":[{"enable_integrity_monitoring":false,"enable_secure_boot":false,"enable_vtpm":false}],"tags":["nprod-egress-allow","nprod-ingress-allow"],"timeouts":null,"zone":"asia-south2-a"},"after_unknown":{"advanced_machine_features":[],"attached_disk":[],"boot_disk":[{"device_name":true,"disk_encryption_key_sha256":true,"initialize_params":[{"labels":true,"size":true,"type":true}],"kms_key_self_link":true,"source":true}],"confidential_instance_config":[{}],"cpu_platform":true,"current_status":true,"guest_accelerator":true,"id":true,"instance_id":true,"label_fingerprint":true,"labels":{},"metadata":{},"metadata_fingerprint":true,"min_cpu_platform":true,"network_interface":[{"access_config":[],"alias_ip_range":[],"ipv6_access_config":[],"ipv6_access_type":true,"name":true,"network":true,"network_ip":true,"stack_type":true,"subnetwork_project":true}],"reservation_affinity":true,"scheduling":[{"node_affinities":[],"provisioning_model":true}],"scratch_disk":[],"self_link":true,"service_account":[{"email":true,"scopes":[false]}],"shielded_instance_config":[{}],"tags":[false,false],"tags_fingerprint":true},"before_sensitive":{"advanced_machine_features":[],"attached_disk":[],"boot_disk":[{"disk_encryption_key_raw":true,"initialize_params":[{"labels":{}}]}],"confidential_instance_config":[],"guest_accelerator":[],"labels":{},"metadata":{},"network_interface":[{"access_config":[],"alias_ip_range":[],"ipv6_access_config":[]}],"reservation_affinity":[],"resource_policies":[],"scheduling":[{"node_affinities":[]}],"scratch_disk":[],"service_account":[{"scopes":[false]}],"shielded_instance_config":[{}],"tags":[false,false]},"after_sensitive":{"advanced_machine_features":[],"attached_disk":[],"boot_disk":[{"disk_encryption_key_raw":true,"initialize_params":[{"labels":{}}]}],"confidential_instance_config":[{}],"guest_accelerator":[],"labels":{},"metadata":{},"network_interface":[{"access_config":[],"alias_ip_range":[],"ipv6_access_config":[]}],"reservation_affinity":[],"scheduling":[{"node_affinities":[]}],"scratch_disk":[],"service_account":[{"scopes":[false]}],"shielded_instance_config":[{}],"tags":[false,false]},"replace_paths":[["confidential_instance_config"]]},"action_reason":"replace_because_cannot_update"}],"output_changes":{"VMs_Details":{"actions":["update"],"before":{"0":{"instance_details":{"advanced_machine_features":[],"allow_stopping_for_update":true,"attached_disk":[],"boot_disk":[{"auto_delete":true,"device_name":"persistent-disk-0","disk_encryption_key_raw":"","disk_encryption_key_sha256":"","initialize_params":[{"image":"https://www.googleapis.com/compute/v1/projects/rhel-cloud/global/images/rhel-7-v20230411","labels":{},"size":20,"type":"pd-standard"}],"kms_key_self_link":"","mode":"READ_WRITE","source":"https://www.googleapis.com/compute/v1/projects/prj-n-15032023-nprd-uat-svc/zones/asia-south2-a/disks/vm-as2-np-rhel-01"}],"can_ip_forward":false,"confidential_instance_config":[],"cpu_platform":"Intel Broadwell","current_status":"RUNNING","deletion_protection":false,"description":"","desired_status":null,"enable_display":false,"guest_accelerator":[],"hostname":"vm-as2-np-rhel-01.gcpkitchen.live","id":"projects/prj-n-15032023-nprd-uat-svc/zones/asia-south2-a/instances/vm-as2-np-rhel-01","instance_id":"7999548334793194033","label_fingerprint":"BYmnsL8ttSM=","labels":{"env":"1","linux_patch_mgmt":"enabled"},"machine_type":"n1-standard-1","metadata":{"enable-guest-attributes":"TRUE","enable-osconfig":"TRUE","startup-script":"sudo yum -y install google-osconfig-agent"},"metadata_fingerprint":"yItsG1C2tsc=","metadata_startup_script":null,"min_cpu_platform":"","name":"vm-as2-np-rhel-01","network_interface":[{"access_config":[],"alias_ip_range":[],"ipv6_access_config":[],"ipv6_access_type":"","name":"nic0","network":"https://www.googleapis.com/compute/v1/projects/prj-o-15032023-nprd-shr-nw/global/networks/vpc-o-shr-nonprod","network_ip":"10.2.3.9","nic_type":"","queue_count":0,"stack_type":"IPV4_ONLY","subnetwork":"https://www.googleapis.com/compute/v1/projects/prj-o-15032023-nprd-shr-nw/regions/asia-south2/subnetworks/sub-as2-o-shr-nonprod","subnetwork_project":"prj-o-15032023-nprd-shr-nw"}],"project":"prj-n-15032023-nprd-uat-svc","reservation_affinity":[],"resource_policies":null,"scheduling":[{"automatic_restart":false,"instance_termination_action":"","min_node_cpus":0,"node_affinities":[],"on_host_maintenance":"MIGRATE","preemptible":false,"provisioning_model":"STANDARD"}],"scratch_disk":[],"self_link":"https://www.googleapis.com/compute/v1/projects/prj-n-15032023-nprd-uat-svc/zones/asia-south2-a/instances/vm-as2-np-rhel-01","service_account":[{"email":"528659288182-compute@developer.gserviceaccount.com","scopes":["https://www.googleapis.com/auth/cloud-platform"]}],"shielded_instance_config":[{"enable_integrity_monitoring":false,"enable_secure_boot":false,"enable_vtpm":false}],"tags":["nprod-egress-allow","nprod-ingress-allow"],"tags_fingerprint":"tibhG6oT3EU=","timeouts":null,"zone":"asia-south2-a"}}},"after":{"0":{"instance_details":{"advanced_machine_features":[],"allow_stopping_for_update":true,"attached_disk":[],"boot_disk":[{"auto_delete":true,"disk_encryption_key_raw":null,"initialize_params":[{"image":"rhel-cloud/rhel-7"}],"mode":"READ_WRITE"}],"can_ip_forward":false,"confidential_instance_config":[{"enable_confidential_compute":false}],"deletion_protection":false,"description":null,"desired_status":null,"enable_display":false,"hostname":"vm-as2-np-rhel-01.gcpkitchen.live","labels":{"env":"1","linux_patch_mgmt":"enabled"},"machine_type":"n1-standard-1","metadata":{"enable-guest-attributes":"TRUE","enable-osconfig":"TRUE","startup-script":"sudo yum -y install google-osconfig-agent"},"metadata_startup_script":null,"name":"vm-as2-np-rhel-01","network_interface":[{"access_config":[],"alias_ip_range":[],"ipv6_access_config":[],"nic_type":null,"queue_count":null,"subnetwork":"projects/prj-o-15032023-nprd-shr-nw/regions/asia-south2/subnetworks/sub-as2-o-shr-nonprod"}],"project":"prj-n-15032023-nprd-uat-svc","resource_policies":null,"scheduling":[{"automatic_restart":false,"instance_termination_action":null,"min_node_cpus":null,"node_affinities":[],"on_host_maintenance":"MIGRATE","preemptible":false}],"scratch_disk":[],"service_account":[{"scopes":["https://www.googleapis.com/auth/cloud-platform"]}],"shielded_instance_config":[{"enable_integrity_monitoring":false,"enable_secure_boot":false,"enable_vtpm":false}],"tags":["nprod-egress-allow","nprod-ingress-allow"],"timeouts":null,"zone":"asia-south2-a"}}},"after_unknown":{"0":{"instance_details":{"advanced_machine_features":[],"attached_disk":[],"boot_disk":[{"device_name":true,"disk_encryption_key_sha256":true,"initialize_params":[{"labels":true,"size":true,"type":true}],"kms_key_self_link":true,"source":true}],"confidential_instance_config":[{}],"cpu_platform":true,"current_status":true,"guest_accelerator":true,"id":true,"instance_id":true,"label_fingerprint":true,"labels":{},"metadata":{},"metadata_fingerprint":true,"min_cpu_platform":true,"network_interface":[{"access_config":[],"alias_ip_range":[],"ipv6_access_config":[],"ipv6_access_type":true,"name":true,"network":true,"network_ip":true,"stack_type":true,"subnetwork_project":true}],"reservation_affinity":true,"scheduling":[{"node_affinities":[],"provisioning_model":true}],"scratch_disk":[],"self_link":true,"service_account":[{"email":true,"scopes":[false]}],"shielded_instance_config":[{}],"tags":[false,false],"tags_fingerprint":true}}},"before_sensitive":true,"after_sensitive":true}},"prior_state":{"format_version":"1.0","terraform_version":"1.4.5","values":{"outputs":{"VMs_Details":{"sensitive":true,"value":{"0":{"instance_details":{"advanced_machine_features":[],"allow_stopping_for_update":true,"attached_disk":[],"boot_disk":[{"auto_delete":true,"device_name":"persistent-disk-0","disk_encryption_key_raw":"","disk_encryption_key_sha256":"","initialize_params":[{"image":"https://www.googleapis.com/compute/v1/projects/rhel-cloud/global/images/rhel-7-v20230411","labels":{},"size":20,"type":"pd-standard"}],"kms_key_self_link":"","mode":"READ_WRITE","source":"https://www.googleapis.com/compute/v1/projects/prj-n-15032023-nprd-uat-svc/zones/asia-south2-a/disks/vm-as2-np-rhel-01"}],"can_ip_forward":false,"confidential_instance_config":[],"cpu_platform":"Intel Broadwell","current_status":"RUNNING","deletion_protection":false,"description":"","desired_status":null,"enable_display":false,"guest_accelerator":[],"hostname":"vm-as2-np-rhel-01.gcpkitchen.live","id":"projects/prj-n-15032023-nprd-uat-svc/zones/asia-south2-a/instances/vm-as2-np-rhel-01","instance_id":"7999548334793194033","label_fingerprint":"BYmnsL8ttSM=","labels":{"env":"1","linux_patch_mgmt":"enabled"},"machine_type":"n1-standard-1","metadata":{"enable-guest-attributes":"TRUE","enable-osconfig":"TRUE","startup-script":"sudo yum -y install google-osconfig-agent"},"metadata_fingerprint":"yItsG1C2tsc=","metadata_startup_script":null,"min_cpu_platform":"","name":"vm-as2-np-rhel-01","network_interface":[{"access_config":[],"alias_ip_range":[],"ipv6_access_config":[],"ipv6_access_type":"","name":"nic0","network":"https://www.googleapis.com/compute/v1/projects/prj-o-15032023-nprd-shr-nw/global/networks/vpc-o-shr-nonprod","network_ip":"10.2.3.9","nic_type":"","queue_count":0,"stack_type":"IPV4_ONLY","subnetwork":"https://www.googleapis.com/compute/v1/projects/prj-o-15032023-nprd-shr-nw/regions/asia-south2/subnetworks/sub-as2-o-shr-nonprod","subnetwork_project":"prj-o-15032023-nprd-shr-nw"}],"project":"prj-n-15032023-nprd-uat-svc","reservation_affinity":[],"resource_policies":null,"scheduling":[{"automatic_restart":false,"instance_termination_action":"","min_node_cpus":0,"node_affinities":[],"on_host_maintenance":"MIGRATE","preemptible":false,"provisioning_model":"STANDARD"}],"scratch_disk":[],"self_link":"https://www.googleapis.com/compute/v1/projects/prj-n-15032023-nprd-uat-svc/zones/asia-south2-a/instances/vm-as2-np-rhel-01","service_account":[{"email":"528659288182-compute@developer.gserviceaccount.com","scopes":["https://www.googleapis.com/auth/cloud-platform"]}],"shielded_instance_config":[{"enable_integrity_monitoring":false,"enable_secure_boot":false,"enable_vtpm":false}],"tags":["nprod-egress-allow","nprod-ingress-allow"],"tags_fingerprint":"tibhG6oT3EU=","timeouts":null,"zone":"asia-south2-a"}}},"type":["object",{"0":["object",{"instance_details":["object",{"advanced_machine_features":["list",["object",{"enable_nested_virtualization":"bool","threads_per_core":"number","visible_core_count":"number"}]],"allow_stopping_for_update":"bool","attached_disk":["list",["object",{"device_name":"string","disk_encryption_key_raw":"string","disk_encryption_key_sha256":"string","kms_key_self_link":"string","mode":"string","source":"string"}]],"boot_disk":["list",["object",{"auto_delete":"bool","device_name":"string","disk_encryption_key_raw":"string","disk_encryption_key_sha256":"string","initialize_params":["list",["object",{"image":"string","labels":["map","string"],"size":"number","type":"string"}]],"kms_key_self_link":"string","mode":"string","source":"string"}]],"can_ip_forward":"bool","confidential_instance_config":["list",["object",{"enable_confidential_compute":"bool"}]],"cpu_platform":"string","current_status":"string","deletion_protection":"bool","description":"string","desired_status":"string","enable_display":"bool","guest_accelerator":["list",["object",{"count":"number","type":"string"}]],"hostname":"string","id":"string","instance_id":"string","label_fingerprint":"string","labels":["map","string"],"machine_type":"string","metadata":["map","string"],"metadata_fingerprint":"string","metadata_startup_script":"string","min_cpu_platform":"string","name":"string","network_interface":["list",["object",{"access_config":["list",["object",{"nat_ip":"string","network_tier":"string","public_ptr_domain_name":"string"}]],"alias_ip_range":["list",["object",{"ip_cidr_range":"string","subnetwork_range_name":"string"}]],"ipv6_access_config":["list",["object",{"external_ipv6":"string","external_ipv6_prefix_length":"string","network_tier":"string","public_ptr_domain_name":"string"}]],"ipv6_access_type":"string","name":"string","network":"string","network_ip":"string","nic_type":"string","queue_count":"number","stack_type":"string","subnetwork":"string","subnetwork_project":"string"}]],"project":"string","reservation_affinity":["list",["object",{"specific_reservation":["list",["object",{"key":"string","values":["list","string"]}]],"type":"string"}]],"resource_policies":["list","string"],"scheduling":["list",["object",{"automatic_restart":"bool","instance_termination_action":"string","min_node_cpus":"number","node_affinities":["set",["object",{"key":"string","operator":"string","values":["set","string"]}]],"on_host_maintenance":"string","preemptible":"bool","provisioning_model":"string"}]],"scratch_disk":["list",["object",{"interface":"string","size":"number"}]],"self_link":"string","service_account":["list",["object",{"email":"string","scopes":["set","string"]}]],"shielded_instance_config":["list",["object",{"enable_integrity_monitoring":"bool","enable_secure_boot":"bool","enable_vtpm":"bool"}]],"tags":["set","string"],"tags_fingerprint":"string","timeouts":["object",{"create":"string","delete":"string","update":"string"}],"zone":"string"}]}]}]}},"root_module":{"child_modules":[{"resources":[{"address":"module.VM[\"0\"].google_compute_instance.default","mode":"managed","type":"google_compute_instance","name":"default","provider_name":"registry.terraform.io/hashicorp/google","schema_version":6,"values":{"advanced_machine_features":[],"allow_stopping_for_update":true,"attached_disk":[],"boot_disk":[{"auto_delete":true,"device_name":"persistent-disk-0","disk_encryption_key_raw":"","disk_encryption_key_sha256":"","initialize_params":[{"image":"https://www.googleapis.com/compute/v1/projects/rhel-cloud/global/images/rhel-7-v20230411","labels":{},"size":20,"type":"pd-standard"}],"kms_key_self_link":"","mode":"READ_WRITE","source":"https://www.googleapis.com/compute/v1/projects/prj-n-15032023-nprd-uat-svc/zones/asia-south2-a/disks/vm-as2-np-rhel-01"}],"can_ip_forward":false,"confidential_instance_config":[],"cpu_platform":"Intel Broadwell","current_status":"RUNNING","deletion_protection":false,"description":"","desired_status":null,"enable_display":false,"guest_accelerator":[],"hostname":"vm-as2-np-rhel-01.gcpkitchen.live","id":"projects/prj-n-15032023-nprd-uat-svc/zones/asia-south2-a/instances/vm-as2-np-rhel-01","instance_id":"7999548334793194033","label_fingerprint":"BYmnsL8ttSM=","labels":{"env":"1","linux_patch_mgmt":"enabled"},"machine_type":"n1-standard-1","metadata":{"enable-guest-attributes":"TRUE","enable-osconfig":"TRUE","startup-script":"sudo yum -y install google-osconfig-agent"},"metadata_fingerprint":"yItsG1C2tsc=","metadata_startup_script":null,"min_cpu_platform":"","name":"vm-as2-np-rhel-01","network_interface":[{"access_config":[],"alias_ip_range":[],"ipv6_access_config":[],"ipv6_access_type":"","name":"nic0","network":"https://www.googleapis.com/compute/v1/projects/prj-o-15032023-nprd-shr-nw/global/networks/vpc-o-shr-nonprod","network_ip":"10.2.3.9","nic_type":"","queue_count":0,"stack_type":"IPV4_ONLY","subnetwork":"https://www.googleapis.com/compute/v1/projects/prj-o-15032023-nprd-shr-nw/regions/asia-south2/subnetworks/sub-as2-o-shr-nonprod","subnetwork_project":"prj-o-15032023-nprd-shr-nw"}],"project":"prj-n-15032023-nprd-uat-svc","reservation_affinity":[],"resource_policies":[],"scheduling":[{"automatic_restart":false,"instance_termination_action":"","min_node_cpus":0,"node_affinities":[],"on_host_maintenance":"MIGRATE","preemptible":false,"provisioning_model":"STANDARD"}],"scratch_disk":[],"self_link":"https://www.googleapis.com/compute/v1/projects/prj-n-15032023-nprd-uat-svc/zones/asia-south2-a/instances/vm-as2-np-rhel-01","service_account":[{"email":"528659288182-compute@developer.gserviceaccount.com","scopes":["https://www.googleapis.com/auth/cloud-platform"]}],"shielded_instance_config":[{"enable_integrity_monitoring":false,"enable_secure_boot":false,"enable_vtpm":false}],"tags":["nprod-egress-allow","nprod-ingress-allow"],"tags_fingerprint":"tibhG6oT3EU=","timeouts":null,"zone":"asia-south2-a"},"sensitive_values":{"advanced_machine_features":[],"attached_disk":[],"boot_disk":[{"initialize_params":[{"labels":{}}]}],"confidential_instance_config":[],"guest_accelerator":[],"labels":{},"metadata":{},"network_interface":[{"access_config":[],"alias_ip_range":[],"ipv6_access_config":[]}],"reservation_affinity":[],"resource_policies":[],"scheduling":[{"node_affinities":[]}],"scratch_disk":[],"service_account":[{"scopes":[false]}],"shielded_instance_config":[{}],"tags":[false,false]}}],"address":"module.VM[\"0\"]"}]}}},"configuration":{"provider_config":{"google":{"name":"google","full_name":"registry.terraform.io/hashicorp/google","expressions":{"project":{"references":["var.project_id"]}}},"google-beta":{"name":"google-beta","full_name":"registry.terraform.io/hashicorp/google-beta","expressions":{"project":{"references":["var.project_id"]}}}},"root_module":{"outputs":{"VMs_Details":{"sensitive":true,"expression":{"references":["module.VM"]},"description":"The detail of the instances being created"}},"module_calls":{"VM":{"source":"git::https://github.com/Terra-GCP/gcp-kitchen-modules//terraform-google-cloud-instance","expressions":{"hostname":{"references":["each.value.hostname","each.value"]},"image":{"references":["each.value.image","each.value"]},"labels":{"references":["each.value.labels","each.value"]},"machine_type":{"references":["each.value.machine_type","each.value"]},"metadata":{"references":["each.value.metadata","each.value"]},"name":{"references":["each.value.name","each.value"]},"project_id":{"references":["each.value.project_id","each.value"]},"service_account_scopes":{"references":["each.value.service_account_scopes","each.value"]},"subnet":{"references":["each.value.subnet","each.value"]},"tags":{"references":["each.value.tags","each.value"]},"zone":{"references":["each.value.zone","each.value"]}},"for_each_expression":{"references":["var.vms"]},"module":{"outputs":{"instance_details":{"expression":{"references":["google_compute_instance.default"]},"description":"Google Cloud Instance Details"}},"resources":[{"address":"google_compute_instance.default","mode":"managed","type":"google_compute_instance","name":"default","provider_config_key":"google","expressions":{"allow_stopping_for_update":{"references":["var.update_properties"]},"boot_disk":[{"initialize_params":[{"image":{"references":["var.image"]}}]}],"can_ip_forward":{"references":["var.can_ip_forward"]},"confidential_instance_config":[{"enable_confidential_compute":{"references":["var.confidential__mode"]}}],"deletion_protection":{"references":["var.deletion_protection"]},"enable_display":{"references":["var.enable_display"]},"hostname":{"references":["var.hostname"]},"labels":{"references":["var.labels"]},"machine_type":{"references":["var.machine_type"]},"metadata":{"references":["var.metadata"]},"name":{"references":["var.name"]},"network_interface":[{"subnetwork":{"references":["var.subnet"]}}],"project":{"references":["var.project_id"]},"scheduling":[{"automatic_restart":{"references":["var.auto_restart"]},"on_host_maintenance":{"references":["var.on_host_maintenance"]},"preemptible":{"references":["var.preemptible"]}}],"service_account":[{"email":{"references":["var.service_account_email"]},"scopes":{"references":["var.service_account_scopes"]}}],"shielded_instance_config":[{"enable_integrity_monitoring":{"references":["var.integrity_monitoring"]},"enable_secure_boot":{"references":["var.secure_boot"]},"enable_vtpm":{"references":["var.vtpm"]}}],"tags":{"references":["var.tags"]},"zone":{"references":["var.zone"]}},"schema_version":6}],"variables":{"auto_restart":{"default":false,"description":"Auto restart policy during host maintenance"},"can_ip_forward":{"default":false,"description":"IP Forward option to be used or not"},"confidential__mode":{"default":false,"description":"Defines whether the instance should have confidential compute enabled."},"deletion_protection":{"default":false,"description":"Enable/Disable deletion protection on the instance"},"enable_display":{"default":false,"description":"Enable/Disable Virtual Displays on the instance"},"hostname":{"description":"A custom hostname for the instance"},"image":{"default":"debian-cloud/debian-9","description":"The image from which to initialize this disk"},"integrity_monitoring":{"default":false,"description":"Compare the most recent boot measurements to the integrity policy baseline and return a pair of pass/fail"},"labels":{"default":{},"description":"A map of key/value label pairs to assign to the instance"},"machine_type":{"description":"The machine Type of VM"},"metadata":{"default":{},"description":"Metadata key/value pairs to make available from within the instance"},"name":{"description":"Name of the VM"},"on_host_maintenance":{"default":"MIGRATE","description":"During host maintenance it'll migrate the VM on another host"},"preemptible":{"default":false,"description":"Specifies if the instance is preemptible"},"project_id":{"description":"The project id for putting the VM"},"secure_boot":{"default":false,"description":"Verify the digital signature of all boot components, and halt the boot process if signature verification fails"},"service_account_email":{"default":"","description":"The service account e-mail address"},"service_account_scopes":{"default":[],"description":"A list of service scopes. Both OAuth2 URLs and gcloud short names are supported. To allow full access to all Cloud APIs, use the cloud-platform scope"},"subnet":{"description":"The name or self_link of the subnetwork to attach the interface to"},"tags":{"default":[],"description":"A list of network tags to attach to the instance"},"update_properties":{"default":true,"description":" Allow/Deny Terraform to stop the instance to update its properties"},"vtpm":{"default":false,"description":"Use a virtualized trusted platform module, which is a specialized computer chip you can use to encrypt objects like keys and certificates."},"zone":{"default":"","description":"The zone that the machine should be created in"}}}}},"variables":{"project_id":{"default":"prj-o-15032023-tf-demand-sa"},"vms":{}}}},"relevant_attributes":[{"resource":"module.VM[\"0\"].google_compute_instance.default","attribute":[]},{"resource":"module.VM.google_compute_instance.default","attribute":[]}]}
