{
  "version": 4,
  "terraform_version": "1.3.9",
  "serial": 162,
  "lineage": "b5b1ea00-f891-2cc0-2e3c-8db913ebeb13",
  "outputs": {
    "Billing_IAM_Binding_Details": {
      "value": {},
      "type": [
        "object",
        {}
      ]
    },
    "Folder_IAM_Binding_Details": {
      "value": {
        "0": {
          "folder_iam_binding_details": [
            {
              "condition": [],
              "etag": "BwX2xYNqn9M=",
              "folder": "folders/748041782948",
              "id": "folders/748041782948/roles/resourcemanager.projectCreator",
              "members": [
                "user:ayush.shukla@hcl.com",
                "user:niketa.kulshrestha@hcl.com",
                "user:parteek.s@hcl.com",
                "user:premkumar-r@hcl.com",
                "user:vandana_sharma@hcl.com"
              ],
              "role": "roles/resourcemanager.projectCreator"
            },
            {
              "condition": [],
              "etag": "BwX2xYNqn9M=",
              "folder": "folders/748041782948",
              "id": "folders/748041782948/roles/editor",
              "members": [
                "user:ayush.shukla@hcl.com",
                "user:niketa.kulshrestha@hcl.com",
                "user:parteek.s@hcl.com",
                "user:premkumar-r@hcl.com",
                "user:vandana_sharma@hcl.com"
              ],
              "role": "roles/editor"
            }
          ]
        }
      },
      "type": [
        "object",
        {
          "0": [
            "object",
            {
              "folder_iam_binding_details": [
                "tuple",
                [
                  [
                    "object",
                    {
                      "condition": [
                        "list",
                        [
                          "object",
                          {
                            "description": "string",
                            "expression": "string",
                            "title": "string"
                          }
                        ]
                      ],
                      "etag": "string",
                      "folder": "string",
                      "id": "string",
                      "members": [
                        "set",
                        "string"
                      ],
                      "role": "string"
                    }
                  ],
                  [
                    "object",
                    {
                      "condition": [
                        "list",
                        [
                          "object",
                          {
                            "description": "string",
                            "expression": "string",
                            "title": "string"
                          }
                        ]
                      ],
                      "etag": "string",
                      "folder": "string",
                      "id": "string",
                      "members": [
                        "set",
                        "string"
                      ],
                      "role": "string"
                    }
                  ]
                ]
              ]
            }
          ]
        }
      ]
    },
    "Folder_IAM_Member_Details": {
      "value": {
        "0": {
          "folder_iam_member_details": [
            {
              "condition": [],
              "etag": "BwX2xYNqn9M=",
              "folder": "folders/748041782948",
              "id": "folders/748041782948/roles/resourcemanager.folderAdmin/user:niketa.kulshrestha@hcl.com",
              "member": "user:niketa.kulshrestha@hcl.com",
              "role": "roles/resourcemanager.folderAdmin"
            },
            {
              "condition": [],
              "etag": "BwX2xYNqn9M=",
              "folder": "folders/748041782948",
              "id": "folders/748041782948/roles/resourcemanager.folderAdmin/user:ayush.shukla@hcl.com",
              "member": "user:ayush.shukla@hcl.com",
              "role": "roles/resourcemanager.folderAdmin"
            },
            {
              "condition": [],
              "etag": "BwX2xYNqn9M=",
              "folder": "folders/748041782948",
              "id": "folders/748041782948/roles/resourcemanager.folderAdmin/user:parteek.s@hcl.com",
              "member": "user:parteek.s@hcl.com",
              "role": "roles/resourcemanager.folderAdmin"
            },
            {
              "condition": [],
              "etag": "BwX2xYNqn9M=",
              "folder": "folders/748041782948",
              "id": "folders/748041782948/roles/resourcemanager.folderAdmin/user:vandana_sharma@hcl.com",
              "member": "user:vandana_sharma@hcl.com",
              "role": "roles/resourcemanager.folderAdmin"
            },
            {
              "condition": [],
              "etag": "BwX2xYNqn9M=",
              "folder": "folders/748041782948",
              "id": "folders/748041782948/roles/resourcemanager.folderAdmin/user:premkumar-r@hcl.com",
              "member": "user:premkumar-r@hcl.com",
              "role": "roles/resourcemanager.folderAdmin"
            }
          ]
        },
        "1": {
          "folder_iam_member_details": [
            {
              "condition": [],
              "etag": "BwX2xYFX8vs=",
              "folder": "folders/298748250033",
              "id": "folders/298748250033/roles/resourcemanager.folderAdmin/user:parteek.s@hcl.com",
              "member": "user:parteek.s@hcl.com",
              "role": "roles/resourcemanager.folderAdmin"
            }
          ]
        },
        "2": {
          "folder_iam_member_details": [
            {
              "condition": [],
              "etag": "BwX2xYFkMv4=",
              "folder": "folders/694291906249",
              "id": "folders/694291906249/roles/resourcemanager.folderAdmin/user:vandana_sharma@hcl.com",
              "member": "user:vandana_sharma@hcl.com",
              "role": "roles/resourcemanager.folderAdmin"
            }
          ]
        }
      },
      "type": [
        "object",
        {
          "0": [
            "object",
            {
              "folder_iam_member_details": [
                "tuple",
                [
                  [
                    "object",
                    {
                      "condition": [
                        "list",
                        [
                          "object",
                          {
                            "description": "string",
                            "expression": "string",
                            "title": "string"
                          }
                        ]
                      ],
                      "etag": "string",
                      "folder": "string",
                      "id": "string",
                      "member": "string",
                      "role": "string"
                    }
                  ],
                  [
                    "object",
                    {
                      "condition": [
                        "list",
                        [
                          "object",
                          {
                            "description": "string",
                            "expression": "string",
                            "title": "string"
                          }
                        ]
                      ],
                      "etag": "string",
                      "folder": "string",
                      "id": "string",
                      "member": "string",
                      "role": "string"
                    }
                  ],
                  [
                    "object",
                    {
                      "condition": [
                        "list",
                        [
                          "object",
                          {
                            "description": "string",
                            "expression": "string",
                            "title": "string"
                          }
                        ]
                      ],
                      "etag": "string",
                      "folder": "string",
                      "id": "string",
                      "member": "string",
                      "role": "string"
                    }
                  ],
                  [
                    "object",
                    {
                      "condition": [
                        "list",
                        [
                          "object",
                          {
                            "description": "string",
                            "expression": "string",
                            "title": "string"
                          }
                        ]
                      ],
                      "etag": "string",
                      "folder": "string",
                      "id": "string",
                      "member": "string",
                      "role": "string"
                    }
                  ],
                  [
                    "object",
                    {
                      "condition": [
                        "list",
                        [
                          "object",
                          {
                            "description": "string",
                            "expression": "string",
                            "title": "string"
                          }
                        ]
                      ],
                      "etag": "string",
                      "folder": "string",
                      "id": "string",
                      "member": "string",
                      "role": "string"
                    }
                  ]
                ]
              ]
            }
          ],
          "1": [
            "object",
            {
              "folder_iam_member_details": [
                "tuple",
                [
                  [
                    "object",
                    {
                      "condition": [
                        "list",
                        [
                          "object",
                          {
                            "description": "string",
                            "expression": "string",
                            "title": "string"
                          }
                        ]
                      ],
                      "etag": "string",
                      "folder": "string",
                      "id": "string",
                      "member": "string",
                      "role": "string"
                    }
                  ]
                ]
              ]
            }
          ],
          "2": [
            "object",
            {
              "folder_iam_member_details": [
                "tuple",
                [
                  [
                    "object",
                    {
                      "condition": [
                        "list",
                        [
                          "object",
                          {
                            "description": "string",
                            "expression": "string",
                            "title": "string"
                          }
                        ]
                      ],
                      "etag": "string",
                      "folder": "string",
                      "id": "string",
                      "member": "string",
                      "role": "string"
                    }
                  ]
                ]
              ]
            }
          ]
        }
      ]
    },
    "Folder_Policy_Details": {
      "value": {
        "0": {
          "allowed_folder_policy_details": [
            {
              "boolean_policy": [],
              "constraint": "constraints/gcp.resourceLocations",
              "etag": "CKaQyKAGENC3kdwD",
              "folder": "694291906249",
              "id": "694291906249/gcp.resourceLocations",
              "list_policy": [
                {
                  "allow": [
                    {
                      "all": false,
                      "values": [
                        "europe-north1",
                        "europe-west1",
                        "northamerica-northeast1",
                        "us-central1"
                      ]
                    }
                  ],
                  "deny": [],
                  "inherit_from_parent": false,
                  "suggested_value": ""
                }
              ],
              "restore_policy": [],
              "timeouts": null,
              "update_time": "2023-03-15T18:02:14.998530Z",
              "version": 0
            }
          ],
          "denied_folder_policy_details": [],
          "excluded_folder_policy_details": []
        },
        "1": {
          "allowed_folder_policy_details": [
            {
              "boolean_policy": [],
              "constraint": "constraints/gcp.resourceLocations",
              "etag": "CKaQyKAGEPD5v60D",
              "folder": "298748250033",
              "id": "298748250033/gcp.resourceLocations",
              "list_policy": [
                {
                  "allow": [
                    {
                      "all": false,
                      "values": [
                        "asia-south1",
                        "asia-south2"
                      ]
                    }
                  ],
                  "deny": [],
                  "inherit_from_parent": false,
                  "suggested_value": ""
                }
              ],
              "restore_policy": [],
              "timeouts": null,
              "update_time": "2023-03-15T18:02:14.900726Z",
              "version": 0
            }
          ],
          "denied_folder_policy_details": [],
          "excluded_folder_policy_details": []
        },
        "2": {
          "allowed_folder_policy_details": [
            {
              "boolean_policy": [],
              "constraint": "constraints/compute.trustedImageProjects",
              "etag": "CK7zu6AGEIi+Ig==",
              "folder": "694291906249",
              "id": "694291906249/compute.trustedImageProjects",
              "list_policy": [
                {
                  "allow": [
                    {
                      "all": false,
                      "values": [
                        "projects/debian-cloud",
                        "projects/rhel-cloud",
                        "projects/ubuntu-os-cloud",
                        "projects/windows-cloud",
                        "projects/windows-sql-cloud"
                      ]
                    }
                  ],
                  "deny": [],
                  "inherit_from_parent": false,
                  "suggested_value": ""
                }
              ],
              "restore_policy": [],
              "timeouts": null,
              "update_time": "2023-03-13T10:23:42.000565Z",
              "version": 0
            }
          ],
          "denied_folder_policy_details": [],
          "excluded_folder_policy_details": []
        },
        "3": {
          "allowed_folder_policy_details": [
            {
              "boolean_policy": [],
              "constraint": "constraints/compute.trustedImageProjects",
              "etag": "CK7zu6AGENjrlQE=",
              "folder": "298748250033",
              "id": "298748250033/compute.trustedImageProjects",
              "list_policy": [
                {
                  "allow": [
                    {
                      "all": false,
                      "values": [
                        "projects/rhel-cloud",
                        "projects/ubuntu-os-cloud",
                        "projects/windows-cloud"
                      ]
                    }
                  ],
                  "deny": [],
                  "inherit_from_parent": false,
                  "suggested_value": ""
                }
              ],
              "restore_policy": [],
              "timeouts": null,
              "update_time": "2023-03-13T10:23:42.002455Z",
              "version": 0
            }
          ],
          "denied_folder_policy_details": [],
          "excluded_folder_policy_details": []
        },
        "4": {
          "allowed_folder_policy_details": [],
          "denied_folder_policy_details": [
            {
              "boolean_policy": [],
              "constraint": "constraints/compute.vmExternalIpAccess",
              "etag": "CK/zu6AGEPimiu4B",
              "folder": "426526036669",
              "id": "426526036669/compute.vmExternalIpAccess",
              "list_policy": [
                {
                  "allow": [],
                  "deny": [
                    {
                      "all": true,
                      "values": []
                    }
                  ],
                  "inherit_from_parent": false,
                  "suggested_value": ""
                }
              ],
              "restore_policy": [],
              "timeouts": null,
              "update_time": "2023-03-13T10:23:43.499291Z",
              "version": 0
            }
          ],
          "excluded_folder_policy_details": []
        }
      },
      "type": [
        "object",
        {
          "0": [
            "object",
            {
              "allowed_folder_policy_details": [
                "tuple",
                [
                  [
                    "object",
                    {
                      "boolean_policy": [
                        "list",
                        [
                          "object",
                          {
                            "enforced": "bool"
                          }
                        ]
                      ],
                      "constraint": "string",
                      "etag": "string",
                      "folder": "string",
                      "id": "string",
                      "list_policy": [
                        "list",
                        [
                          "object",
                          {
                            "allow": [
                              "list",
                              [
                                "object",
                                {
                                  "all": "bool",
                                  "values": [
                                    "set",
                                    "string"
                                  ]
                                }
                              ]
                            ],
                            "deny": [
                              "list",
                              [
                                "object",
                                {
                                  "all": "bool",
                                  "values": [
                                    "set",
                                    "string"
                                  ]
                                }
                              ]
                            ],
                            "inherit_from_parent": "bool",
                            "suggested_value": "string"
                          }
                        ]
                      ],
                      "restore_policy": [
                        "list",
                        [
                          "object",
                          {
                            "default": "bool"
                          }
                        ]
                      ],
                      "timeouts": [
                        "object",
                        {
                          "create": "string",
                          "delete": "string",
                          "read": "string",
                          "update": "string"
                        }
                      ],
                      "update_time": "string",
                      "version": "number"
                    }
                  ]
                ]
              ],
              "denied_folder_policy_details": [
                "tuple",
                []
              ],
              "excluded_folder_policy_details": [
                "tuple",
                []
              ]
            }
          ],
          "1": [
            "object",
            {
              "allowed_folder_policy_details": [
                "tuple",
                [
                  [
                    "object",
                    {
                      "boolean_policy": [
                        "list",
                        [
                          "object",
                          {
                            "enforced": "bool"
                          }
                        ]
                      ],
                      "constraint": "string",
                      "etag": "string",
                      "folder": "string",
                      "id": "string",
                      "list_policy": [
                        "list",
                        [
                          "object",
                          {
                            "allow": [
                              "list",
                              [
                                "object",
                                {
                                  "all": "bool",
                                  "values": [
                                    "set",
                                    "string"
                                  ]
                                }
                              ]
                            ],
                            "deny": [
                              "list",
                              [
                                "object",
                                {
                                  "all": "bool",
                                  "values": [
                                    "set",
                                    "string"
                                  ]
                                }
                              ]
                            ],
                            "inherit_from_parent": "bool",
                            "suggested_value": "string"
                          }
                        ]
                      ],
                      "restore_policy": [
                        "list",
                        [
                          "object",
                          {
                            "default": "bool"
                          }
                        ]
                      ],
                      "timeouts": [
                        "object",
                        {
                          "create": "string",
                          "delete": "string",
                          "read": "string",
                          "update": "string"
                        }
                      ],
                      "update_time": "string",
                      "version": "number"
                    }
                  ]
                ]
              ],
              "denied_folder_policy_details": [
                "tuple",
                []
              ],
              "excluded_folder_policy_details": [
                "tuple",
                []
              ]
            }
          ],
          "2": [
            "object",
            {
              "allowed_folder_policy_details": [
                "tuple",
                [
                  [
                    "object",
                    {
                      "boolean_policy": [
                        "list",
                        [
                          "object",
                          {
                            "enforced": "bool"
                          }
                        ]
                      ],
                      "constraint": "string",
                      "etag": "string",
                      "folder": "string",
                      "id": "string",
                      "list_policy": [
                        "list",
                        [
                          "object",
                          {
                            "allow": [
                              "list",
                              [
                                "object",
                                {
                                  "all": "bool",
                                  "values": [
                                    "set",
                                    "string"
                                  ]
                                }
                              ]
                            ],
                            "deny": [
                              "list",
                              [
                                "object",
                                {
                                  "all": "bool",
                                  "values": [
                                    "set",
                                    "string"
                                  ]
                                }
                              ]
                            ],
                            "inherit_from_parent": "bool",
                            "suggested_value": "string"
                          }
                        ]
                      ],
                      "restore_policy": [
                        "list",
                        [
                          "object",
                          {
                            "default": "bool"
                          }
                        ]
                      ],
                      "timeouts": [
                        "object",
                        {
                          "create": "string",
                          "delete": "string",
                          "read": "string",
                          "update": "string"
                        }
                      ],
                      "update_time": "string",
                      "version": "number"
                    }
                  ]
                ]
              ],
              "denied_folder_policy_details": [
                "tuple",
                []
              ],
              "excluded_folder_policy_details": [
                "tuple",
                []
              ]
            }
          ],
          "3": [
            "object",
            {
              "allowed_folder_policy_details": [
                "tuple",
                [
                  [
                    "object",
                    {
                      "boolean_policy": [
                        "list",
                        [
                          "object",
                          {
                            "enforced": "bool"
                          }
                        ]
                      ],
                      "constraint": "string",
                      "etag": "string",
                      "folder": "string",
                      "id": "string",
                      "list_policy": [
                        "list",
                        [
                          "object",
                          {
                            "allow": [
                              "list",
                              [
                                "object",
                                {
                                  "all": "bool",
                                  "values": [
                                    "set",
                                    "string"
                                  ]
                                }
                              ]
                            ],
                            "deny": [
                              "list",
                              [
                                "object",
                                {
                                  "all": "bool",
                                  "values": [
                                    "set",
                                    "string"
                                  ]
                                }
                              ]
                            ],
                            "inherit_from_parent": "bool",
                            "suggested_value": "string"
                          }
                        ]
                      ],
                      "restore_policy": [
                        "list",
                        [
                          "object",
                          {
                            "default": "bool"
                          }
                        ]
                      ],
                      "timeouts": [
                        "object",
                        {
                          "create": "string",
                          "delete": "string",
                          "read": "string",
                          "update": "string"
                        }
                      ],
                      "update_time": "string",
                      "version": "number"
                    }
                  ]
                ]
              ],
              "denied_folder_policy_details": [
                "tuple",
                []
              ],
              "excluded_folder_policy_details": [
                "tuple",
                []
              ]
            }
          ],
          "4": [
            "object",
            {
              "allowed_folder_policy_details": [
                "tuple",
                []
              ],
              "denied_folder_policy_details": [
                "tuple",
                [
                  [
                    "object",
                    {
                      "boolean_policy": [
                        "list",
                        [
                          "object",
                          {
                            "enforced": "bool"
                          }
                        ]
                      ],
                      "constraint": "string",
                      "etag": "string",
                      "folder": "string",
                      "id": "string",
                      "list_policy": [
                        "list",
                        [
                          "object",
                          {
                            "allow": [
                              "list",
                              [
                                "object",
                                {
                                  "all": "bool",
                                  "values": [
                                    "set",
                                    "string"
                                  ]
                                }
                              ]
                            ],
                            "deny": [
                              "list",
                              [
                                "object",
                                {
                                  "all": "bool",
                                  "values": [
                                    "set",
                                    "string"
                                  ]
                                }
                              ]
                            ],
                            "inherit_from_parent": "bool",
                            "suggested_value": "string"
                          }
                        ]
                      ],
                      "restore_policy": [
                        "list",
                        [
                          "object",
                          {
                            "default": "bool"
                          }
                        ]
                      ],
                      "timeouts": [
                        "object",
                        {
                          "create": "string",
                          "delete": "string",
                          "read": "string",
                          "update": "string"
                        }
                      ],
                      "update_time": "string",
                      "version": "number"
                    }
                  ]
                ]
              ],
              "excluded_folder_policy_details": [
                "tuple",
                []
              ]
            }
          ]
        }
      ]
    },
    "Folders_Details": {
      "value": {
        "0": {
          "folder_details": {
            "create_time": "2023-03-11T10:29:10.690Z",
            "display_name": "GCP-KITCHEN",
            "folder_id": "947786407983",
            "id": "folders/947786407983",
            "lifecycle_state": "ACTIVE",
            "name": "folders/947786407983",
            "parent": "organizations/266029443941",
            "timeouts": null
          }
        },
        "1": {
          "folder_details": {
            "create_time": "2023-03-13T10:12:08.141Z",
            "display_name": "Owner",
            "folder_id": "748041782948",
            "id": "folders/748041782948",
            "lifecycle_state": "ACTIVE",
            "name": "folders/748041782948",
            "parent": "folders/947786407983",
            "timeouts": null
          }
        },
        "10": {
          "folder_details": {
            "create_time": "2023-03-13T10:19:24.720Z",
            "display_name": "DEV-NSVC",
            "folder_id": "167977552401",
            "id": "folders/167977552401",
            "lifecycle_state": "ACTIVE",
            "name": "folders/167977552401",
            "parent": "folders/298748250033",
            "timeouts": null
          }
        },
        "2": {
          "folder_details": {
            "create_time": "2023-03-13T10:12:07.967Z",
            "display_name": "Environment",
            "folder_id": "426526036669",
            "id": "folders/426526036669",
            "lifecycle_state": "ACTIVE",
            "name": "folders/426526036669",
            "parent": "folders/947786407983",
            "timeouts": null
          }
        },
        "3": {
          "folder_details": {
            "create_time": "2023-03-13T10:16:25.712Z",
            "display_name": "fldr-o-mgmt",
            "folder_id": "972847342120",
            "id": "folders/972847342120",
            "lifecycle_state": "ACTIVE",
            "name": "folders/972847342120",
            "parent": "folders/748041782948",
            "timeouts": null
          }
        },
        "4": {
          "folder_details": {
            "create_time": "2023-03-13T10:16:26.012Z",
            "display_name": "fldr-o-networking",
            "folder_id": "682220142429",
            "id": "folders/682220142429",
            "lifecycle_state": "ACTIVE",
            "name": "folders/682220142429",
            "parent": "folders/748041782948",
            "timeouts": null
          }
        },
        "5": {
          "folder_details": {
            "create_time": "2023-03-13T10:16:27Z",
            "display_name": "Prod",
            "folder_id": "694291906249",
            "id": "folders/694291906249",
            "lifecycle_state": "ACTIVE",
            "name": "folders/694291906249",
            "parent": "folders/426526036669",
            "timeouts": null
          }
        },
        "6": {
          "folder_details": {
            "create_time": "2023-03-13T10:16:26.883Z",
            "display_name": "Non-Prod",
            "folder_id": "298748250033",
            "id": "folders/298748250033",
            "lifecycle_state": "ACTIVE",
            "name": "folders/298748250033",
            "parent": "folders/426526036669",
            "timeouts": null
          }
        },
        "7": {
          "folder_details": {
            "create_time": "2023-03-13T10:19:27.870Z",
            "display_name": "PRD-SVC",
            "folder_id": "69720531462",
            "id": "folders/69720531462",
            "lifecycle_state": "ACTIVE",
            "name": "folders/69720531462",
            "parent": "folders/694291906249",
            "timeouts": null
          }
        },
        "8": {
          "folder_details": {
            "create_time": "2023-03-13T10:19:27.448Z",
            "display_name": "PRD-NSVC",
            "folder_id": "661733818024",
            "id": "folders/661733818024",
            "lifecycle_state": "ACTIVE",
            "name": "folders/661733818024",
            "parent": "folders/694291906249",
            "timeouts": null
          }
        },
        "9": {
          "folder_details": {
            "create_time": "2023-03-13T10:19:26.398Z",
            "display_name": "UAT-SVC",
            "folder_id": "878055549186",
            "id": "folders/878055549186",
            "lifecycle_state": "ACTIVE",
            "name": "folders/878055549186",
            "parent": "folders/298748250033",
            "timeouts": null
          }
        }
      },
      "type": [
        "object",
        {
          "0": [
            "object",
            {
              "folder_details": [
                "object",
                {
                  "create_time": "string",
                  "display_name": "string",
                  "folder_id": "string",
                  "id": "string",
                  "lifecycle_state": "string",
                  "name": "string",
                  "parent": "string",
                  "timeouts": [
                    "object",
                    {
                      "create": "string",
                      "delete": "string",
                      "read": "string",
                      "update": "string"
                    }
                  ]
                }
              ]
            }
          ],
          "1": [
            "object",
            {
              "folder_details": [
                "object",
                {
                  "create_time": "string",
                  "display_name": "string",
                  "folder_id": "string",
                  "id": "string",
                  "lifecycle_state": "string",
                  "name": "string",
                  "parent": "string",
                  "timeouts": [
                    "object",
                    {
                      "create": "string",
                      "delete": "string",
                      "read": "string",
                      "update": "string"
                    }
                  ]
                }
              ]
            }
          ],
          "10": [
            "object",
            {
              "folder_details": [
                "object",
                {
                  "create_time": "string",
                  "display_name": "string",
                  "folder_id": "string",
                  "id": "string",
                  "lifecycle_state": "string",
                  "name": "string",
                  "parent": "string",
                  "timeouts": [
                    "object",
                    {
                      "create": "string",
                      "delete": "string",
                      "read": "string",
                      "update": "string"
                    }
                  ]
                }
              ]
            }
          ],
          "2": [
            "object",
            {
              "folder_details": [
                "object",
                {
                  "create_time": "string",
                  "display_name": "string",
                  "folder_id": "string",
                  "id": "string",
                  "lifecycle_state": "string",
                  "name": "string",
                  "parent": "string",
                  "timeouts": [
                    "object",
                    {
                      "create": "string",
                      "delete": "string",
                      "read": "string",
                      "update": "string"
                    }
                  ]
                }
              ]
            }
          ],
          "3": [
            "object",
            {
              "folder_details": [
                "object",
                {
                  "create_time": "string",
                  "display_name": "string",
                  "folder_id": "string",
                  "id": "string",
                  "lifecycle_state": "string",
                  "name": "string",
                  "parent": "string",
                  "timeouts": [
                    "object",
                    {
                      "create": "string",
                      "delete": "string",
                      "read": "string",
                      "update": "string"
                    }
                  ]
                }
              ]
            }
          ],
          "4": [
            "object",
            {
              "folder_details": [
                "object",
                {
                  "create_time": "string",
                  "display_name": "string",
                  "folder_id": "string",
                  "id": "string",
                  "lifecycle_state": "string",
                  "name": "string",
                  "parent": "string",
                  "timeouts": [
                    "object",
                    {
                      "create": "string",
                      "delete": "string",
                      "read": "string",
                      "update": "string"
                    }
                  ]
                }
              ]
            }
          ],
          "5": [
            "object",
            {
              "folder_details": [
                "object",
                {
                  "create_time": "string",
                  "display_name": "string",
                  "folder_id": "string",
                  "id": "string",
                  "lifecycle_state": "string",
                  "name": "string",
                  "parent": "string",
                  "timeouts": [
                    "object",
                    {
                      "create": "string",
                      "delete": "string",
                      "read": "string",
                      "update": "string"
                    }
                  ]
                }
              ]
            }
          ],
          "6": [
            "object",
            {
              "folder_details": [
                "object",
                {
                  "create_time": "string",
                  "display_name": "string",
                  "folder_id": "string",
                  "id": "string",
                  "lifecycle_state": "string",
                  "name": "string",
                  "parent": "string",
                  "timeouts": [
                    "object",
                    {
                      "create": "string",
                      "delete": "string",
                      "read": "string",
                      "update": "string"
                    }
                  ]
                }
              ]
            }
          ],
          "7": [
            "object",
            {
              "folder_details": [
                "object",
                {
                  "create_time": "string",
                  "display_name": "string",
                  "folder_id": "string",
                  "id": "string",
                  "lifecycle_state": "string",
                  "name": "string",
                  "parent": "string",
                  "timeouts": [
                    "object",
                    {
                      "create": "string",
                      "delete": "string",
                      "read": "string",
                      "update": "string"
                    }
                  ]
                }
              ]
            }
          ],
          "8": [
            "object",
            {
              "folder_details": [
                "object",
                {
                  "create_time": "string",
                  "display_name": "string",
                  "folder_id": "string",
                  "id": "string",
                  "lifecycle_state": "string",
                  "name": "string",
                  "parent": "string",
                  "timeouts": [
                    "object",
                    {
                      "create": "string",
                      "delete": "string",
                      "read": "string",
                      "update": "string"
                    }
                  ]
                }
              ]
            }
          ],
          "9": [
            "object",
            {
              "folder_details": [
                "object",
                {
                  "create_time": "string",
                  "display_name": "string",
                  "folder_id": "string",
                  "id": "string",
                  "lifecycle_state": "string",
                  "name": "string",
                  "parent": "string",
                  "timeouts": [
                    "object",
                    {
                      "create": "string",
                      "delete": "string",
                      "read": "string",
                      "update": "string"
                    }
                  ]
                }
              ]
            }
          ]
        }
      ]
    },
    "Org_Policy_Details": {
      "value": {
        "0": {
          "allowed_org_policy_details": [
            {
              "boolean_policy": [],
              "constraint": "constraints/gcp.resourceLocations",
              "etag": "CKaQyKAGEMCvxbUD",
              "id": "266029443941/gcp.resourceLocations",
              "list_policy": [
                {
                  "allow": [
                    {
                      "all": false,
                      "values": [
                        "asia-south1",
                        "asia-south2",
                        "europe-north1",
                        "europe-west1",
                        "northamerica-northeast1",
                        "us-central1"
                      ]
                    }
                  ],
                  "deny": [],
                  "inherit_from_parent": false,
                  "suggested_value": ""
                }
              ],
              "org_id": "266029443941",
              "restore_policy": [],
              "timeouts": null,
              "update_time": "2023-03-15T18:02:14.917592Z",
              "version": 0
            }
          ],
          "denied_org_policy_details": []
        },
        "1": {
          "allowed_org_policy_details": [
            {
              "boolean_policy": [],
              "constraint": "constraints/essentialcontacts.allowedContactDomains",
              "etag": "CKjfsqAGEKC65QU=",
              "id": "266029443941/essentialcontacts.allowedContactDomains",
              "list_policy": [
                {
                  "allow": [
                    {
                      "all": false,
                      "values": [
                        "@gcpkitchen.live",
                        "@hcl.com"
                      ]
                    }
                  ],
                  "deny": [],
                  "inherit_from_parent": false,
                  "suggested_value": ""
                }
              ],
              "org_id": "266029443941",
              "restore_policy": [],
              "timeouts": null,
              "update_time": "2023-03-11T16:43:20.012148Z",
              "version": 0
            }
          ],
          "denied_org_policy_details": []
        }
      },
      "type": [
        "object",
        {
          "0": [
            "object",
            {
              "allowed_org_policy_details": [
                "tuple",
                [
                  [
                    "object",
                    {
                      "boolean_policy": [
                        "list",
                        [
                          "object",
                          {
                            "enforced": "bool"
                          }
                        ]
                      ],
                      "constraint": "string",
                      "etag": "string",
                      "id": "string",
                      "list_policy": [
                        "list",
                        [
                          "object",
                          {
                            "allow": [
                              "list",
                              [
                                "object",
                                {
                                  "all": "bool",
                                  "values": [
                                    "set",
                                    "string"
                                  ]
                                }
                              ]
                            ],
                            "deny": [
                              "list",
                              [
                                "object",
                                {
                                  "all": "bool",
                                  "values": [
                                    "set",
                                    "string"
                                  ]
                                }
                              ]
                            ],
                            "inherit_from_parent": "bool",
                            "suggested_value": "string"
                          }
                        ]
                      ],
                      "org_id": "string",
                      "restore_policy": [
                        "list",
                        [
                          "object",
                          {
                            "default": "bool"
                          }
                        ]
                      ],
                      "timeouts": [
                        "object",
                        {
                          "create": "string",
                          "delete": "string",
                          "read": "string",
                          "update": "string"
                        }
                      ],
                      "update_time": "string",
                      "version": "number"
                    }
                  ]
                ]
              ],
              "denied_org_policy_details": [
                "tuple",
                []
              ]
            }
          ],
          "1": [
            "object",
            {
              "allowed_org_policy_details": [
                "tuple",
                [
                  [
                    "object",
                    {
                      "boolean_policy": [
                        "list",
                        [
                          "object",
                          {
                            "enforced": "bool"
                          }
                        ]
                      ],
                      "constraint": "string",
                      "etag": "string",
                      "id": "string",
                      "list_policy": [
                        "list",
                        [
                          "object",
                          {
                            "allow": [
                              "list",
                              [
                                "object",
                                {
                                  "all": "bool",
                                  "values": [
                                    "set",
                                    "string"
                                  ]
                                }
                              ]
                            ],
                            "deny": [
                              "list",
                              [
                                "object",
                                {
                                  "all": "bool",
                                  "values": [
                                    "set",
                                    "string"
                                  ]
                                }
                              ]
                            ],
                            "inherit_from_parent": "bool",
                            "suggested_value": "string"
                          }
                        ]
                      ],
                      "org_id": "string",
                      "restore_policy": [
                        "list",
                        [
                          "object",
                          {
                            "default": "bool"
                          }
                        ]
                      ],
                      "timeouts": [
                        "object",
                        {
                          "create": "string",
                          "delete": "string",
                          "read": "string",
                          "update": "string"
                        }
                      ],
                      "update_time": "string",
                      "version": "number"
                    }
                  ]
                ]
              ],
              "denied_org_policy_details": [
                "tuple",
                []
              ]
            }
          ]
        }
      ]
    }
  },
  "resources": [
    {
      "module": "module.folder_iam_binding[\"0\"]",
      "mode": "managed",
      "type": "google_folder_iam_binding",
      "name": "folder_iam",
      "provider": "provider[\"registry.terraform.io/hashicorp/google\"]",
      "instances": [
        {
          "index_key": 0,
          "schema_version": 0,
          "attributes": {
            "condition": [],
            "etag": "BwX2xYNqn9M=",
            "folder": "folders/748041782948",
            "id": "folders/748041782948/roles/resourcemanager.projectCreator",
            "members": [
              "user:ayush.shukla@hcl.com",
              "user:niketa.kulshrestha@hcl.com",
              "user:parteek.s@hcl.com",
              "user:premkumar-r@hcl.com",
              "user:vandana_sharma@hcl.com"
            ],
            "role": "roles/resourcemanager.projectCreator"
          },
          "sensitive_attributes": [],
          "private": "bnVsbA==",
          "dependencies": [
            "module.folder_iam_members.google_folder_iam_member.folder",
            "module.folders.google_folder.folder"
          ]
        },
        {
          "index_key": 1,
          "schema_version": 0,
          "attributes": {
            "condition": [],
            "etag": "BwX2xYNqn9M=",
            "folder": "folders/748041782948",
            "id": "folders/748041782948/roles/editor",
            "members": [
              "user:ayush.shukla@hcl.com",
              "user:niketa.kulshrestha@hcl.com",
              "user:parteek.s@hcl.com",
              "user:premkumar-r@hcl.com",
              "user:vandana_sharma@hcl.com"
            ],
            "role": "roles/editor"
          },
          "sensitive_attributes": [],
          "private": "bnVsbA==",
          "dependencies": [
            "module.folder_iam_members.google_folder_iam_member.folder",
            "module.folders.google_folder.folder"
          ]
        }
      ]
    },
    {
      "module": "module.folder_iam_members[\"0\"]",
      "mode": "managed",
      "type": "google_folder_iam_member",
      "name": "folder",
      "provider": "provider[\"registry.terraform.io/hashicorp/google\"]",
      "instances": [
        {
          "index_key": 0,
          "schema_version": 0,
          "attributes": {
            "condition": [],
            "etag": "BwX2xYNqn9M=",
            "folder": "folders/748041782948",
            "id": "folders/748041782948/roles/resourcemanager.folderAdmin/user:niketa.kulshrestha@hcl.com",
            "member": "user:niketa.kulshrestha@hcl.com",
            "role": "roles/resourcemanager.folderAdmin"
          },
          "sensitive_attributes": [],
          "private": "bnVsbA==",
          "dependencies": [
            "module.folders.google_folder.folder"
          ]
        },
        {
          "index_key": 1,
          "schema_version": 0,
          "attributes": {
            "condition": [],
            "etag": "BwX2xYNqn9M=",
            "folder": "folders/748041782948",
            "id": "folders/748041782948/roles/resourcemanager.folderAdmin/user:ayush.shukla@hcl.com",
            "member": "user:ayush.shukla@hcl.com",
            "role": "roles/resourcemanager.folderAdmin"
          },
          "sensitive_attributes": [],
          "private": "bnVsbA==",
          "dependencies": [
            "module.folders.google_folder.folder"
          ]
        },
        {
          "index_key": 2,
          "schema_version": 0,
          "attributes": {
            "condition": [],
            "etag": "BwX2xYNqn9M=",
            "folder": "folders/748041782948",
            "id": "folders/748041782948/roles/resourcemanager.folderAdmin/user:parteek.s@hcl.com",
            "member": "user:parteek.s@hcl.com",
            "role": "roles/resourcemanager.folderAdmin"
          },
          "sensitive_attributes": [],
          "private": "bnVsbA==",
          "dependencies": [
            "module.folders.google_folder.folder"
          ]
        },
        {
          "index_key": 3,
          "schema_version": 0,
          "attributes": {
            "condition": [],
            "etag": "BwX2xYNqn9M=",
            "folder": "folders/748041782948",
            "id": "folders/748041782948/roles/resourcemanager.folderAdmin/user:vandana_sharma@hcl.com",
            "member": "user:vandana_sharma@hcl.com",
            "role": "roles/resourcemanager.folderAdmin"
          },
          "sensitive_attributes": [],
          "private": "bnVsbA==",
          "dependencies": [
            "module.folders.google_folder.folder"
          ]
        },
        {
          "index_key": 4,
          "schema_version": 0,
          "attributes": {
            "condition": [],
            "etag": "BwX2xYNqn9M=",
            "folder": "folders/748041782948",
            "id": "folders/748041782948/roles/resourcemanager.folderAdmin/user:premkumar-r@hcl.com",
            "member": "user:premkumar-r@hcl.com",
            "role": "roles/resourcemanager.folderAdmin"
          },
          "sensitive_attributes": [],
          "private": "bnVsbA==",
          "dependencies": [
            "module.folders.google_folder.folder"
          ]
        }
      ]
    },
    {
      "module": "module.folder_iam_members[\"1\"]",
      "mode": "managed",
      "type": "google_folder_iam_member",
      "name": "folder",
      "provider": "provider[\"registry.terraform.io/hashicorp/google\"]",
      "instances": [
        {
          "index_key": 0,
          "schema_version": 0,
          "attributes": {
            "condition": [],
            "etag": "BwX2xYFX8vs=",
            "folder": "folders/298748250033",
            "id": "folders/298748250033/roles/resourcemanager.folderAdmin/user:parteek.s@hcl.com",
            "member": "user:parteek.s@hcl.com",
            "role": "roles/resourcemanager.folderAdmin"
          },
          "sensitive_attributes": [],
          "private": "bnVsbA==",
          "dependencies": [
            "module.folders.google_folder.folder"
          ]
        }
      ]
    },
    {
      "module": "module.folder_iam_members[\"2\"]",
      "mode": "managed",
      "type": "google_folder_iam_member",
      "name": "folder",
      "provider": "provider[\"registry.terraform.io/hashicorp/google\"]",
      "instances": [
        {
          "index_key": 0,
          "schema_version": 0,
          "attributes": {
            "condition": [],
            "etag": "BwX2xYFkMv4=",
            "folder": "folders/694291906249",
            "id": "folders/694291906249/roles/resourcemanager.folderAdmin/user:vandana_sharma@hcl.com",
            "member": "user:vandana_sharma@hcl.com",
            "role": "roles/resourcemanager.folderAdmin"
          },
          "sensitive_attributes": [],
          "private": "bnVsbA==",
          "dependencies": [
            "module.folders.google_folder.folder"
          ]
        }
      ]
    },
    {
      "module": "module.folder_policy[\"0\"]",
      "mode": "managed",
      "type": "google_folder_organization_policy",
      "name": "folder_policy_list_allow_values",
      "provider": "provider[\"registry.terraform.io/hashicorp/google\"]",
      "instances": [
        {
          "index_key": 0,
          "schema_version": 0,
          "attributes": {
            "boolean_policy": [],
            "constraint": "constraints/gcp.resourceLocations",
            "etag": "COSV06AGEJDU5v4C",
            "folder": "694291906249",
            "id": "694291906249/gcp.resourceLocations",
            "list_policy": [
              {
                "allow": [
                  {
                    "all": false,
                    "values": [
                      "europe-north1",
                      "europe-west1",
                      "northamerica-northeast1",
                      "us-central1"
                    ]
                  }
                ],
                "deny": [],
                "inherit_from_parent": false,
                "suggested_value": ""
              }
            ],
            "restore_policy": [],
            "timeouts": null,
            "update_time": "2023-03-17T20:17:40.802794Z",
            "version": 0
          },
          "sensitive_attributes": [],
          "private": "eyJlMmJmYjczMC1lY2FhLTExZTYtOGY4OC0zNDM2M2JjN2M0YzAiOnsiY3JlYXRlIjoyNDAwMDAwMDAwMDAsImRlbGV0ZSI6MjQwMDAwMDAwMDAwLCJyZWFkIjoyNDAwMDAwMDAwMDAsInVwZGF0ZSI6MjQwMDAwMDAwMDAwfX0=",
          "dependencies": [
            "module.folders.google_folder.folder"
          ]
        }
      ]
    },
    {
      "module": "module.folder_policy[\"1\"]",
      "mode": "managed",
      "type": "google_folder_organization_policy",
      "name": "folder_policy_list_allow_values",
      "provider": "provider[\"registry.terraform.io/hashicorp/google\"]",
      "instances": [
        {
          "index_key": 0,
          "schema_version": 0,
          "attributes": {
            "boolean_policy": [],
            "constraint": "constraints/gcp.resourceLocations",
            "etag": "COSV06AGEIiV6/8C",
            "folder": "298748250033",
            "id": "298748250033/gcp.resourceLocations",
            "list_policy": [
              {
                "allow": [
                  {
                    "all": false,
                    "values": [
                      "asia-south1",
                      "asia-south2"
                    ]
                  }
                ],
                "deny": [],
                "inherit_from_parent": false,
                "suggested_value": ""
              }
            ],
            "restore_policy": [],
            "timeouts": null,
            "update_time": "2023-03-17T20:17:40.804965Z",
            "version": 0
          },
          "sensitive_attributes": [],
          "private": "eyJlMmJmYjczMC1lY2FhLTExZTYtOGY4OC0zNDM2M2JjN2M0YzAiOnsiY3JlYXRlIjoyNDAwMDAwMDAwMDAsImRlbGV0ZSI6MjQwMDAwMDAwMDAwLCJyZWFkIjoyNDAwMDAwMDAwMDAsInVwZGF0ZSI6MjQwMDAwMDAwMDAwfX0=",
          "dependencies": [
            "module.folders.google_folder.folder"
          ]
        }
      ]
    },
    {
      "module": "module.folder_policy[\"2\"]",
      "mode": "managed",
      "type": "google_folder_organization_policy",
      "name": "folder_policy_list_allow_values",
      "provider": "provider[\"registry.terraform.io/hashicorp/google\"]",
      "instances": [
        {
          "index_key": 0,
          "schema_version": 0,
          "attributes": {
            "boolean_policy": [],
            "constraint": "constraints/compute.trustedImageProjects",
            "etag": "CK7zu6AGEIi+Ig==",
            "folder": "694291906249",
            "id": "694291906249/compute.trustedImageProjects",
            "list_policy": [
              {
                "allow": [
                  {
                    "all": false,
                    "values": [
                      "projects/debian-cloud",
                      "projects/rhel-cloud",
                      "projects/ubuntu-os-cloud",
                      "projects/windows-cloud",
                      "projects/windows-sql-cloud"
                    ]
                  }
                ],
                "deny": [],
                "inherit_from_parent": false,
                "suggested_value": ""
              }
            ],
            "restore_policy": [],
            "timeouts": null,
            "update_time": "2023-03-13T10:23:42.000565Z",
            "version": 0
          },
          "sensitive_attributes": [],
          "private": "eyJlMmJmYjczMC1lY2FhLTExZTYtOGY4OC0zNDM2M2JjN2M0YzAiOnsiY3JlYXRlIjoyNDAwMDAwMDAwMDAsImRlbGV0ZSI6MjQwMDAwMDAwMDAwLCJyZWFkIjoyNDAwMDAwMDAwMDAsInVwZGF0ZSI6MjQwMDAwMDAwMDAwfX0=",
          "dependencies": [
            "module.folders.google_folder.folder"
          ]
        }
      ]
    },
    {
      "module": "module.folder_policy[\"3\"]",
      "mode": "managed",
      "type": "google_folder_organization_policy",
      "name": "folder_policy_list_allow_values",
      "provider": "provider[\"registry.terraform.io/hashicorp/google\"]",
      "instances": [
        {
          "index_key": 0,
          "schema_version": 0,
          "attributes": {
            "boolean_policy": [],
            "constraint": "constraints/compute.trustedImageProjects",
            "etag": "CK7zu6AGENjrlQE=",
            "folder": "298748250033",
            "id": "298748250033/compute.trustedImageProjects",
            "list_policy": [
              {
                "allow": [
                  {
                    "all": false,
                    "values": [
                      "projects/rhel-cloud",
                      "projects/ubuntu-os-cloud",
                      "projects/windows-cloud"
                    ]
                  }
                ],
                "deny": [],
                "inherit_from_parent": false,
                "suggested_value": ""
              }
            ],
            "restore_policy": [],
            "timeouts": null,
            "update_time": "2023-03-13T10:23:42.002455Z",
            "version": 0
          },
          "sensitive_attributes": [],
          "private": "eyJlMmJmYjczMC1lY2FhLTExZTYtOGY4OC0zNDM2M2JjN2M0YzAiOnsiY3JlYXRlIjoyNDAwMDAwMDAwMDAsImRlbGV0ZSI6MjQwMDAwMDAwMDAwLCJyZWFkIjoyNDAwMDAwMDAwMDAsInVwZGF0ZSI6MjQwMDAwMDAwMDAwfX0=",
          "dependencies": [
            "module.folders.google_folder.folder"
          ]
        }
      ]
    },
    {
      "module": "module.folder_policy[\"4\"]",
      "mode": "managed",
      "type": "google_folder_organization_policy",
      "name": "folder_policy_list_deny_all",
      "provider": "provider[\"registry.terraform.io/hashicorp/google\"]",
      "instances": [
        {
          "index_key": 0,
          "schema_version": 0,
          "attributes": {
            "boolean_policy": [],
            "constraint": "constraints/compute.vmExternalIpAccess",
            "etag": "CK/zu6AGEPimiu4B",
            "folder": "426526036669",
            "id": "426526036669/compute.vmExternalIpAccess",
            "list_policy": [
              {
                "allow": [],
                "deny": [
                  {
                    "all": true,
                    "values": []
                  }
                ],
                "inherit_from_parent": false,
                "suggested_value": ""
              }
            ],
            "restore_policy": [],
            "timeouts": null,
            "update_time": "2023-03-13T10:23:43.499291Z",
            "version": 0
          },
          "sensitive_attributes": [],
          "private": "eyJlMmJmYjczMC1lY2FhLTExZTYtOGY4OC0zNDM2M2JjN2M0YzAiOnsiY3JlYXRlIjoyNDAwMDAwMDAwMDAsImRlbGV0ZSI6MjQwMDAwMDAwMDAwLCJyZWFkIjoyNDAwMDAwMDAwMDAsInVwZGF0ZSI6MjQwMDAwMDAwMDAwfX0=",
          "dependencies": [
            "module.folders.google_folder.folder"
          ]
        }
      ]
    },
    {
      "module": "module.folders[\"0\"]",
      "mode": "managed",
      "type": "google_folder",
      "name": "folder",
      "provider": "provider[\"registry.terraform.io/hashicorp/google\"]",
      "instances": [
        {
          "schema_version": 0,
          "attributes": {
            "create_time": "2023-03-11T10:29:10.690Z",
            "display_name": "GCP-KITCHEN",
            "folder_id": "947786407983",
            "id": "folders/947786407983",
            "lifecycle_state": "ACTIVE",
            "name": "folders/947786407983",
            "parent": "organizations/266029443941",
            "timeouts": null
          },
          "sensitive_attributes": [],
          "private": "eyJlMmJmYjczMC1lY2FhLTExZTYtOGY4OC0zNDM2M2JjN2M0YzAiOnsiY3JlYXRlIjoyNDAwMDAwMDAwMDAsImRlbGV0ZSI6MjQwMDAwMDAwMDAwLCJyZWFkIjoyNDAwMDAwMDAwMDAsInVwZGF0ZSI6MjQwMDAwMDAwMDAwfX0="
        }
      ]
    },
    {
      "module": "module.folders[\"1\"]",
      "mode": "managed",
      "type": "google_folder",
      "name": "folder",
      "provider": "provider[\"registry.terraform.io/hashicorp/google\"]",
      "instances": [
        {
          "schema_version": 0,
          "attributes": {
            "create_time": "2023-03-13T10:12:08.141Z",
            "display_name": "Owner",
            "folder_id": "748041782948",
            "id": "folders/748041782948",
            "lifecycle_state": "ACTIVE",
            "name": "folders/748041782948",
            "parent": "folders/947786407983",
            "timeouts": null
          },
          "sensitive_attributes": [],
          "private": "eyJlMmJmYjczMC1lY2FhLTExZTYtOGY4OC0zNDM2M2JjN2M0YzAiOnsiY3JlYXRlIjoyNDAwMDAwMDAwMDAsImRlbGV0ZSI6MjQwMDAwMDAwMDAwLCJyZWFkIjoyNDAwMDAwMDAwMDAsInVwZGF0ZSI6MjQwMDAwMDAwMDAwfX0="
        }
      ]
    },
    {
      "module": "module.folders[\"10\"]",
      "mode": "managed",
      "type": "google_folder",
      "name": "folder",
      "provider": "provider[\"registry.terraform.io/hashicorp/google\"]",
      "instances": [
        {
          "schema_version": 0,
          "attributes": {
            "create_time": "2023-03-13T10:19:24.720Z",
            "display_name": "DEV-NSVC",
            "folder_id": "167977552401",
            "id": "folders/167977552401",
            "lifecycle_state": "ACTIVE",
            "name": "folders/167977552401",
            "parent": "folders/298748250033",
            "timeouts": null
          },
          "sensitive_attributes": [],
          "private": "eyJlMmJmYjczMC1lY2FhLTExZTYtOGY4OC0zNDM2M2JjN2M0YzAiOnsiY3JlYXRlIjoyNDAwMDAwMDAwMDAsImRlbGV0ZSI6MjQwMDAwMDAwMDAwLCJyZWFkIjoyNDAwMDAwMDAwMDAsInVwZGF0ZSI6MjQwMDAwMDAwMDAwfX0="
        }
      ]
    },
    {
      "module": "module.folders[\"2\"]",
      "mode": "managed",
      "type": "google_folder",
      "name": "folder",
      "provider": "provider[\"registry.terraform.io/hashicorp/google\"]",
      "instances": [
        {
          "schema_version": 0,
          "attributes": {
            "create_time": "2023-03-13T10:12:07.967Z",
            "display_name": "Environment",
            "folder_id": "426526036669",
            "id": "folders/426526036669",
            "lifecycle_state": "ACTIVE",
            "name": "folders/426526036669",
            "parent": "folders/947786407983",
            "timeouts": null
          },
          "sensitive_attributes": [],
          "private": "eyJlMmJmYjczMC1lY2FhLTExZTYtOGY4OC0zNDM2M2JjN2M0YzAiOnsiY3JlYXRlIjoyNDAwMDAwMDAwMDAsImRlbGV0ZSI6MjQwMDAwMDAwMDAwLCJyZWFkIjoyNDAwMDAwMDAwMDAsInVwZGF0ZSI6MjQwMDAwMDAwMDAwfX0="
        }
      ]
    },
    {
      "module": "module.folders[\"3\"]",
      "mode": "managed",
      "type": "google_folder",
      "name": "folder",
      "provider": "provider[\"registry.terraform.io/hashicorp/google\"]",
      "instances": [
        {
          "schema_version": 0,
          "attributes": {
            "create_time": "2023-03-13T10:16:25.712Z",
            "display_name": "fldr-o-mgmt",
            "folder_id": "972847342120",
            "id": "folders/972847342120",
            "lifecycle_state": "ACTIVE",
            "name": "folders/972847342120",
            "parent": "folders/748041782948",
            "timeouts": null
          },
          "sensitive_attributes": [],
          "private": "eyJlMmJmYjczMC1lY2FhLTExZTYtOGY4OC0zNDM2M2JjN2M0YzAiOnsiY3JlYXRlIjoyNDAwMDAwMDAwMDAsImRlbGV0ZSI6MjQwMDAwMDAwMDAwLCJyZWFkIjoyNDAwMDAwMDAwMDAsInVwZGF0ZSI6MjQwMDAwMDAwMDAwfX0="
        }
      ]
    },
    {
      "module": "module.folders[\"4\"]",
      "mode": "managed",
      "type": "google_folder",
      "name": "folder",
      "provider": "provider[\"registry.terraform.io/hashicorp/google\"]",
      "instances": [
        {
          "schema_version": 0,
          "attributes": {
            "create_time": "2023-03-13T10:16:26.012Z",
            "display_name": "fldr-o-networking",
            "folder_id": "682220142429",
            "id": "folders/682220142429",
            "lifecycle_state": "ACTIVE",
            "name": "folders/682220142429",
            "parent": "folders/748041782948",
            "timeouts": null
          },
          "sensitive_attributes": [],
          "private": "eyJlMmJmYjczMC1lY2FhLTExZTYtOGY4OC0zNDM2M2JjN2M0YzAiOnsiY3JlYXRlIjoyNDAwMDAwMDAwMDAsImRlbGV0ZSI6MjQwMDAwMDAwMDAwLCJyZWFkIjoyNDAwMDAwMDAwMDAsInVwZGF0ZSI6MjQwMDAwMDAwMDAwfX0="
        }
      ]
    },
    {
      "module": "module.folders[\"5\"]",
      "mode": "managed",
      "type": "google_folder",
      "name": "folder",
      "provider": "provider[\"registry.terraform.io/hashicorp/google\"]",
      "instances": [
        {
          "schema_version": 0,
          "attributes": {
            "create_time": "2023-03-13T10:16:27Z",
            "display_name": "Prod",
            "folder_id": "694291906249",
            "id": "folders/694291906249",
            "lifecycle_state": "ACTIVE",
            "name": "folders/694291906249",
            "parent": "folders/426526036669",
            "timeouts": null
          },
          "sensitive_attributes": [],
          "private": "eyJlMmJmYjczMC1lY2FhLTExZTYtOGY4OC0zNDM2M2JjN2M0YzAiOnsiY3JlYXRlIjoyNDAwMDAwMDAwMDAsImRlbGV0ZSI6MjQwMDAwMDAwMDAwLCJyZWFkIjoyNDAwMDAwMDAwMDAsInVwZGF0ZSI6MjQwMDAwMDAwMDAwfX0="
        }
      ]
    },
    {
      "module": "module.folders[\"6\"]",
      "mode": "managed",
      "type": "google_folder",
      "name": "folder",
      "provider": "provider[\"registry.terraform.io/hashicorp/google\"]",
      "instances": [
        {
          "schema_version": 0,
          "attributes": {
            "create_time": "2023-03-13T10:16:26.883Z",
            "display_name": "Non-Prod",
            "folder_id": "298748250033",
            "id": "folders/298748250033",
            "lifecycle_state": "ACTIVE",
            "name": "folders/298748250033",
            "parent": "folders/426526036669",
            "timeouts": null
          },
          "sensitive_attributes": [],
          "private": "eyJlMmJmYjczMC1lY2FhLTExZTYtOGY4OC0zNDM2M2JjN2M0YzAiOnsiY3JlYXRlIjoyNDAwMDAwMDAwMDAsImRlbGV0ZSI6MjQwMDAwMDAwMDAwLCJyZWFkIjoyNDAwMDAwMDAwMDAsInVwZGF0ZSI6MjQwMDAwMDAwMDAwfX0="
        }
      ]
    },
    {
      "module": "module.folders[\"7\"]",
      "mode": "managed",
      "type": "google_folder",
      "name": "folder",
      "provider": "provider[\"registry.terraform.io/hashicorp/google\"]",
      "instances": [
        {
          "schema_version": 0,
          "attributes": {
            "create_time": "2023-03-13T10:19:27.870Z",
            "display_name": "PRD-SVC",
            "folder_id": "69720531462",
            "id": "folders/69720531462",
            "lifecycle_state": "ACTIVE",
            "name": "folders/69720531462",
            "parent": "folders/694291906249",
            "timeouts": null
          },
          "sensitive_attributes": [],
          "private": "eyJlMmJmYjczMC1lY2FhLTExZTYtOGY4OC0zNDM2M2JjN2M0YzAiOnsiY3JlYXRlIjoyNDAwMDAwMDAwMDAsImRlbGV0ZSI6MjQwMDAwMDAwMDAwLCJyZWFkIjoyNDAwMDAwMDAwMDAsInVwZGF0ZSI6MjQwMDAwMDAwMDAwfX0="
        }
      ]
    },
    {
      "module": "module.folders[\"8\"]",
      "mode": "managed",
      "type": "google_folder",
      "name": "folder",
      "provider": "provider[\"registry.terraform.io/hashicorp/google\"]",
      "instances": [
        {
          "schema_version": 0,
          "attributes": {
            "create_time": "2023-03-13T10:19:27.448Z",
            "display_name": "PRD-NSVC",
            "folder_id": "661733818024",
            "id": "folders/661733818024",
            "lifecycle_state": "ACTIVE",
            "name": "folders/661733818024",
            "parent": "folders/694291906249",
            "timeouts": null
          },
          "sensitive_attributes": [],
          "private": "eyJlMmJmYjczMC1lY2FhLTExZTYtOGY4OC0zNDM2M2JjN2M0YzAiOnsiY3JlYXRlIjoyNDAwMDAwMDAwMDAsImRlbGV0ZSI6MjQwMDAwMDAwMDAwLCJyZWFkIjoyNDAwMDAwMDAwMDAsInVwZGF0ZSI6MjQwMDAwMDAwMDAwfX0="
        }
      ]
    },
    {
      "module": "module.folders[\"9\"]",
      "mode": "managed",
      "type": "google_folder",
      "name": "folder",
      "provider": "provider[\"registry.terraform.io/hashicorp/google\"]",
      "instances": [
        {
          "schema_version": 0,
          "attributes": {
            "create_time": "2023-03-13T10:19:26.398Z",
            "display_name": "UAT-SVC",
            "folder_id": "878055549186",
            "id": "folders/878055549186",
            "lifecycle_state": "ACTIVE",
            "name": "folders/878055549186",
            "parent": "folders/298748250033",
            "timeouts": null
          },
          "sensitive_attributes": [],
          "private": "eyJlMmJmYjczMC1lY2FhLTExZTYtOGY4OC0zNDM2M2JjN2M0YzAiOnsiY3JlYXRlIjoyNDAwMDAwMDAwMDAsImRlbGV0ZSI6MjQwMDAwMDAwMDAwLCJyZWFkIjoyNDAwMDAwMDAwMDAsInVwZGF0ZSI6MjQwMDAwMDAwMDAwfX0="
        }
      ]
    },
    {
      "module": "module.org_policy[\"0\"]",
      "mode": "managed",
      "type": "google_organization_policy",
      "name": "org_policy_list_allow_values",
      "provider": "provider[\"registry.terraform.io/hashicorp/google\"]",
      "instances": [
        {
          "index_key": 0,
          "schema_version": 0,
          "attributes": {
            "boolean_policy": [],
            "constraint": "constraints/gcp.resourceLocations",
            "etag": "COSV06AGEPjxqYID",
            "id": "266029443941/gcp.resourceLocations",
            "list_policy": [
              {
                "allow": [
                  {
                    "all": false,
                    "values": [
                      "asia-south1",
                      "asia-south2",
                      "europe-north1",
                      "europe-west1",
                      "northamerica-northeast1",
                      "us-central1"
                    ]
                  }
                ],
                "deny": [],
                "inherit_from_parent": false,
                "suggested_value": ""
              }
            ],
            "org_id": "266029443941",
            "restore_policy": [],
            "timeouts": null,
            "update_time": "2023-03-17T20:17:40.810187Z",
            "version": 0
          },
          "sensitive_attributes": [],
          "private": "eyJlMmJmYjczMC1lY2FhLTExZTYtOGY4OC0zNDM2M2JjN2M0YzAiOnsiY3JlYXRlIjoyNDAwMDAwMDAwMDAsImRlbGV0ZSI6MjQwMDAwMDAwMDAwLCJyZWFkIjoyNDAwMDAwMDAwMDAsInVwZGF0ZSI6MjQwMDAwMDAwMDAwfX0=",
          "dependencies": [
            "module.folders.google_folder.folder"
          ]
        }
      ]
    },
    {
      "module": "module.org_policy[\"1\"]",
      "mode": "managed",
      "type": "google_organization_policy",
      "name": "org_policy_list_allow_values",
      "provider": "provider[\"registry.terraform.io/hashicorp/google\"]",
      "instances": [
        {
          "index_key": 0,
          "schema_version": 0,
          "attributes": {
            "boolean_policy": [],
            "constraint": "constraints/essentialcontacts.allowedContactDomains",
            "etag": "CKjfsqAGEKC65QU=",
            "id": "266029443941/essentialcontacts.allowedContactDomains",
            "list_policy": [
              {
                "allow": [
                  {
                    "all": false,
                    "values": [
                      "@gcpkitchen.live",
                      "@hcl.com"
                    ]
                  }
                ],
                "deny": [],
                "inherit_from_parent": false,
                "suggested_value": ""
              }
            ],
            "org_id": "266029443941",
            "restore_policy": [],
            "timeouts": null,
            "update_time": "2023-03-11T16:43:20.012148Z",
            "version": 0
          },
          "sensitive_attributes": [],
          "private": "eyJlMmJmYjczMC1lY2FhLTExZTYtOGY4OC0zNDM2M2JjN2M0YzAiOnsiY3JlYXRlIjoyNDAwMDAwMDAwMDAsImRlbGV0ZSI6MjQwMDAwMDAwMDAwLCJyZWFkIjoyNDAwMDAwMDAwMDAsInVwZGF0ZSI6MjQwMDAwMDAwMDAwfX0=",
          "dependencies": [
            "module.folders.google_folder.folder"
          ]
        }
      ]
    }
  ],
  "check_results": null
}
